{
  "version": 4,
  "terraform_version": "1.0.7",
  "serial": 102,
  "lineage": "a77cbfa6-b35c-259f-aa0f-917822b4bcf8",
  "outputs": {},
  "resources": [
    {
      "mode": "data",
      "type": "aws_eks_cluster",
      "name": "cluster",
      "provider": "provider[\"registry.terraform.io/hashicorp/aws\"]",
      "instances": [
        {
          "schema_version": 0,
          "attributes": {
            "arn": "arn:aws:eks:eu-north-1:245582572290:cluster/kubeflow",
            "certificate_authority": [
              {
                "data": "LS0tLS1CRUdJTiBDRVJUSUZJQ0FURS0tLS0tCk1JSUM1ekNDQWMrZ0F3SUJBZ0lCQURBTkJna3Foa2lHOXcwQkFRc0ZBREFWTVJNd0VRWURWUVFERXdwcmRXSmwKY201bGRHVnpNQjRYRFRJeE1Ea3lOekV6TXpjek9Wb1hEVE14TURreU5URXpNemN6T1Zvd0ZURVRNQkVHQTFVRQpBeE1LYTNWaVpYSnVaWFJsY3pDQ0FTSXdEUVlKS29aSWh2Y05BUUVCQlFBRGdnRVBBRENDQVFvQ2dnRUJBTzMyCk5pbUR4YWRJWllNVTRrVll6MDFSN1pYS3VKeFpUSFIrYmNmQ1ZHS3dZbXA3WjdsV00wU1JKVWxXcmpVMzdOcFQKSE5vUVBzdHBJbWlTeUZoeEJINDd1MEJNTkxUaDUrYzMyOXBMMEtlOGlTZGxjNHU0bUY2cjE4cUpnUW5YV28zUgpLYVl6eXZIL0xIYUliVWIwdkFLaW1Fd3dTNjBYb295K0RmTWdtM3VyWC9ZWHk2RGtwVDU2cnJ2a1kzS3ByNFd2CkZJbHFvcmpoMWNTd1BUOTdiaVRvM2VrZlI2OUhkTFM4b2tZVnRnNldFQlMxR2JxTloxaS96UTRxbXZwblY0NWcKT2ZWN2dDNm9qWlpXbk9YNktSZGszamhQeGc0bUJYVmh1d1o2cURDZ2lST1pIcWxoelNwQjc3cXN6enlZbm9OVApxWlJQTmNGQWJYeXIyKzYzNFA4Q0F3RUFBYU5DTUVBd0RnWURWUjBQQVFIL0JBUURBZ0trTUE4R0ExVWRFd0VCCi93UUZNQU1CQWY4d0hRWURWUjBPQkJZRUZJMFlYYklCcUVlSDdXS2xXbmpUTTBHMU15Wk5NQTBHQ1NxR1NJYjMKRFFFQkN3VUFBNElCQVFEa1FpVjFhMDYvR3lxRTkvVWdodkZBeGF3TXNVNldKWEFjMzdzTGRBMWNBSEdqT3hEeQoweG0xdXhhL0NXNFI0dklJWVY3STV3WGV0c2VTZUEwNGFqMVRjNEM2SEZXQ0IwTzN3QnJJd0lZNmVaU1BzRUFXCnlGT0FpRlhYYjlCQS96RThqMFI5bE5CK0kxMllscnVwVDIvUktwS3JPRFJJZGpINHVvQ2JTdWJBcTdYNGp3d2sKR20zMG1xWTZiVmQ0MEtZZHRuZjd0bTZlejlNcmFGcEtxYjhRVGZld1N4RE9TV2xSNEJteUc3cHBhemRMb2pqcApEMW4vR0d4dkphSGNWV1BRdDdzT1VZYzB5cUVGVWZkcFVOYzg5UE5mVXNDWFlOM2thdlhXaHcxS1VEOXNBSGhaCi9vWVNQeTVBQklTMVBhQXdSN1luVnREVUJHbUNRc2JZM0U3NQotLS0tLUVORCBDRVJUSUZJQ0FURS0tLS0tCg=="
              }
            ],
            "created_at": "2021-09-27 13:30:58.929 +0000 UTC",
            "enabled_cluster_log_types": [],
            "endpoint": "https://EF1B32B1F3A212B54EC05620F1307069.yl4.eu-north-1.eks.amazonaws.com",
            "id": "kubeflow",
            "identity": [
              {
                "oidc": [
                  {
                    "issuer": "https://oidc.eks.eu-north-1.amazonaws.com/id/EF1B32B1F3A212B54EC05620F1307069"
                  }
                ]
              }
            ],
            "kubernetes_network_config": [
              {
                "service_ipv4_cidr": "172.20.0.0/16"
              }
            ],
            "name": "kubeflow",
            "platform_version": "eks.2",
            "role_arn": "arn:aws:iam::245582572290:role/kubeflow20210927131820884500000001",
            "status": "ACTIVE",
            "tags": {
              "ENV": "development",
              "Environment": "development",
              "OWNER": "rgimadiev",
              "PRJ": "SAK",
              "Project": "sak"
            },
            "version": "1.21",
            "vpc_config": [
              {
                "cluster_security_group_id": "sg-0826eb467ceada5c2",
                "endpoint_private_access": false,
                "endpoint_public_access": true,
                "public_access_cidrs": [
                  "0.0.0.0/0"
                ],
                "security_group_ids": [
                  "sg-0cda9f254a14418b4"
                ],
                "subnet_ids": [
                  "subnet-00a09def3ac09c75e",
                  "subnet-0c0e47accfeee3b64"
                ],
                "vpc_id": "vpc-0e48f18b16abfbd9b"
              }
            ]
          },
          "sensitive_attributes": []
        }
      ]
    },
    {
      "mode": "data",
      "type": "aws_eks_cluster_auth",
      "name": "cluster",
      "provider": "provider[\"registry.terraform.io/hashicorp/aws\"]",
      "instances": [
        {
          "schema_version": 0,
          "attributes": {
            "id": "kubeflow",
            "name": "kubeflow",
            "token": "k8s-aws-v1.aHR0cHM6Ly9zdHMuYW1hem9uYXdzLmNvbS8_QWN0aW9uPUdldENhbGxlcklkZW50aXR5JlZlcnNpb249MjAxMS0wNi0xNSZYLUFtei1BbGdvcml0aG09QVdTNC1ITUFDLVNIQTI1NiZYLUFtei1DcmVkZW50aWFsPUFLSUFUU0xPNFZNQkVNQzJSTzdQJTJGMjAyMTA5MjglMkZ1cy1lYXN0LTElMkZzdHMlMkZhd3M0X3JlcXVlc3QmWC1BbXotRGF0ZT0yMDIxMDkyOFQxMTAzNDhaJlgtQW16LUV4cGlyZXM9MCZYLUFtei1TaWduZWRIZWFkZXJzPWhvc3QlM0J4LWs4cy1hd3MtaWQmWC1BbXotU2lnbmF0dXJlPTBjNjVlNzg4Zjg3NTdmYmFhNTJlMzNmYmI2YWE1MDdlNjI2YmQ0ZGQ4M2JlYmYyZWU4MjY0ZGYyNGRmMzkyNjY"
          },
          "sensitive_attributes": []
        }
      ]
    },
    {
      "module": "module.argocd",
      "mode": "data",
      "type": "aws_eks_cluster",
      "name": "this",
      "provider": "provider[\"registry.terraform.io/hashicorp/aws\"]",
      "instances": [
        {
          "schema_version": 0,
          "attributes": {
            "arn": "arn:aws:eks:eu-north-1:245582572290:cluster/kubeflow",
            "certificate_authority": [
              {
                "data": "LS0tLS1CRUdJTiBDRVJUSUZJQ0FURS0tLS0tCk1JSUM1ekNDQWMrZ0F3SUJBZ0lCQURBTkJna3Foa2lHOXcwQkFRc0ZBREFWTVJNd0VRWURWUVFERXdwcmRXSmwKY201bGRHVnpNQjRYRFRJeE1Ea3lOekV6TXpjek9Wb1hEVE14TURreU5URXpNemN6T1Zvd0ZURVRNQkVHQTFVRQpBeE1LYTNWaVpYSnVaWFJsY3pDQ0FTSXdEUVlKS29aSWh2Y05BUUVCQlFBRGdnRVBBRENDQVFvQ2dnRUJBTzMyCk5pbUR4YWRJWllNVTRrVll6MDFSN1pYS3VKeFpUSFIrYmNmQ1ZHS3dZbXA3WjdsV00wU1JKVWxXcmpVMzdOcFQKSE5vUVBzdHBJbWlTeUZoeEJINDd1MEJNTkxUaDUrYzMyOXBMMEtlOGlTZGxjNHU0bUY2cjE4cUpnUW5YV28zUgpLYVl6eXZIL0xIYUliVWIwdkFLaW1Fd3dTNjBYb295K0RmTWdtM3VyWC9ZWHk2RGtwVDU2cnJ2a1kzS3ByNFd2CkZJbHFvcmpoMWNTd1BUOTdiaVRvM2VrZlI2OUhkTFM4b2tZVnRnNldFQlMxR2JxTloxaS96UTRxbXZwblY0NWcKT2ZWN2dDNm9qWlpXbk9YNktSZGszamhQeGc0bUJYVmh1d1o2cURDZ2lST1pIcWxoelNwQjc3cXN6enlZbm9OVApxWlJQTmNGQWJYeXIyKzYzNFA4Q0F3RUFBYU5DTUVBd0RnWURWUjBQQVFIL0JBUURBZ0trTUE4R0ExVWRFd0VCCi93UUZNQU1CQWY4d0hRWURWUjBPQkJZRUZJMFlYYklCcUVlSDdXS2xXbmpUTTBHMU15Wk5NQTBHQ1NxR1NJYjMKRFFFQkN3VUFBNElCQVFEa1FpVjFhMDYvR3lxRTkvVWdodkZBeGF3TXNVNldKWEFjMzdzTGRBMWNBSEdqT3hEeQoweG0xdXhhL0NXNFI0dklJWVY3STV3WGV0c2VTZUEwNGFqMVRjNEM2SEZXQ0IwTzN3QnJJd0lZNmVaU1BzRUFXCnlGT0FpRlhYYjlCQS96RThqMFI5bE5CK0kxMllscnVwVDIvUktwS3JPRFJJZGpINHVvQ2JTdWJBcTdYNGp3d2sKR20zMG1xWTZiVmQ0MEtZZHRuZjd0bTZlejlNcmFGcEtxYjhRVGZld1N4RE9TV2xSNEJteUc3cHBhemRMb2pqcApEMW4vR0d4dkphSGNWV1BRdDdzT1VZYzB5cUVGVWZkcFVOYzg5UE5mVXNDWFlOM2thdlhXaHcxS1VEOXNBSGhaCi9vWVNQeTVBQklTMVBhQXdSN1luVnREVUJHbUNRc2JZM0U3NQotLS0tLUVORCBDRVJUSUZJQ0FURS0tLS0tCg=="
              }
            ],
            "created_at": "2021-09-27 13:30:58.929 +0000 UTC",
            "enabled_cluster_log_types": [],
            "endpoint": "https://EF1B32B1F3A212B54EC05620F1307069.yl4.eu-north-1.eks.amazonaws.com",
            "id": "kubeflow",
            "identity": [
              {
                "oidc": [
                  {
                    "issuer": "https://oidc.eks.eu-north-1.amazonaws.com/id/EF1B32B1F3A212B54EC05620F1307069"
                  }
                ]
              }
            ],
            "kubernetes_network_config": [
              {
                "service_ipv4_cidr": "172.20.0.0/16"
              }
            ],
            "name": "kubeflow",
            "platform_version": "eks.2",
            "role_arn": "arn:aws:iam::245582572290:role/kubeflow20210927131820884500000001",
            "status": "ACTIVE",
            "tags": {
              "ENV": "development",
              "Environment": "development",
              "OWNER": "rgimadiev",
              "PRJ": "SAK",
              "Project": "sak"
            },
            "version": "1.21",
            "vpc_config": [
              {
                "cluster_security_group_id": "sg-0826eb467ceada5c2",
                "endpoint_private_access": false,
                "endpoint_public_access": true,
                "public_access_cidrs": [
                  "0.0.0.0/0"
                ],
                "security_group_ids": [
                  "sg-0cda9f254a14418b4"
                ],
                "subnet_ids": [
                  "subnet-00a09def3ac09c75e",
                  "subnet-0c0e47accfeee3b64"
                ],
                "vpc_id": "vpc-0e48f18b16abfbd9b"
              }
            ]
          },
          "sensitive_attributes": []
        }
      ]
    },
    {
      "module": "module.argocd",
      "mode": "data",
      "type": "aws_iam_policy_document",
      "name": "this",
      "provider": "provider[\"registry.terraform.io/hashicorp/aws\"]",
      "instances": [
        {
          "schema_version": 0,
          "attributes": {
            "id": "1981792461",
            "json": "{\n  \"Version\": \"2012-10-17\",\n  \"Statement\": [\n    {\n      \"Sid\": \"ArgoCDOwn\",\n      \"Effect\": \"Allow\",\n      \"Action\": \"kms:Decrypt\",\n      \"Resource\": \"arn:aws:kms:eu-north-1:245582572290:key/ab5256ef-e959-4dc8-9be8-98128940ef37\"\n    }\n  ]\n}",
            "override_json": null,
            "override_policy_documents": null,
            "policy_id": null,
            "source_json": null,
            "source_policy_documents": null,
            "statement": [
              {
                "actions": [
                  "kms:Decrypt"
                ],
                "condition": [],
                "effect": "Allow",
                "not_actions": [],
                "not_principals": [],
                "not_resources": [],
                "principals": [],
                "resources": [
                  "arn:aws:kms:eu-north-1:245582572290:key/ab5256ef-e959-4dc8-9be8-98128940ef37"
                ],
                "sid": "ArgoCDOwn"
              }
            ],
            "version": "2012-10-17"
          },
          "sensitive_attributes": []
        }
      ]
    },
    {
      "module": "module.argocd",
      "mode": "data",
      "type": "aws_region",
      "name": "current",
      "provider": "provider[\"registry.terraform.io/hashicorp/aws\"]",
      "instances": [
        {
          "schema_version": 0,
          "attributes": {
            "description": "Europe (Stockholm)",
            "endpoint": "ec2.eu-north-1.amazonaws.com",
            "id": "eu-north-1",
            "name": "eu-north-1"
          },
          "sensitive_attributes": []
        }
      ]
    },
    {
      "module": "module.argocd",
      "mode": "managed",
      "type": "aws_iam_policy",
      "name": "this",
      "provider": "provider[\"registry.terraform.io/hashicorp/aws\"]",
      "instances": [
        {
          "schema_version": 0,
          "attributes": {
            "arn": "arn:aws:iam::245582572290:policy/argocd20210928092958453500000001",
            "description": "EKS ArgoCD policy for cluster kubeflow",
            "id": "arn:aws:iam::245582572290:policy/argocd20210928092958453500000001",
            "name": "argocd20210928092958453500000001",
            "name_prefix": "argocd",
            "path": "/",
            "policy": "{\n  \"Version\": \"2012-10-17\",\n  \"Statement\": [\n    {\n      \"Sid\": \"ArgoCDOwn\",\n      \"Effect\": \"Allow\",\n      \"Action\": \"kms:Decrypt\",\n      \"Resource\": \"arn:aws:kms:eu-north-1:245582572290:key/ab5256ef-e959-4dc8-9be8-98128940ef37\"\n    }\n  ]\n}",
            "policy_id": "ANPATSLO4VMBJDBWLFK3D",
            "tags": {},
            "tags_all": {
              "ENV": "development",
              "OWNER": "rgimadiev",
              "PRJ": "SAK"
            }
          },
          "sensitive_attributes": [],
          "private": "bnVsbA==",
          "dependencies": [
            "module.kubernetes.module.eks.aws_security_group_rule.cluster_private_access_sg_source",
            "module.kubernetes.module.eks.data.http.wait_for_cluster",
            "module.network.data.aws_availability_zones.available",
            "module.network.data.template_file.private",
            "module.network.module.vpc.aws_subnet.private",
            "module.network.module.vpc.aws_vpc.this",
            "module.kubernetes.module.eks.aws_security_group_rule.cluster_https_worker_ingress",
            "module.kubernetes.module.eks.aws_eks_cluster.this",
            "module.kubernetes.module.eks.aws_iam_role_policy_attachment.cluster_AmazonEKSServicePolicy",
            "module.kubernetes.module.eks.aws_security_group.workers",
            "module.kubernetes.module.eks.aws_security_group_rule.cluster_private_access_cidrs_source",
            "module.argocd.data.aws_eks_cluster.this",
            "module.kubernetes.module.eks.aws_iam_role_policy_attachment.cluster_AmazonEKSClusterPolicy",
            "module.kubernetes.module.eks.aws_security_group.cluster",
            "module.kubernetes.module.eks.aws_security_group_rule.cluster_egress_internet",
            "module.kubernetes.module.eks.data.aws_iam_policy_document.cluster_assume_role_policy",
            "module.kubernetes.module.eks.data.aws_iam_role.custom_cluster_iam_role",
            "module.kubernetes.module.eks.aws_cloudwatch_log_group.this",
            "module.argocd.data.aws_iam_policy_document.this",
            "module.kubernetes.module.eks.aws_iam_role.cluster",
            "module.kubernetes.module.eks.aws_iam_role_policy_attachment.cluster_AmazonEKSVPCResourceControllerPolicy",
            "module.kubernetes.module.eks.data.aws_partition.current",
            "module.network.module.vpc.aws_vpc_ipv4_cidr_block_association.this",
            "module.argocd.aws_kms_key.this"
          ]
        }
      ]
    },
    {
      "module": "module.argocd",
      "mode": "managed",
      "type": "aws_kms_key",
      "name": "this",
      "provider": "provider[\"registry.terraform.io/hashicorp/aws\"]",
      "instances": [
        {
          "schema_version": 0,
          "attributes": {
            "arn": "arn:aws:kms:eu-north-1:245582572290:key/ab5256ef-e959-4dc8-9be8-98128940ef37",
            "bypass_policy_lockout_safety_check": false,
            "customer_master_key_spec": "SYMMETRIC_DEFAULT",
            "deletion_window_in_days": null,
            "description": "ArgoCD key",
            "enable_key_rotation": false,
            "id": "ab5256ef-e959-4dc8-9be8-98128940ef37",
            "is_enabled": true,
            "key_id": "ab5256ef-e959-4dc8-9be8-98128940ef37",
            "key_usage": "ENCRYPT_DECRYPT",
            "policy": "{\"Id\":\"key-default-1\",\"Statement\":[{\"Action\":\"kms:*\",\"Effect\":\"Allow\",\"Principal\":{\"AWS\":\"arn:aws:iam::245582572290:root\"},\"Resource\":\"*\",\"Sid\":\"Enable IAM User Permissions\"}],\"Version\":\"2012-10-17\"}",
            "tags": {},
            "tags_all": {
              "ENV": "development",
              "OWNER": "rgimadiev",
              "PRJ": "SAK"
            }
          },
          "sensitive_attributes": [],
          "private": "bnVsbA=="
        }
      ]
    },
    {
      "module": "module.argocd",
      "mode": "managed",
      "type": "aws_ssm_parameter",
      "name": "encrypted",
      "provider": "provider[\"registry.terraform.io/hashicorp/aws\"]",
      "instances": [
        {
          "schema_version": 0,
          "attributes": {
            "allowed_pattern": "",
            "arn": "arn:aws:ssm:eu-north-1:245582572290:parameter/kubeflow/argocd/password/encrypted",
            "data_type": "text",
            "description": "An encrypted password for accessing ArgoCD installation in kubeflow EKS cluster",
            "id": "/kubeflow/argocd/password/encrypted",
            "key_id": "alias/aws/ssm",
            "name": "/kubeflow/argocd/password/encrypted",
            "overwrite": null,
            "tags": {},
            "tags_all": {
              "ENV": "development",
              "OWNER": "rgimadiev",
              "PRJ": "SAK"
            },
            "tier": "Standard",
            "type": "SecureString",
            "value": "$2a$10$ZB5eOBRiEyOOUlg6ov8AdeLZPbDKjeCpuCfGz9T3qEI6WrAq8dY5S",
            "version": 1
          },
          "sensitive_attributes": [
            [
              {
                "type": "get_attr",
                "value": "value"
              }
            ]
          ],
          "private": "bnVsbA==",
          "dependencies": [
            "module.kubernetes.module.eks.aws_iam_role.cluster",
            "module.kubernetes.module.eks.aws_iam_role_policy_attachment.cluster_AmazonEKSServicePolicy",
            "module.kubernetes.module.eks.aws_security_group.workers",
            "module.kubernetes.module.eks.aws_security_group_rule.cluster_https_worker_ingress",
            "module.kubernetes.module.eks.data.aws_iam_role.custom_cluster_iam_role",
            "module.network.module.vpc.aws_vpc_ipv4_cidr_block_association.this",
            "module.kubernetes.module.eks.aws_iam_role_policy_attachment.cluster_AmazonEKSClusterPolicy",
            "module.kubernetes.module.eks.aws_iam_role_policy_attachment.cluster_AmazonEKSVPCResourceControllerPolicy",
            "module.kubernetes.module.eks.aws_security_group_rule.cluster_egress_internet",
            "module.kubernetes.module.eks.aws_security_group_rule.cluster_private_access_cidrs_source",
            "module.kubernetes.module.eks.data.http.wait_for_cluster",
            "module.network.module.vpc.aws_vpc.this",
            "module.argocd.random_password.this",
            "module.kubernetes.module.eks.aws_cloudwatch_log_group.this",
            "module.kubernetes.module.eks.aws_eks_cluster.this",
            "module.kubernetes.module.eks.data.aws_partition.current",
            "module.network.data.aws_availability_zones.available",
            "module.network.module.vpc.aws_subnet.private",
            "module.kubernetes.module.eks.aws_security_group.cluster",
            "module.kubernetes.module.eks.aws_security_group_rule.cluster_private_access_sg_source",
            "module.kubernetes.module.eks.data.aws_iam_policy_document.cluster_assume_role_policy",
            "module.network.data.template_file.private"
          ]
        }
      ]
    },
    {
      "module": "module.argocd",
      "mode": "managed",
      "type": "aws_ssm_parameter",
      "name": "this",
      "provider": "provider[\"registry.terraform.io/hashicorp/aws\"]",
      "instances": [
        {
          "schema_version": 0,
          "attributes": {
            "allowed_pattern": "",
            "arn": "arn:aws:ssm:eu-north-1:245582572290:parameter/kubeflow/argocd/password",
            "data_type": "text",
            "description": "A password for accessing ArgoCD installation in kubeflow EKS cluster",
            "id": "/kubeflow/argocd/password",
            "key_id": "alias/aws/ssm",
            "name": "/kubeflow/argocd/password",
            "overwrite": null,
            "tags": {},
            "tags_all": {
              "ENV": "development",
              "OWNER": "rgimadiev",
              "PRJ": "SAK"
            },
            "tier": "Standard",
            "type": "SecureString",
            "value": "8LYi%Wq36_Jf$te@@OvE",
            "version": 1
          },
          "sensitive_attributes": [
            [
              {
                "type": "get_attr",
                "value": "value"
              }
            ]
          ],
          "private": "bnVsbA==",
          "dependencies": [
            "module.argocd.random_password.this",
            "module.kubernetes.module.eks.aws_cloudwatch_log_group.this",
            "module.kubernetes.module.eks.aws_eks_cluster.this",
            "module.kubernetes.module.eks.aws_iam_role_policy_attachment.cluster_AmazonEKSClusterPolicy",
            "module.kubernetes.module.eks.data.aws_iam_policy_document.cluster_assume_role_policy",
            "module.network.module.vpc.aws_subnet.private",
            "module.kubernetes.module.eks.data.http.wait_for_cluster",
            "module.kubernetes.module.eks.aws_iam_role_policy_attachment.cluster_AmazonEKSServicePolicy",
            "module.kubernetes.module.eks.aws_security_group.cluster",
            "module.kubernetes.module.eks.aws_security_group_rule.cluster_egress_internet",
            "module.kubernetes.module.eks.aws_security_group_rule.cluster_private_access_cidrs_source",
            "module.kubernetes.module.eks.aws_security_group_rule.cluster_private_access_sg_source",
            "module.kubernetes.module.eks.data.aws_iam_role.custom_cluster_iam_role",
            "module.kubernetes.module.eks.data.aws_partition.current",
            "module.network.data.template_file.private",
            "module.kubernetes.module.eks.aws_iam_role.cluster",
            "module.kubernetes.module.eks.aws_iam_role_policy_attachment.cluster_AmazonEKSVPCResourceControllerPolicy",
            "module.kubernetes.module.eks.aws_security_group.workers",
            "module.network.module.vpc.aws_vpc.this",
            "module.kubernetes.module.eks.aws_security_group_rule.cluster_https_worker_ingress",
            "module.network.data.aws_availability_zones.available",
            "module.network.module.vpc.aws_vpc_ipv4_cidr_block_association.this"
          ]
        }
      ]
    },
    {
      "module": "module.argocd",
      "mode": "managed",
      "type": "helm_release",
      "name": "this",
      "provider": "provider[\"registry.terraform.io/hashicorp/helm\"]",
      "instances": [
        {
          "schema_version": 0,
          "attributes": {
            "atomic": false,
            "chart": "argo-cd",
            "cleanup_on_fail": false,
            "create_namespace": false,
            "dependency_update": false,
            "description": null,
            "devel": null,
            "disable_crd_hooks": false,
            "disable_openapi_validation": false,
            "disable_webhooks": false,
            "force_update": false,
            "id": "argocd",
            "keyring": null,
            "lint": false,
            "manifest": null,
            "max_history": 0,
            "metadata": [
              {
                "app_version": "2.1.2",
                "chart": "argo-cd",
                "name": "argocd",
                "namespace": "argocd",
                "revision": 1,
                "values": "{\"configs\":{\"secret\":{\"bitbucketServerSecret\":\"\",\"bitbucketUUID\":\"\",\"createSecret\":true,\"githubSecret\":\"\",\"gitlabSecret\":\"\",\"gogsSecret\":\"\"}},\"dex\":{\"enabled\":false},\"global\":{\"securityContext\":{\"fsGroup\":999}},\"installCRDs\":false,\"kubeVersionOverride\":\"1.18\",\"repoServer\":{\"env\":[{\"name\":\"AWS_DEFAULT_REGION\",\"value\":\"eu-north-1\"}],\"serviceAccount\":{\"annotations\":{\"eks.amazonaws.com/role-arn\":\"arn:aws:iam::245582572290:role/kubeflow_argocd\"},\"create\":true,\"name\":\"argocd-repo-server\"},\"volumeMounts\":[{\"mountPath\":\"/opt/decryptor/bin\",\"name\":\"decryptor\"}],\"volumes\":[{\"configMap\":{\"items\":[{\"key\":\"decryptor\",\"path\":\"decryptor\"}],\"name\":\"argocd-decryptor\"},\"name\":\"decryptor\"}]},\"server\":{\"additionalApplications\":[{\"destination\":{\"namespace\":\"argocd\",\"server\":\"https://kubernetes.default.svc\"},\"name\":\"swiss-army-kube\",\"namespace\":\"argocd\",\"project\":\"default\",\"source\":{\"path\":\"example/apps\",\"plugin\":{\"name\":\"decryptor\"},\"repoURL\":\"https://github.com/RustamGimadiev/sak-kubeflow\",\"targetRevision\":\"development\"},\"syncPolicy\":{\"automated\":{\"prune\":true,\"selfHeal\":true}}}],\"config\":{\"configManagementPlugins\":\"- \\\"generate\\\":\\n    \\\"args\\\":\\n    - \\\"/opt/decryptor/bin/decryptor\\\"\\n    \\\"command\\\":\\n    - \\\"/usr/bin/python3\\\"\\n  \\\"init\\\":\\n    \\\"args\\\":\\n    - \\\"install\\\"\\n    - \\\"boto3\\\"\\n    \\\"command\\\":\\n    - \\\"/usr/bin/pip3\\\"\\n  \\\"name\\\": \\\"decryptor\\\"\\n\",\"repositories\":\"- url: https://github.com/RustamGimadiev/sak-kubeflow\\n  usernameSecret:\\n    name: argocd-repo-credentials-secret\\n    key: username\\n  passwordSecret:\\n    name: argocd-repo-credentials-secret\\n    key: password\\n\\n\"},\"extraArgs\":[\"--insecure\"],\"ingress\":{\"enabled\":false},\"rbacConfig\":{\"policy.default\":\"role:readonly\"},\"service\":{\"type\":\"NodePort\"}}}",
                "version": "3.21.1"
              }
            ],
            "name": "argocd",
            "namespace": "argocd",
            "postrender": [],
            "recreate_pods": true,
            "render_subchart_notes": true,
            "replace": false,
            "repository": "https://argoproj.github.io/argo-helm",
            "repository_ca_file": null,
            "repository_cert_file": null,
            "repository_key_file": null,
            "repository_password": null,
            "repository_username": null,
            "reset_values": false,
            "reuse_values": false,
            "set": [
              {
                "name": "configs.secret.bitbucketServerSecret",
                "type": "",
                "value": ""
              },
              {
                "name": "configs.secret.bitbucketUUID",
                "type": "",
                "value": ""
              },
              {
                "name": "configs.secret.createSecret",
                "type": "",
                "value": "true"
              },
              {
                "name": "configs.secret.githubSecret",
                "type": "",
                "value": ""
              },
              {
                "name": "configs.secret.gitlabSecret",
                "type": "",
                "value": ""
              },
              {
                "name": "configs.secret.gogsSecret",
                "type": "",
                "value": ""
              },
              {
                "name": "dex.enabled",
                "type": "",
                "value": "false"
              },
              {
                "name": "global.securityContext.fsGroup",
                "type": "",
                "value": "999"
              },
              {
                "name": "installCRDs",
                "type": "",
                "value": "false"
              },
              {
                "name": "kubeVersionOverride",
                "type": "",
                "value": "1.18"
              },
              {
                "name": "repoServer.env[0].name",
                "type": "",
                "value": "AWS_DEFAULT_REGION"
              },
              {
                "name": "repoServer.env[0].value",
                "type": "",
                "value": "eu-north-1"
              },
              {
                "name": "repoServer.serviceAccount.annotations.eks\\.amazonaws\\.com/role-arn",
                "type": "",
                "value": "arn:aws:iam::245582572290:role/kubeflow_argocd"
              },
              {
                "name": "repoServer.serviceAccount.create",
                "type": "",
                "value": "true"
              },
              {
                "name": "repoServer.serviceAccount.name",
                "type": "",
                "value": "argocd-repo-server"
              },
              {
                "name": "repoServer.volumeMounts[0].mountPath",
                "type": "",
                "value": "/opt/decryptor/bin"
              },
              {
                "name": "repoServer.volumeMounts[0].name",
                "type": "",
                "value": "decryptor"
              },
              {
                "name": "repoServer.volumes[0].configMap.items[0].key",
                "type": "",
                "value": "decryptor"
              },
              {
                "name": "repoServer.volumes[0].configMap.items[0].path",
                "type": "",
                "value": "decryptor"
              },
              {
                "name": "repoServer.volumes[0].configMap.name",
                "type": "",
                "value": "argocd-decryptor"
              },
              {
                "name": "repoServer.volumes[0].name",
                "type": "",
                "value": "decryptor"
              },
              {
                "name": "server.additionalApplications[0].destination.namespace",
                "type": "",
                "value": "argocd"
              },
              {
                "name": "server.additionalApplications[0].destination.server",
                "type": "",
                "value": "https://kubernetes.default.svc"
              },
              {
                "name": "server.additionalApplications[0].name",
                "type": "",
                "value": "swiss-army-kube"
              },
              {
                "name": "server.additionalApplications[0].namespace",
                "type": "",
                "value": "argocd"
              },
              {
                "name": "server.additionalApplications[0].project",
                "type": "",
                "value": "default"
              },
              {
                "name": "server.additionalApplications[0].source.path",
                "type": "",
                "value": "example/apps"
              },
              {
                "name": "server.additionalApplications[0].source.plugin.name",
                "type": "",
                "value": "decryptor"
              },
              {
                "name": "server.additionalApplications[0].source.repoURL",
                "type": "",
                "value": "https://github.com/RustamGimadiev/sak-kubeflow"
              },
              {
                "name": "server.additionalApplications[0].source.targetRevision",
                "type": "",
                "value": "development"
              },
              {
                "name": "server.additionalApplications[0].syncPolicy.automated.prune",
                "type": "",
                "value": "true"
              },
              {
                "name": "server.additionalApplications[0].syncPolicy.automated.selfHeal",
                "type": "",
                "value": "true"
              },
              {
                "name": "server.config.configManagementPlugins",
                "type": "",
                "value": "- \"generate\":\n    \"args\":\n    - \"/opt/decryptor/bin/decryptor\"\n    \"command\":\n    - \"/usr/bin/python3\"\n  \"init\":\n    \"args\":\n    - \"install\"\n    - \"boto3\"\n    \"command\":\n    - \"/usr/bin/pip3\"\n  \"name\": \"decryptor\"\n"
              },
              {
                "name": "server.config.repositories",
                "type": "",
                "value": "- url: https://github.com/RustamGimadiev/sak-kubeflow\n  usernameSecret:\n    name: argocd-repo-credentials-secret\n    key: username\n  passwordSecret:\n    name: argocd-repo-credentials-secret\n    key: password\n\n"
              },
              {
                "name": "server.extraArgs[0]",
                "type": "",
                "value": "--insecure"
              },
              {
                "name": "server.ingress.enabled",
                "type": "",
                "value": "false"
              },
              {
                "name": "server.rbacConfig.policy\\.default",
                "type": "",
                "value": "role:readonly"
              },
              {
                "name": "server.service.type",
                "type": "",
                "value": "NodePort"
              }
            ],
            "set_sensitive": [],
            "skip_crds": false,
            "status": "deployed",
            "timeout": 1200,
            "values": null,
            "verify": false,
            "version": "3.21.1",
            "wait": true,
            "wait_for_jobs": false
          },
          "sensitive_attributes": [],
          "private": "bnVsbA==",
          "dependencies": [
            "module.kubernetes.module.eks.aws_cloudwatch_log_group.this",
            "module.kubernetes.module.eks.aws_eks_cluster.this",
            "module.kubernetes.module.eks.aws_iam_role_policy_attachment.cluster_AmazonEKSClusterPolicy",
            "module.kubernetes.module.eks.aws_iam_role_policy_attachment.cluster_AmazonEKSVPCResourceControllerPolicy",
            "module.kubernetes.module.eks.aws_security_group.workers",
            "module.kubernetes.module.eks.aws_security_group_rule.cluster_private_access_cidrs_source",
            "module.network.data.template_file.private",
            "module.kubernetes.module.eks.aws_security_group_rule.cluster_egress_internet",
            "module.kubernetes.module.eks.data.aws_iam_policy_document.cluster_assume_role_policy",
            "data.aws_eks_cluster_auth.cluster",
            "module.network.data.aws_availability_zones.available",
            "module.argocd.module.iam_assumable_role_admin.data.aws_partition.current",
            "module.kubernetes.module.eks.aws_security_group_rule.cluster_https_worker_ingress",
            "module.kubernetes.module.eks.aws_iam_role_policy_attachment.cluster_AmazonEKSServicePolicy",
            "module.kubernetes.module.eks.data.aws_partition.current",
            "module.network.module.vpc.aws_vpc.this",
            "module.argocd.data.aws_eks_cluster.this",
            "module.argocd.kubernetes_namespace.this",
            "module.argocd.module.iam_assumable_role_admin.data.aws_caller_identity.current",
            "module.kubernetes.module.eks.aws_security_group.cluster",
            "module.kubernetes.module.eks.aws_security_group_rule.cluster_private_access_sg_source",
            "module.kubernetes.module.eks.data.http.wait_for_cluster",
            "module.network.module.vpc.aws_subnet.private",
            "module.argocd.data.aws_region.current",
            "module.argocd.module.iam_assumable_role_admin.aws_iam_role.this",
            "module.argocd.module.iam_assumable_role_admin.data.aws_iam_policy_document.assume_role_with_oidc",
            "module.kubernetes.module.eks.data.aws_iam_role.custom_cluster_iam_role",
            "module.network.module.vpc.aws_vpc_ipv4_cidr_block_association.this",
            "data.aws_eks_cluster.cluster",
            "module.kubernetes.module.eks.aws_iam_role.cluster"
          ]
        }
      ]
    },
    {
      "module": "module.argocd",
      "mode": "managed",
      "type": "kubernetes_config_map",
      "name": "decryptor",
      "provider": "provider[\"registry.terraform.io/hashicorp/kubernetes\"]",
      "instances": [
        {
          "schema_version": 0,
          "attributes": {
            "binary_data": {},
            "data": {
              "decryptor": "#! /usr/bin/env python3\n\nimport glob\nimport os\n\ndef decrypt(string):\n  import boto3\n  import base64\n  client = boto3.client('kms')\n  meta = client.decrypt(CiphertextBlob=bytes(base64.b64decode(\"%s==\" % string)),KeyId=\"arn:aws:kms:eu-north-1:245582572290:key/ab5256ef-e959-4dc8-9be8-98128940ef37\")\n  plaintext = meta[u'Plaintext']\n  return plaintext.decode()\n\nfor file in glob.glob('./*.y*ml'):\n  print(\"\\n---\")\n  with open(file) as f:\n    for line in f:\n      if line.find(\"KMS_ENC:\") \u003e 0:\n        encrypted = line.split(\"KMS_ENC\")[1].split(\":\")[1]\n        decrypted = decrypt(encrypted)\n        line = line.replace(\"KMS_ENC:%s:\" % encrypted, decrypted)\n      print(line,end = '')\n"
            },
            "id": "argocd/argocd-decryptor",
            "metadata": [
              {
                "annotations": {},
                "generate_name": "",
                "generation": 0,
                "labels": {},
                "name": "argocd-decryptor",
                "namespace": "argocd",
                "resource_version": "150044",
                "uid": "537e9491-057b-4375-a723-1151939d7c47"
              }
            ]
          },
          "sensitive_attributes": [],
          "private": "bnVsbA==",
          "dependencies": [
            "module.kubernetes.module.eks.aws_iam_role_policy_attachment.cluster_AmazonEKSServicePolicy",
            "module.kubernetes.module.eks.aws_security_group.cluster",
            "module.kubernetes.module.eks.aws_security_group_rule.cluster_private_access_sg_source",
            "module.kubernetes.module.eks.data.aws_partition.current",
            "module.network.module.vpc.aws_vpc_ipv4_cidr_block_association.this",
            "data.aws_eks_cluster_auth.cluster",
            "module.kubernetes.module.eks.aws_iam_role.cluster",
            "module.kubernetes.module.eks.data.aws_iam_role.custom_cluster_iam_role",
            "module.network.module.vpc.aws_subnet.private",
            "module.argocd.kubernetes_namespace.this",
            "module.kubernetes.module.eks.aws_eks_cluster.this",
            "module.kubernetes.module.eks.data.aws_iam_policy_document.cluster_assume_role_policy",
            "module.network.data.aws_availability_zones.available",
            "module.kubernetes.module.eks.aws_security_group_rule.cluster_egress_internet",
            "module.kubernetes.module.eks.aws_security_group_rule.cluster_https_worker_ingress",
            "module.kubernetes.module.eks.aws_cloudwatch_log_group.this",
            "module.kubernetes.module.eks.aws_iam_role_policy_attachment.cluster_AmazonEKSClusterPolicy",
            "module.kubernetes.module.eks.aws_iam_role_policy_attachment.cluster_AmazonEKSVPCResourceControllerPolicy",
            "module.kubernetes.module.eks.aws_security_group.workers",
            "module.kubernetes.module.eks.aws_security_group_rule.cluster_private_access_cidrs_source",
            "module.kubernetes.module.eks.data.http.wait_for_cluster",
            "data.aws_eks_cluster.cluster",
            "module.argocd.aws_kms_key.this",
            "module.network.data.template_file.private",
            "module.network.module.vpc.aws_vpc.this"
          ]
        }
      ]
    },
    {
      "module": "module.argocd",
      "mode": "managed",
      "type": "kubernetes_namespace",
      "name": "this",
      "provider": "provider[\"registry.terraform.io/hashicorp/kubernetes\"]",
      "instances": [
        {
          "index_key": 0,
          "schema_version": 0,
          "attributes": {
            "id": "argocd",
            "metadata": [
              {
                "annotations": {},
                "generate_name": "",
                "generation": 0,
                "labels": {},
                "name": "argocd",
                "resource_version": "150035",
                "uid": "b467d95b-7c19-4122-9829-d9d0f6c78680"
              }
            ],
            "timeouts": null
          },
          "sensitive_attributes": [],
          "private": "eyJlMmJmYjczMC1lY2FhLTExZTYtOGY4OC0zNDM2M2JjN2M0YzAiOnsiZGVsZXRlIjozMDAwMDAwMDAwMDB9fQ==",
          "dependencies": [
            "module.kubernetes.module.eks.aws_iam_role_policy_attachment.cluster_AmazonEKSServicePolicy",
            "module.kubernetes.module.eks.aws_security_group.workers",
            "module.kubernetes.module.eks.aws_security_group_rule.cluster_https_worker_ingress",
            "module.kubernetes.module.eks.data.aws_partition.current",
            "module.network.data.aws_availability_zones.available",
            "module.network.module.vpc.aws_vpc.this",
            "module.kubernetes.module.eks.aws_iam_role.cluster",
            "module.kubernetes.module.eks.aws_iam_role_policy_attachment.cluster_AmazonEKSClusterPolicy",
            "module.kubernetes.module.eks.aws_security_group_rule.cluster_private_access_sg_source",
            "module.network.module.vpc.aws_subnet.private",
            "module.kubernetes.module.eks.aws_eks_cluster.this",
            "module.kubernetes.module.eks.aws_security_group_rule.cluster_private_access_cidrs_source",
            "module.kubernetes.module.eks.aws_iam_role_policy_attachment.cluster_AmazonEKSVPCResourceControllerPolicy",
            "module.kubernetes.module.eks.aws_security_group_rule.cluster_egress_internet",
            "module.network.data.template_file.private",
            "data.aws_eks_cluster.cluster",
            "module.kubernetes.module.eks.aws_cloudwatch_log_group.this",
            "module.kubernetes.module.eks.data.aws_iam_policy_document.cluster_assume_role_policy",
            "module.kubernetes.module.eks.data.aws_iam_role.custom_cluster_iam_role",
            "module.kubernetes.module.eks.data.http.wait_for_cluster",
            "module.network.module.vpc.aws_vpc_ipv4_cidr_block_association.this",
            "data.aws_eks_cluster_auth.cluster",
            "module.kubernetes.module.eks.aws_security_group.cluster"
          ]
        }
      ]
    },
    {
      "module": "module.argocd",
      "mode": "managed",
      "type": "kubernetes_secret",
      "name": "sync_repo_secret",
      "provider": "provider[\"registry.terraform.io/hashicorp/kubernetes\"]",
      "instances": [
        {
          "schema_version": 0,
          "attributes": {
            "binary_data": null,
            "data": {
              "password": "",
              "sshPrivateKey": "",
              "username": ""
            },
            "id": "argocd/argocd-repo-credentials-secret",
            "metadata": [
              {
                "annotations": {},
                "generate_name": "",
                "generation": 0,
                "labels": {
                  "app.kubernetes.io/name": "argocd-repo-credentials-secret",
                  "app.kubernetes.io/part-of": "argocd"
                },
                "name": "argocd-repo-credentials-secret",
                "namespace": "argocd",
                "resource_version": "150040",
                "uid": "bfd9b15e-bcb9-4353-ab13-b991d06b4dcc"
              }
            ],
            "type": "kubernetes.io/basic-auth"
          },
          "sensitive_attributes": [],
          "private": "bnVsbA==",
          "dependencies": [
            "module.kubernetes.module.eks.data.aws_partition.current",
            "module.network.data.template_file.private",
            "module.network.module.vpc.aws_vpc_ipv4_cidr_block_association.this",
            "module.argocd.kubernetes_namespace.this",
            "module.kubernetes.module.eks.aws_security_group_rule.cluster_private_access_sg_source",
            "module.kubernetes.module.eks.data.aws_iam_policy_document.cluster_assume_role_policy",
            "module.kubernetes.module.eks.aws_security_group.cluster",
            "module.kubernetes.module.eks.data.aws_iam_role.custom_cluster_iam_role",
            "module.network.module.vpc.aws_subnet.private",
            "module.kubernetes.module.eks.aws_eks_cluster.this",
            "module.kubernetes.module.eks.aws_iam_role.cluster",
            "module.kubernetes.module.eks.aws_iam_role_policy_attachment.cluster_AmazonEKSServicePolicy",
            "module.kubernetes.module.eks.aws_security_group_rule.cluster_egress_internet",
            "module.kubernetes.module.eks.aws_security_group_rule.cluster_https_worker_ingress",
            "module.kubernetes.module.eks.data.http.wait_for_cluster",
            "module.network.module.vpc.aws_vpc.this",
            "data.aws_eks_cluster.cluster",
            "data.aws_eks_cluster_auth.cluster",
            "module.kubernetes.module.eks.aws_iam_role_policy_attachment.cluster_AmazonEKSVPCResourceControllerPolicy",
            "module.kubernetes.module.eks.aws_security_group_rule.cluster_private_access_cidrs_source",
            "module.network.data.aws_availability_zones.available",
            "module.kubernetes.module.eks.aws_cloudwatch_log_group.this",
            "module.kubernetes.module.eks.aws_iam_role_policy_attachment.cluster_AmazonEKSClusterPolicy",
            "module.kubernetes.module.eks.aws_security_group.workers"
          ]
        }
      ]
    },
    {
      "module": "module.argocd",
      "mode": "managed",
      "type": "local_file",
      "name": "this",
      "provider": "provider[\"registry.terraform.io/hashicorp/local\"]",
      "instances": [
        {
          "index_key": 0,
          "schema_version": 0,
          "attributes": {
            "content": "\"apiVersion\": \"argoproj.io/v1alpha1\"\n\"kind\": \"Application\"\n\"metadata\":\n  \"name\": \"argocd\"\n  \"namespace\": \"argocd\"\n\"spec\":\n  \"destination\":\n    \"namespace\": \"argocd\"\n    \"server\": \"https://kubernetes.default.svc\"\n  \"project\": \"default\"\n  \"source\":\n    \"chart\": \"argo-cd\"\n    \"helm\":\n      \"parameters\":\n      - \"name\": \"server.rbacConfig.policy\\\\.csv\"\n        \"value\": |\n          g, administrators, role:admin\n      - \"name\": \"configs.secret.bitbucketServerSecret\"\n        \"value\": \"\"\n      - \"name\": \"configs.secret.bitbucketUUID\"\n        \"value\": \"\"\n      - \"name\": \"configs.secret.createSecret\"\n        \"value\": \"true\"\n      - \"name\": \"configs.secret.githubSecret\"\n        \"value\": \"\"\n      - \"name\": \"configs.secret.gitlabSecret\"\n        \"value\": \"\"\n      - \"name\": \"configs.secret.gogsSecret\"\n        \"value\": \"\"\n      - \"name\": \"dex.enabled\"\n        \"value\": \"false\"\n      - \"name\": \"global.securityContext.fsGroup\"\n        \"value\": \"999\"\n      - \"name\": \"installCRDs\"\n        \"value\": \"false\"\n      - \"name\": \"kubeVersionOverride\"\n        \"value\": \"1.18\"\n      - \"name\": \"repoServer.env[0].name\"\n        \"value\": \"AWS_DEFAULT_REGION\"\n      - \"name\": \"repoServer.env[0].value\"\n        \"value\": \"eu-north-1\"\n      - \"name\": \"repoServer.serviceAccount.annotations.eks\\\\.amazonaws\\\\.com/role-arn\"\n        \"value\": \"arn:aws:iam::245582572290:role/kubeflow_argocd\"\n      - \"name\": \"repoServer.serviceAccount.create\"\n        \"value\": \"true\"\n      - \"name\": \"repoServer.serviceAccount.name\"\n        \"value\": \"argocd-repo-server\"\n      - \"name\": \"repoServer.volumeMounts[0].mountPath\"\n        \"value\": \"/opt/decryptor/bin\"\n      - \"name\": \"repoServer.volumeMounts[0].name\"\n        \"value\": \"decryptor\"\n      - \"name\": \"repoServer.volumes[0].configMap.items[0].key\"\n        \"value\": \"decryptor\"\n      - \"name\": \"repoServer.volumes[0].configMap.items[0].path\"\n        \"value\": \"decryptor\"\n      - \"name\": \"repoServer.volumes[0].configMap.name\"\n        \"value\": \"argocd-decryptor\"\n      - \"name\": \"repoServer.volumes[0].name\"\n        \"value\": \"decryptor\"\n      - \"name\": \"server.config.configManagementPlugins\"\n        \"value\": |\n          - \"generate\":\n              \"args\":\n              - \"/opt/decryptor/bin/decryptor\"\n              \"command\":\n              - \"/usr/bin/python3\"\n            \"init\":\n              \"args\":\n              - \"install\"\n              - \"boto3\"\n              \"command\":\n              - \"/usr/bin/pip3\"\n            \"name\": \"decryptor\"\n      - \"name\": \"server.config.repositories\"\n        \"value\": |+\n          - url: https://github.com/RustamGimadiev/sak-kubeflow\n            usernameSecret:\n              name: argocd-repo-credentials-secret\n              key: username\n            passwordSecret:\n              name: argocd-repo-credentials-secret\n              key: password\n\n      - \"name\": \"server.extraArgs[0]\"\n        \"value\": \"--insecure\"\n      - \"name\": \"server.ingress.enabled\"\n        \"value\": \"false\"\n      - \"name\": \"server.rbacConfig.policy\\\\.default\"\n        \"value\": \"role:readonly\"\n      - \"name\": \"server.service.type\"\n        \"value\": \"NodePort\"\n      \"values\": |\n        \"configs\":\n          \"secret\":\n            \"argocdServerAdminPassword\": \"$2a$10$ZB5eOBRiEyOOUlg6ov8AdeLZPbDKjeCpuCfGz9T3qEI6WrAq8dY5S\"\n    \"repoURL\": \"https://argoproj.github.io/argo-helm\"\n    \"targetRevision\": \"3.21.1\"\n  \"syncPolicy\":\n    \"automated\":\n      \"prune\": true\n      \"selfHeal\": true\n",
            "content_base64": null,
            "directory_permission": "0777",
            "file_permission": "0777",
            "filename": "./apps/argocd.yaml",
            "id": "0d518c1467f0e48213acb8e2dde838295ba2aac4",
            "sensitive_content": null,
            "source": null
          },
          "sensitive_attributes": [
            [
              {
                "type": "get_attr",
                "value": "content"
              }
            ]
          ],
          "private": "bnVsbA==",
          "dependencies": [
            "module.kubernetes.module.eks.data.http.wait_for_cluster",
            "module.network.data.aws_availability_zones.available",
            "module.network.data.template_file.private",
            "module.network.module.vpc.aws_vpc_ipv4_cidr_block_association.this",
            "module.argocd.random_password.this",
            "module.kubernetes.module.eks.aws_iam_role.cluster",
            "module.kubernetes.module.eks.aws_iam_role_policy_attachment.cluster_AmazonEKSVPCResourceControllerPolicy",
            "module.kubernetes.module.eks.aws_security_group_rule.cluster_egress_internet",
            "module.kubernetes.module.eks.data.aws_iam_role.custom_cluster_iam_role",
            "module.argocd.module.iam_assumable_role_admin.data.aws_iam_policy_document.assume_role_with_oidc",
            "module.kubernetes.module.eks.aws_iam_role_policy_attachment.cluster_AmazonEKSServicePolicy",
            "module.kubernetes.module.eks.aws_security_group_rule.cluster_https_worker_ingress",
            "module.kubernetes.module.eks.aws_security_group_rule.cluster_private_access_cidrs_source",
            "module.argocd.aws_ssm_parameter.encrypted",
            "module.kubernetes.module.eks.aws_security_group.cluster",
            "module.kubernetes.module.eks.data.aws_iam_policy_document.cluster_assume_role_policy",
            "data.aws_eks_cluster_auth.cluster",
            "module.argocd.data.aws_region.current",
            "module.argocd.data.aws_eks_cluster.this",
            "module.kubernetes.module.eks.aws_security_group_rule.cluster_private_access_sg_source",
            "module.kubernetes.module.eks.data.aws_partition.current",
            "module.kubernetes.module.eks.aws_eks_cluster.this",
            "module.kubernetes.module.eks.aws_iam_role_policy_attachment.cluster_AmazonEKSClusterPolicy",
            "module.kubernetes.module.eks.aws_security_group.workers",
            "module.network.module.vpc.aws_vpc.this",
            "module.argocd.module.iam_assumable_role_admin.data.aws_caller_identity.current",
            "module.network.module.vpc.aws_subnet.private",
            "module.argocd.aws_kms_ciphertext.client_secret",
            "module.argocd.aws_kms_key.this",
            "module.argocd.kubernetes_namespace.this",
            "module.argocd.module.iam_assumable_role_admin.aws_iam_role.this",
            "data.aws_eks_cluster.cluster",
            "module.argocd.module.iam_assumable_role_admin.data.aws_partition.current",
            "module.kubernetes.module.eks.aws_cloudwatch_log_group.this"
          ]
        }
      ]
    },
    {
      "module": "module.argocd",
      "mode": "managed",
      "type": "random_password",
      "name": "this",
      "provider": "provider[\"registry.terraform.io/hashicorp/random\"]",
      "instances": [
        {
          "schema_version": 0,
          "attributes": {
            "id": "none",
            "keepers": null,
            "length": 20,
            "lower": true,
            "min_lower": 0,
            "min_numeric": 0,
            "min_special": 0,
            "min_upper": 0,
            "number": true,
            "override_special": "_%@$",
            "result": "8LYi%Wq36_Jf$te@@OvE",
            "special": true,
            "upper": true
          },
          "sensitive_attributes": [],
          "private": "bnVsbA=="
        }
      ]
    },
    {
      "module": "module.argocd.module.iam_assumable_role_admin",
      "mode": "data",
      "type": "aws_caller_identity",
      "name": "current",
      "provider": "provider[\"registry.terraform.io/hashicorp/aws\"]",
      "instances": [
        {
          "schema_version": 0,
          "attributes": {
            "account_id": "245582572290",
            "arn": "arn:aws:iam::245582572290:user/rgimadiev",
            "id": "245582572290",
            "user_id": "AIDATSLO4VMBF6SSFO7YS"
          },
          "sensitive_attributes": []
        }
      ]
    },
    {
      "module": "module.argocd.module.iam_assumable_role_admin",
      "mode": "data",
      "type": "aws_iam_policy_document",
      "name": "assume_role_with_oidc",
      "provider": "provider[\"registry.terraform.io/hashicorp/aws\"]",
      "instances": [
        {
          "index_key": 0,
          "schema_version": 0,
          "attributes": {
            "id": "944698302",
            "json": "{\n  \"Version\": \"2012-10-17\",\n  \"Statement\": [\n    {\n      \"Sid\": \"\",\n      \"Effect\": \"Allow\",\n      \"Action\": \"sts:AssumeRoleWithWebIdentity\",\n      \"Principal\": {\n        \"Federated\": \"arn:aws:iam::245582572290:oidc-provider/oidc.eks.eu-north-1.amazonaws.com/id/EF1B32B1F3A212B54EC05620F1307069\"\n      },\n      \"Condition\": {\n        \"StringEquals\": {\n          \"oidc.eks.eu-north-1.amazonaws.com/id/EF1B32B1F3A212B54EC05620F1307069:sub\": [\n            \"system:serviceaccount:argocd:argocd-repo-server\"\n          ]\n        }\n      }\n    }\n  ]\n}",
            "override_json": null,
            "override_policy_documents": null,
            "policy_id": null,
            "source_json": null,
            "source_policy_documents": null,
            "statement": [
              {
                "actions": [
                  "sts:AssumeRoleWithWebIdentity"
                ],
                "condition": [
                  {
                    "test": "StringEquals",
                    "values": [
                      "system:serviceaccount:argocd:argocd-repo-server"
                    ],
                    "variable": "oidc.eks.eu-north-1.amazonaws.com/id/EF1B32B1F3A212B54EC05620F1307069:sub"
                  }
                ],
                "effect": "Allow",
                "not_actions": [],
                "not_principals": [],
                "not_resources": [],
                "principals": [
                  {
                    "identifiers": [
                      "arn:aws:iam::245582572290:oidc-provider/oidc.eks.eu-north-1.amazonaws.com/id/EF1B32B1F3A212B54EC05620F1307069"
                    ],
                    "type": "Federated"
                  }
                ],
                "resources": [],
                "sid": ""
              }
            ],
            "version": "2012-10-17"
          },
          "sensitive_attributes": []
        }
      ]
    },
    {
      "module": "module.argocd.module.iam_assumable_role_admin",
      "mode": "data",
      "type": "aws_partition",
      "name": "current",
      "provider": "provider[\"registry.terraform.io/hashicorp/aws\"]",
      "instances": [
        {
          "schema_version": 0,
          "attributes": {
            "dns_suffix": "amazonaws.com",
            "id": "aws",
            "partition": "aws",
            "reverse_dns_prefix": "com.amazonaws"
          },
          "sensitive_attributes": []
        }
      ]
    },
    {
      "module": "module.argocd.module.iam_assumable_role_admin",
      "mode": "managed",
      "type": "aws_iam_role",
      "name": "this",
      "provider": "provider[\"registry.terraform.io/hashicorp/aws\"]",
      "instances": [
        {
          "index_key": 0,
          "schema_version": 0,
          "attributes": {
            "arn": "arn:aws:iam::245582572290:role/kubeflow_argocd",
            "assume_role_policy": "{\"Version\":\"2012-10-17\",\"Statement\":[{\"Sid\":\"\",\"Effect\":\"Allow\",\"Principal\":{\"Federated\":\"arn:aws:iam::245582572290:oidc-provider/oidc.eks.eu-north-1.amazonaws.com/id/EF1B32B1F3A212B54EC05620F1307069\"},\"Action\":\"sts:AssumeRoleWithWebIdentity\",\"Condition\":{\"StringEquals\":{\"oidc.eks.eu-north-1.amazonaws.com/id/EF1B32B1F3A212B54EC05620F1307069:sub\":\"system:serviceaccount:argocd:argocd-repo-server\"}}}]}",
            "create_date": "2021-09-28T09:29:59Z",
            "description": "",
            "force_detach_policies": false,
            "id": "kubeflow_argocd",
            "inline_policy": [
              {
                "name": "",
                "policy": ""
              }
            ],
            "managed_policy_arns": [
              "arn:aws:iam::245582572290:policy/argocd20210928092958453500000001"
            ],
            "max_session_duration": 3600,
            "name": "kubeflow_argocd",
            "name_prefix": null,
            "path": "/",
            "permissions_boundary": "",
            "tags": {},
            "tags_all": {
              "ENV": "development",
              "OWNER": "rgimadiev",
              "PRJ": "SAK"
            },
            "unique_id": "AROATSLO4VMBICWJJYWGP"
          },
          "sensitive_attributes": [],
          "private": "bnVsbA==",
          "dependencies": [
            "module.kubernetes.module.eks.aws_iam_role_policy_attachment.cluster_AmazonEKSVPCResourceControllerPolicy",
            "module.network.module.vpc.aws_subnet.private",
            "module.network.module.vpc.aws_vpc.this",
            "module.argocd.kubernetes_namespace.this",
            "module.kubernetes.module.eks.aws_eks_cluster.this",
            "module.argocd.module.iam_assumable_role_admin.data.aws_partition.current",
            "module.kubernetes.module.eks.aws_security_group.cluster",
            "module.network.data.aws_availability_zones.available",
            "data.aws_eks_cluster_auth.cluster",
            "module.argocd.data.aws_eks_cluster.this",
            "module.kubernetes.module.eks.aws_security_group_rule.cluster_private_access_sg_source",
            "data.aws_eks_cluster.cluster",
            "module.kubernetes.module.eks.aws_security_group_rule.cluster_https_worker_ingress",
            "module.kubernetes.module.eks.data.http.wait_for_cluster",
            "module.kubernetes.module.eks.aws_security_group.workers",
            "module.kubernetes.module.eks.aws_security_group_rule.cluster_private_access_cidrs_source",
            "module.argocd.module.iam_assumable_role_admin.data.aws_caller_identity.current",
            "module.kubernetes.module.eks.aws_cloudwatch_log_group.this",
            "module.kubernetes.module.eks.data.aws_iam_role.custom_cluster_iam_role",
            "module.network.data.template_file.private",
            "module.network.module.vpc.aws_vpc_ipv4_cidr_block_association.this",
            "module.argocd.module.iam_assumable_role_admin.data.aws_iam_policy_document.assume_role_with_oidc",
            "module.kubernetes.module.eks.aws_iam_role_policy_attachment.cluster_AmazonEKSClusterPolicy",
            "module.kubernetes.module.eks.aws_security_group_rule.cluster_egress_internet",
            "module.kubernetes.module.eks.data.aws_partition.current",
            "module.kubernetes.module.eks.data.aws_iam_policy_document.cluster_assume_role_policy",
            "module.kubernetes.module.eks.aws_iam_role.cluster",
            "module.kubernetes.module.eks.aws_iam_role_policy_attachment.cluster_AmazonEKSServicePolicy"
          ]
        }
      ]
    },
    {
      "module": "module.argocd.module.iam_assumable_role_admin",
      "mode": "managed",
      "type": "aws_iam_role_policy_attachment",
      "name": "custom",
      "provider": "provider[\"registry.terraform.io/hashicorp/aws\"]",
      "instances": [
        {
          "index_key": 0,
          "schema_version": 0,
          "attributes": {
            "id": "kubeflow_argocd-20210928093003266100000010",
            "policy_arn": "arn:aws:iam::245582572290:policy/argocd20210928092958453500000001",
            "role": "kubeflow_argocd"
          },
          "sensitive_attributes": [],
          "private": "bnVsbA==",
          "dependencies": [
            "module.kubernetes.module.eks.aws_security_group_rule.cluster_https_worker_ingress",
            "module.kubernetes.module.eks.data.aws_iam_role.custom_cluster_iam_role",
            "module.argocd.aws_iam_policy.this",
            "module.network.data.template_file.private",
            "module.network.module.vpc.aws_subnet.private",
            "data.aws_eks_cluster.cluster",
            "module.argocd.data.aws_eks_cluster.this",
            "module.argocd.module.iam_assumable_role_admin.data.aws_iam_policy_document.assume_role_with_oidc",
            "module.kubernetes.module.eks.data.aws_iam_policy_document.cluster_assume_role_policy",
            "module.network.module.vpc.aws_vpc.this",
            "module.kubernetes.module.eks.aws_cloudwatch_log_group.this",
            "module.kubernetes.module.eks.aws_iam_role_policy_attachment.cluster_AmazonEKSServicePolicy",
            "module.kubernetes.module.eks.data.aws_partition.current",
            "module.network.module.vpc.aws_vpc_ipv4_cidr_block_association.this",
            "module.argocd.aws_kms_key.this",
            "module.argocd.data.aws_iam_policy_document.this",
            "module.argocd.module.iam_assumable_role_admin.data.aws_caller_identity.current",
            "module.kubernetes.module.eks.aws_security_group.cluster",
            "module.kubernetes.module.eks.aws_security_group_rule.cluster_private_access_cidrs_source",
            "module.kubernetes.module.eks.aws_security_group_rule.cluster_private_access_sg_source",
            "module.kubernetes.module.eks.data.http.wait_for_cluster",
            "data.aws_eks_cluster_auth.cluster",
            "module.argocd.module.iam_assumable_role_admin.data.aws_partition.current",
            "module.kubernetes.module.eks.aws_security_group_rule.cluster_egress_internet",
            "module.network.data.aws_availability_zones.available",
            "module.argocd.module.iam_assumable_role_admin.aws_iam_role.this",
            "module.kubernetes.module.eks.aws_iam_role.cluster",
            "module.kubernetes.module.eks.aws_iam_role_policy_attachment.cluster_AmazonEKSClusterPolicy",
            "module.kubernetes.module.eks.aws_iam_role_policy_attachment.cluster_AmazonEKSVPCResourceControllerPolicy",
            "module.argocd.kubernetes_namespace.this",
            "module.kubernetes.module.eks.aws_eks_cluster.this",
            "module.kubernetes.module.eks.aws_security_group.workers"
          ]
        }
      ]
    },
    {
      "module": "module.kubeflow",
      "mode": "data",
      "type": "aws_eks_cluster",
      "name": "cluster",
      "provider": "provider[\"registry.terraform.io/hashicorp/aws\"]",
      "instances": [
        {
          "schema_version": 0,
          "attributes": {
            "arn": "arn:aws:eks:eu-north-1:245582572290:cluster/kubeflow",
            "certificate_authority": [
              {
                "data": "LS0tLS1CRUdJTiBDRVJUSUZJQ0FURS0tLS0tCk1JSUM1ekNDQWMrZ0F3SUJBZ0lCQURBTkJna3Foa2lHOXcwQkFRc0ZBREFWTVJNd0VRWURWUVFERXdwcmRXSmwKY201bGRHVnpNQjRYRFRJeE1Ea3lOekV6TXpjek9Wb1hEVE14TURreU5URXpNemN6T1Zvd0ZURVRNQkVHQTFVRQpBeE1LYTNWaVpYSnVaWFJsY3pDQ0FTSXdEUVlKS29aSWh2Y05BUUVCQlFBRGdnRVBBRENDQVFvQ2dnRUJBTzMyCk5pbUR4YWRJWllNVTRrVll6MDFSN1pYS3VKeFpUSFIrYmNmQ1ZHS3dZbXA3WjdsV00wU1JKVWxXcmpVMzdOcFQKSE5vUVBzdHBJbWlTeUZoeEJINDd1MEJNTkxUaDUrYzMyOXBMMEtlOGlTZGxjNHU0bUY2cjE4cUpnUW5YV28zUgpLYVl6eXZIL0xIYUliVWIwdkFLaW1Fd3dTNjBYb295K0RmTWdtM3VyWC9ZWHk2RGtwVDU2cnJ2a1kzS3ByNFd2CkZJbHFvcmpoMWNTd1BUOTdiaVRvM2VrZlI2OUhkTFM4b2tZVnRnNldFQlMxR2JxTloxaS96UTRxbXZwblY0NWcKT2ZWN2dDNm9qWlpXbk9YNktSZGszamhQeGc0bUJYVmh1d1o2cURDZ2lST1pIcWxoelNwQjc3cXN6enlZbm9OVApxWlJQTmNGQWJYeXIyKzYzNFA4Q0F3RUFBYU5DTUVBd0RnWURWUjBQQVFIL0JBUURBZ0trTUE4R0ExVWRFd0VCCi93UUZNQU1CQWY4d0hRWURWUjBPQkJZRUZJMFlYYklCcUVlSDdXS2xXbmpUTTBHMU15Wk5NQTBHQ1NxR1NJYjMKRFFFQkN3VUFBNElCQVFEa1FpVjFhMDYvR3lxRTkvVWdodkZBeGF3TXNVNldKWEFjMzdzTGRBMWNBSEdqT3hEeQoweG0xdXhhL0NXNFI0dklJWVY3STV3WGV0c2VTZUEwNGFqMVRjNEM2SEZXQ0IwTzN3QnJJd0lZNmVaU1BzRUFXCnlGT0FpRlhYYjlCQS96RThqMFI5bE5CK0kxMllscnVwVDIvUktwS3JPRFJJZGpINHVvQ2JTdWJBcTdYNGp3d2sKR20zMG1xWTZiVmQ0MEtZZHRuZjd0bTZlejlNcmFGcEtxYjhRVGZld1N4RE9TV2xSNEJteUc3cHBhemRMb2pqcApEMW4vR0d4dkphSGNWV1BRdDdzT1VZYzB5cUVGVWZkcFVOYzg5UE5mVXNDWFlOM2thdlhXaHcxS1VEOXNBSGhaCi9vWVNQeTVBQklTMVBhQXdSN1luVnREVUJHbUNRc2JZM0U3NQotLS0tLUVORCBDRVJUSUZJQ0FURS0tLS0tCg=="
              }
            ],
            "created_at": "2021-09-27 13:30:58.929 +0000 UTC",
            "enabled_cluster_log_types": [],
            "endpoint": "https://EF1B32B1F3A212B54EC05620F1307069.yl4.eu-north-1.eks.amazonaws.com",
            "id": "kubeflow",
            "identity": [
              {
                "oidc": [
                  {
                    "issuer": "https://oidc.eks.eu-north-1.amazonaws.com/id/EF1B32B1F3A212B54EC05620F1307069"
                  }
                ]
              }
            ],
            "kubernetes_network_config": [
              {
                "service_ipv4_cidr": "172.20.0.0/16"
              }
            ],
            "name": "kubeflow",
            "platform_version": "eks.2",
            "role_arn": "arn:aws:iam::245582572290:role/kubeflow20210927131820884500000001",
            "status": "ACTIVE",
            "tags": {
              "ENV": "development",
              "Environment": "development",
              "OWNER": "rgimadiev",
              "PRJ": "SAK",
              "Project": "sak"
            },
            "version": "1.21",
            "vpc_config": [
              {
                "cluster_security_group_id": "sg-0826eb467ceada5c2",
                "endpoint_private_access": false,
                "endpoint_public_access": true,
                "public_access_cidrs": [
                  "0.0.0.0/0"
                ],
                "security_group_ids": [
                  "sg-0cda9f254a14418b4"
                ],
                "subnet_ids": [
                  "subnet-00a09def3ac09c75e",
                  "subnet-0c0e47accfeee3b64"
                ],
                "vpc_id": "vpc-0e48f18b16abfbd9b"
              }
            ]
          },
          "sensitive_attributes": []
        }
      ]
    },
    {
      "module": "module.kubeflow",
      "mode": "data",
      "type": "aws_eks_cluster_auth",
      "name": "cluster",
      "provider": "provider[\"registry.terraform.io/hashicorp/aws\"]",
      "instances": [
        {
          "schema_version": 0,
          "attributes": {
            "id": "kubeflow",
            "name": "kubeflow",
            "token": "k8s-aws-v1.aHR0cHM6Ly9zdHMuYW1hem9uYXdzLmNvbS8_QWN0aW9uPUdldENhbGxlcklkZW50aXR5JlZlcnNpb249MjAxMS0wNi0xNSZYLUFtei1BbGdvcml0aG09QVdTNC1ITUFDLVNIQTI1NiZYLUFtei1DcmVkZW50aWFsPUFLSUFUU0xPNFZNQkVNQzJSTzdQJTJGMjAyMTA5MjglMkZ1cy1lYXN0LTElMkZzdHMlMkZhd3M0X3JlcXVlc3QmWC1BbXotRGF0ZT0yMDIxMDkyOFQxMTAzNDlaJlgtQW16LUV4cGlyZXM9MCZYLUFtei1TaWduZWRIZWFkZXJzPWhvc3QlM0J4LWs4cy1hd3MtaWQmWC1BbXotU2lnbmF0dXJlPTY1YjFlNGYwMTFmY2VjMzI5YzI2YmJhZTI5NmFlNTAzYzllNWI5ZGFjNGQ4NDA0NTIxNTRhZTI1OTljOGFjZDk"
          },
          "sensitive_attributes": []
        }
      ]
    },
    {
      "module": "module.kubeflow",
      "mode": "managed",
      "type": "local_file",
      "name": "kubeflow",
      "provider": "provider[\"registry.terraform.io/hashicorp/local\"]",
      "instances": [
        {
          "index_key": 0,
          "schema_version": 0,
          "attributes": {
            "content": "\"apiVersion\": \"argoproj.io/v1alpha1\"\n\"kind\": \"Application\"\n\"metadata\":\n  \"name\": \"kubeflow\"\n  \"namespace\": \"argocd\"\n\"spec\":\n  \"destination\":\n    \"namespace\": \"kubeflow\"\n    \"server\": \"https://kubernetes.default.svc\"\n  \"project\": \"default\"\n  \"source\":\n    \"path\": \"example/apps/kubeflow\"\n    \"plugin\":\n      \"name\": \"decryptor\"\n    \"repoURL\": \"https://github.com/RustamGimadiev/sak-kubeflow\"\n    \"targetRevision\": \"development\"\n  \"syncPolicy\":\n    \"automated\":\n      \"prune\": true\n      \"selfHeal\": true\n    \"syncOptions\":\n    - \"CreateNamespace=true\"\n",
            "content_base64": null,
            "directory_permission": "0777",
            "file_permission": "0777",
            "filename": "./apps/kubeflow.yaml",
            "id": "2d44a7f20d79eabcc18981dc9b53f304db89f2d5",
            "sensitive_content": null,
            "source": null
          },
          "sensitive_attributes": [],
          "private": "bnVsbA==",
          "dependencies": [
            "data.aws_eks_cluster.cluster",
            "module.kubernetes.module.eks.aws_iam_role_policy_attachment.cluster_AmazonEKSServicePolicy",
            "module.kubernetes.module.eks.aws_iam_role_policy_attachment.cluster_AmazonEKSVPCResourceControllerPolicy",
            "module.kubernetes.module.eks.aws_security_group.workers",
            "module.kubernetes.module.eks.aws_security_group_rule.cluster_egress_internet",
            "module.kubernetes.module.eks.data.aws_partition.current",
            "module.network.data.aws_availability_zones.available",
            "module.argocd.aws_kms_key.this",
            "module.kubernetes.module.eks.aws_cloudwatch_log_group.this",
            "module.kubernetes.module.eks.data.aws_iam_role.custom_cluster_iam_role",
            "module.network.data.template_file.private",
            "module.network.module.vpc.aws_vpc.this",
            "module.kubernetes.module.eks.aws_iam_role_policy_attachment.cluster_AmazonEKSClusterPolicy",
            "module.kubernetes.module.eks.aws_security_group.cluster",
            "module.kubernetes.module.eks.aws_security_group_rule.cluster_private_access_cidrs_source",
            "module.kubernetes.module.eks.aws_security_group_rule.cluster_private_access_sg_source",
            "module.kubernetes.module.eks.data.aws_iam_policy_document.cluster_assume_role_policy",
            "module.kubernetes.module.eks.data.http.wait_for_cluster",
            "module.network.module.vpc.aws_subnet.private",
            "data.aws_eks_cluster_auth.cluster",
            "module.argocd.kubernetes_namespace.this",
            "module.kubernetes.module.eks.aws_eks_cluster.this",
            "module.kubernetes.module.eks.aws_iam_role.cluster",
            "module.kubernetes.module.eks.aws_security_group_rule.cluster_https_worker_ingress",
            "module.network.module.vpc.aws_vpc_ipv4_cidr_block_association.this"
          ]
        }
      ]
    },
    {
      "module": "module.kubeflow",
      "mode": "managed",
      "type": "local_file",
      "name": "kubeflow_operator",
      "provider": "provider[\"registry.terraform.io/hashicorp/local\"]",
      "instances": [
        {
          "schema_version": 0,
          "attributes": {
            "content": "\"apiVersion\": \"argoproj.io/v1alpha1\"\n\"kind\": \"Application\"\n\"metadata\":\n  \"name\": \"kubeflow-operator\"\n  \"namespace\": \"argocd\"\n\"spec\":\n  \"destination\":\n    \"namespace\": \"operators\"\n    \"server\": \"https://kubernetes.default.svc\"\n  \"project\": \"default\"\n  \"source\":\n    \"path\": \"deploy\"\n    \"repoURL\": \"https://github.com/kubeflow/kfctl\"\n    \"targetRevision\": \"v1.2.0\"\n  \"syncPolicy\":\n    \"automated\":\n      \"prune\": true\n      \"selfHeal\": true\n    \"syncOptions\":\n    - \"CreateNamespace=true\"\n",
            "content_base64": null,
            "directory_permission": "0777",
            "file_permission": "0777",
            "filename": "./apps/kubeflow-operator.yaml",
            "id": "0a39fd0ea7759c18e94be88eeb9922ccfe0eb846",
            "sensitive_content": null,
            "source": null
          },
          "sensitive_attributes": [],
          "private": "bnVsbA==",
          "dependencies": [
            "data.aws_eks_cluster.cluster",
            "data.aws_eks_cluster_auth.cluster",
            "module.argocd.aws_kms_key.this",
            "module.argocd.kubernetes_namespace.this"
          ]
        }
      ]
    },
    {
      "module": "module.kubernetes",
      "mode": "data",
      "type": "aws_ami",
      "name": "eks_gpu_worker",
      "provider": "provider[\"registry.terraform.io/hashicorp/aws\"]",
      "instances": [
        {
          "schema_version": 0,
          "attributes": {
            "architecture": "x86_64",
            "arn": "arn:aws:ec2:eu-north-1::image/ami-0eaf84f96ca04f657",
            "block_device_mappings": [
              {
                "device_name": "/dev/xvda",
                "ebs": {
                  "delete_on_termination": "true",
                  "encrypted": "false",
                  "iops": "0",
                  "snapshot_id": "snap-000248dc9fd2f2a7b",
                  "throughput": "0",
                  "volume_size": "20",
                  "volume_type": "gp2"
                },
                "no_device": "",
                "virtual_name": ""
              }
            ],
            "creation_date": "2021-09-14T21:51:34.000Z",
            "description": "EKS Kubernetes Worker AMI for Machine Learning Accelerated Workloads on AmazonLinux2 image (k8s: 1.21.2, docker: 19.03.13ce-1.amzn2, containerd: 1.4.6-2.amzn2)",
            "ena_support": true,
            "executable_users": null,
            "filter": [
              {
                "name": "name",
                "values": [
                  "amazon-eks-gpu-node-1.21-*"
                ]
              }
            ],
            "hypervisor": "xen",
            "id": "ami-0eaf84f96ca04f657",
            "image_id": "ami-0eaf84f96ca04f657",
            "image_location": "amazon/amazon-eks-gpu-node-1.21-v20210914",
            "image_owner_alias": "amazon",
            "image_type": "machine",
            "kernel_id": null,
            "most_recent": true,
            "name": "amazon-eks-gpu-node-1.21-v20210914",
            "name_regex": null,
            "owner_id": "602401143452",
            "owners": [
              "602401143452"
            ],
            "platform": null,
            "platform_details": "Linux/UNIX",
            "product_codes": [],
            "public": true,
            "ramdisk_id": null,
            "root_device_name": "/dev/xvda",
            "root_device_type": "ebs",
            "root_snapshot_id": "snap-000248dc9fd2f2a7b",
            "sriov_net_support": "simple",
            "state": "available",
            "state_reason": {
              "code": "UNSET",
              "message": "UNSET"
            },
            "tags": {},
            "usage_operation": "RunInstances",
            "virtualization_type": "hvm"
          },
          "sensitive_attributes": []
        }
      ]
    },
    {
      "module": "module.kubernetes",
      "mode": "managed",
      "type": "aws_iam_openid_connect_provider",
      "name": "cluster",
      "provider": "provider[\"registry.terraform.io/hashicorp/aws\"]",
      "instances": [
        {
          "schema_version": 0,
          "attributes": {
            "arn": "arn:aws:iam::245582572290:oidc-provider/oidc.eks.eu-north-1.amazonaws.com/id/EF1B32B1F3A212B54EC05620F1307069",
            "client_id_list": [
              "sts.amazonaws.com"
            ],
            "id": "arn:aws:iam::245582572290:oidc-provider/oidc.eks.eu-north-1.amazonaws.com/id/EF1B32B1F3A212B54EC05620F1307069",
            "tags": {},
            "tags_all": {
              "ENV": "development",
              "OWNER": "rgimadiev",
              "PRJ": "SAK"
            },
            "thumbprint_list": [
              "9e99a48a9960b14926bb7f3b02e22da2b0ab7280"
            ],
            "url": "oidc.eks.eu-north-1.amazonaws.com/id/EF1B32B1F3A212B54EC05620F1307069"
          },
          "sensitive_attributes": [],
          "private": "bnVsbA==",
          "dependencies": [
            "module.kubernetes.module.eks.aws_iam_role_policy_attachment.cluster_AmazonEKSClusterPolicy",
            "module.kubernetes.module.eks.aws_iam_role_policy_attachment.cluster_AmazonEKSVPCResourceControllerPolicy",
            "module.kubernetes.module.eks.aws_security_group_rule.cluster_egress_internet",
            "module.network.module.vpc.aws_subnet.private",
            "module.kubernetes.module.eks.aws_security_group.cluster",
            "module.kubernetes.module.eks.data.aws_iam_role.custom_cluster_iam_role",
            "module.kubernetes.module.eks.data.aws_partition.current",
            "module.network.data.aws_availability_zones.available",
            "module.kubernetes.module.eks.aws_iam_role.cluster",
            "module.kubernetes.module.eks.aws_iam_role_policy_attachment.cluster_AmazonEKSServicePolicy",
            "module.network.module.vpc.aws_vpc.this",
            "module.network.module.vpc.aws_vpc_ipv4_cidr_block_association.this",
            "module.kubernetes.module.eks.aws_cloudwatch_log_group.this",
            "module.kubernetes.module.eks.aws_eks_cluster.this",
            "module.kubernetes.module.eks.aws_security_group.workers",
            "module.kubernetes.module.eks.aws_security_group_rule.cluster_https_worker_ingress",
            "module.kubernetes.module.eks.data.aws_iam_policy_document.cluster_assume_role_policy",
            "module.network.data.template_file.private"
          ]
        }
      ]
    },
    {
      "module": "module.kubernetes.module.eks",
      "mode": "data",
      "type": "aws_ami",
      "name": "eks_worker",
      "provider": "provider[\"registry.terraform.io/hashicorp/aws\"]",
      "instances": [
        {
          "index_key": 0,
          "schema_version": 0,
          "attributes": {
            "architecture": "x86_64",
            "arn": "arn:aws:ec2:eu-north-1::image/ami-006ee11787e39cde6",
            "block_device_mappings": [
              {
                "device_name": "/dev/xvda",
                "ebs": {
                  "delete_on_termination": "true",
                  "encrypted": "false",
                  "iops": "0",
                  "snapshot_id": "snap-0b4a9de27236670a7",
                  "throughput": "0",
                  "volume_size": "20",
                  "volume_type": "gp2"
                },
                "no_device": "",
                "virtual_name": ""
              }
            ],
            "creation_date": "2021-09-14T21:51:35.000Z",
            "description": "EKS Kubernetes Worker AMI with AmazonLinux2 image, (k8s: 1.21.2, docker: 19.03.13ce-1.amzn2, containerd: 1.4.6-2.amzn2)",
            "ena_support": true,
            "executable_users": null,
            "filter": [
              {
                "name": "name",
                "values": [
                  "amazon-eks-node-1.21-v*"
                ]
              }
            ],
            "hypervisor": "xen",
            "id": "ami-006ee11787e39cde6",
            "image_id": "ami-006ee11787e39cde6",
            "image_location": "amazon/amazon-eks-node-1.21-v20210914",
            "image_owner_alias": "amazon",
            "image_type": "machine",
            "kernel_id": null,
            "most_recent": true,
            "name": "amazon-eks-node-1.21-v20210914",
            "name_regex": null,
            "owner_id": "602401143452",
            "owners": [
              "amazon"
            ],
            "platform": null,
            "platform_details": "Linux/UNIX",
            "product_codes": [],
            "public": true,
            "ramdisk_id": null,
            "root_device_name": "/dev/xvda",
            "root_device_type": "ebs",
            "root_snapshot_id": "snap-0b4a9de27236670a7",
            "sriov_net_support": "simple",
            "state": "available",
            "state_reason": {
              "code": "UNSET",
              "message": "UNSET"
            },
            "tags": {},
            "usage_operation": "RunInstances",
            "virtualization_type": "hvm"
          },
          "sensitive_attributes": []
        }
      ]
    },
    {
      "module": "module.kubernetes.module.eks",
      "mode": "data",
      "type": "aws_caller_identity",
      "name": "current",
      "provider": "provider[\"registry.terraform.io/hashicorp/aws\"]",
      "instances": [
        {
          "schema_version": 0,
          "attributes": {
            "account_id": "245582572290",
            "arn": "arn:aws:iam::245582572290:user/rgimadiev",
            "id": "245582572290",
            "user_id": "AIDATSLO4VMBF6SSFO7YS"
          },
          "sensitive_attributes": []
        }
      ]
    },
    {
      "module": "module.kubernetes.module.eks",
      "mode": "data",
      "type": "aws_iam_policy_document",
      "name": "cluster_assume_role_policy",
      "provider": "provider[\"registry.terraform.io/hashicorp/aws\"]",
      "instances": [
        {
          "schema_version": 0,
          "attributes": {
            "id": "2764486067",
            "json": "{\n  \"Version\": \"2012-10-17\",\n  \"Statement\": [\n    {\n      \"Sid\": \"EKSClusterAssumeRole\",\n      \"Effect\": \"Allow\",\n      \"Action\": \"sts:AssumeRole\",\n      \"Principal\": {\n        \"Service\": \"eks.amazonaws.com\"\n      }\n    }\n  ]\n}",
            "override_json": null,
            "override_policy_documents": null,
            "policy_id": null,
            "source_json": null,
            "source_policy_documents": null,
            "statement": [
              {
                "actions": [
                  "sts:AssumeRole"
                ],
                "condition": [],
                "effect": "Allow",
                "not_actions": [],
                "not_principals": [],
                "not_resources": [],
                "principals": [
                  {
                    "identifiers": [
                      "eks.amazonaws.com"
                    ],
                    "type": "Service"
                  }
                ],
                "resources": [],
                "sid": "EKSClusterAssumeRole"
              }
            ],
            "version": "2012-10-17"
          },
          "sensitive_attributes": []
        }
      ]
    },
    {
      "module": "module.kubernetes.module.eks",
      "mode": "data",
      "type": "aws_iam_policy_document",
      "name": "cluster_elb_sl_role_creation",
      "provider": "provider[\"registry.terraform.io/hashicorp/aws\"]",
      "instances": [
        {
          "index_key": 0,
          "schema_version": 0,
          "attributes": {
            "id": "3709839417",
            "json": "{\n  \"Version\": \"2012-10-17\",\n  \"Statement\": [\n    {\n      \"Sid\": \"\",\n      \"Effect\": \"Allow\",\n      \"Action\": [\n        \"ec2:DescribeInternetGateways\",\n        \"ec2:DescribeAddresses\",\n        \"ec2:DescribeAccountAttributes\"\n      ],\n      \"Resource\": \"*\"\n    }\n  ]\n}",
            "override_json": null,
            "override_policy_documents": null,
            "policy_id": null,
            "source_json": null,
            "source_policy_documents": null,
            "statement": [
              {
                "actions": [
                  "ec2:DescribeAccountAttributes",
                  "ec2:DescribeAddresses",
                  "ec2:DescribeInternetGateways"
                ],
                "condition": [],
                "effect": "Allow",
                "not_actions": [],
                "not_principals": [],
                "not_resources": [],
                "principals": [],
                "resources": [
                  "*"
                ],
                "sid": ""
              }
            ],
            "version": "2012-10-17"
          },
          "sensitive_attributes": []
        }
      ]
    },
    {
      "module": "module.kubernetes.module.eks",
      "mode": "data",
      "type": "aws_iam_policy_document",
      "name": "workers_assume_role_policy",
      "provider": "provider[\"registry.terraform.io/hashicorp/aws\"]",
      "instances": [
        {
          "schema_version": 0,
          "attributes": {
            "id": "3778018924",
            "json": "{\n  \"Version\": \"2012-10-17\",\n  \"Statement\": [\n    {\n      \"Sid\": \"EKSWorkerAssumeRole\",\n      \"Effect\": \"Allow\",\n      \"Action\": \"sts:AssumeRole\",\n      \"Principal\": {\n        \"Service\": \"ec2.amazonaws.com\"\n      }\n    }\n  ]\n}",
            "override_json": null,
            "override_policy_documents": null,
            "policy_id": null,
            "source_json": null,
            "source_policy_documents": null,
            "statement": [
              {
                "actions": [
                  "sts:AssumeRole"
                ],
                "condition": [],
                "effect": "Allow",
                "not_actions": [],
                "not_principals": [],
                "not_resources": [],
                "principals": [
                  {
                    "identifiers": [
                      "ec2.amazonaws.com"
                    ],
                    "type": "Service"
                  }
                ],
                "resources": [],
                "sid": "EKSWorkerAssumeRole"
              }
            ],
            "version": "2012-10-17"
          },
          "sensitive_attributes": []
        }
      ]
    },
    {
      "module": "module.kubernetes.module.eks",
      "mode": "data",
      "type": "aws_partition",
      "name": "current",
      "provider": "provider[\"registry.terraform.io/hashicorp/aws\"]",
      "instances": [
        {
          "schema_version": 0,
          "attributes": {
            "dns_suffix": "amazonaws.com",
            "id": "aws",
            "partition": "aws",
            "reverse_dns_prefix": "com.amazonaws"
          },
          "sensitive_attributes": []
        }
      ]
    },
    {
      "module": "module.kubernetes.module.eks",
      "mode": "data",
      "type": "http",
      "name": "wait_for_cluster",
      "provider": "provider[\"registry.terraform.io/terraform-aws-modules/http\"]",
      "instances": [
        {
          "index_key": 0,
          "schema_version": 0,
          "attributes": {
            "body": "ok",
            "ca_certificate": "-----BEGIN CERTIFICATE-----\nMIIC5zCCAc+gAwIBAgIBADANBgkqhkiG9w0BAQsFADAVMRMwEQYDVQQDEwprdWJl\ncm5ldGVzMB4XDTIxMDkyNzEzMzczOVoXDTMxMDkyNTEzMzczOVowFTETMBEGA1UE\nAxMKa3ViZXJuZXRlczCCASIwDQYJKoZIhvcNAQEBBQADggEPADCCAQoCggEBAO32\nNimDxadIZYMU4kVYz01R7ZXKuJxZTHR+bcfCVGKwYmp7Z7lWM0SRJUlWrjU37NpT\nHNoQPstpImiSyFhxBH47u0BMNLTh5+c329pL0Ke8iSdlc4u4mF6r18qJgQnXWo3R\nKaYzyvH/LHaIbUb0vAKimEwwS60Xooy+DfMgm3urX/YXy6DkpT56rrvkY3Kpr4Wv\nFIlqorjh1cSwPT97biTo3ekfR69HdLS8okYVtg6WEBS1GbqNZ1i/zQ4qmvpnV45g\nOfV7gC6ojZZWnOX6KRdk3jhPxg4mBXVhuwZ6qDCgiROZHqlhzSpB77qszzyYnoNT\nqZRPNcFAbXyr2+634P8CAwEAAaNCMEAwDgYDVR0PAQH/BAQDAgKkMA8GA1UdEwEB\n/wQFMAMBAf8wHQYDVR0OBBYEFI0YXbIBqEeH7WKlWnjTM0G1MyZNMA0GCSqGSIb3\nDQEBCwUAA4IBAQDkQiV1a06/GyqE9/UghvFAxawMsU6WJXAc37sLdA1cAHGjOxDy\n0xm1uxa/CW4R4vIIYV7I5wXetseSeA04aj1Tc4C6HFWCB0O3wBrIwIY6eZSPsEAW\nyFOAiFXXb9BA/zE8j0R9lNB+I12YlrupT2/RKpKrODRIdjH4uoCbSubAq7X4jwwk\nGm30mqY6bVd40KYdtnf7tm6ez9MraFpKqb8QTfewSxDOSWlR4BmyG7ppazdLojjp\nD1n/GGxvJaHcVWPQt7sOUYc0yqEFUfdpUNc89PNfUsCXYN3kavXWhw1KUD9sAHhZ\n/oYSPy5ABIS1PaAwR7YnVtDUBGmCQsbY3E75\n-----END CERTIFICATE-----\n",
            "id": "https://EF1B32B1F3A212B54EC05620F1307069.yl4.eu-north-1.eks.amazonaws.com/healthz",
            "insecure": false,
            "request_headers": null,
            "response_headers": {
              "Cache-Control": "no-cache, private",
              "Content-Length": "2",
              "Content-Type": "text/plain; charset=utf-8",
              "Date": "Tue, 28 Sep 2021 11:03:47 GMT",
              "X-Content-Type-Options": "nosniff",
              "X-Kubernetes-Pf-Flowschema-Uid": "ebced2cd-38db-49cb-836b-abd141b573b0",
              "X-Kubernetes-Pf-Prioritylevel-Uid": "6512fa71-87bf-47d1-bf9c-11eeee37a0db"
            },
            "timeout": 300,
            "url": "https://EF1B32B1F3A212B54EC05620F1307069.yl4.eu-north-1.eks.amazonaws.com/healthz"
          },
          "sensitive_attributes": []
        }
      ]
    },
    {
      "module": "module.kubernetes.module.eks",
      "mode": "managed",
      "type": "aws_autoscaling_group",
      "name": "workers_launch_template",
      "provider": "provider[\"registry.terraform.io/hashicorp/aws\"]",
      "instances": [
        {
          "index_key": 0,
          "schema_version": 0,
          "attributes": {
            "arn": "arn:aws:autoscaling:eu-north-1:245582572290:autoScalingGroup:e6f263b8-ebca-40d2-8649-072e27035714:autoScalingGroupName/kubeflow-020210928093006523700000019",
            "availability_zones": [
              "eu-north-1a"
            ],
            "capacity_rebalance": false,
            "default_cooldown": 300,
            "desired_capacity": 1,
            "enabled_metrics": [],
            "force_delete": false,
            "force_delete_warm_pool": false,
            "health_check_grace_period": 300,
            "health_check_type": "EC2",
            "id": "kubeflow-020210928093006523700000019",
            "initial_lifecycle_hook": [],
            "instance_refresh": [],
            "launch_configuration": "",
            "launch_template": [],
            "load_balancers": [],
            "max_instance_lifetime": 0,
            "max_size": 1,
            "metrics_granularity": "1Minute",
            "min_elb_capacity": null,
            "min_size": 1,
            "mixed_instances_policy": [
              {
                "instances_distribution": [
                  {
                    "on_demand_allocation_strategy": "prioritized",
                    "on_demand_base_capacity": 0,
                    "on_demand_percentage_above_base_capacity": 100,
                    "spot_allocation_strategy": "lowest-price",
                    "spot_instance_pools": 10,
                    "spot_max_price": ""
                  }
                ],
                "launch_template": [
                  {
                    "launch_template_specification": [
                      {
                        "launch_template_id": "lt-05c7f241a70b417df",
                        "launch_template_name": "kubeflow-020210928093005398600000017",
                        "version": "1"
                      }
                    ],
                    "override": [
                      {
                        "instance_type": "m5.large",
                        "launch_template_specification": [],
                        "weighted_capacity": ""
                      },
                      {
                        "instance_type": "m5.xlarge",
                        "launch_template_specification": [],
                        "weighted_capacity": ""
                      },
                      {
                        "instance_type": "m5.2xlarge",
                        "launch_template_specification": [],
                        "weighted_capacity": ""
                      }
                    ]
                  }
                ]
              }
            ],
            "name": "kubeflow-020210928093006523700000019",
            "name_prefix": "kubeflow-0",
            "placement_group": "",
            "protect_from_scale_in": false,
            "service_linked_role_arn": "arn:aws:iam::245582572290:role/aws-service-role/autoscaling.amazonaws.com/AWSServiceRoleForAutoScaling",
            "suspended_processes": [
              "AZRebalance"
            ],
            "tag": [
              {
                "key": "Environment",
                "propagate_at_launch": true,
                "value": "development"
              },
              {
                "key": "Name",
                "propagate_at_launch": true,
                "value": "kubeflow-0-eks_asg"
              },
              {
                "key": "Project",
                "propagate_at_launch": true,
                "value": "sak"
              },
              {
                "key": "k8s.io/cluster-autoscaler/enabled",
                "propagate_at_launch": true,
                "value": "true"
              },
              {
                "key": "k8s.io/cluster-autoscaler/kubeflow",
                "propagate_at_launch": true,
                "value": "owned"
              },
              {
                "key": "k8s.io/cluster-autoscaler/node-template/label/node-type",
                "propagate_at_launch": true,
                "value": "common"
              },
              {
                "key": "kubernetes.io/cluster/kubeflow",
                "propagate_at_launch": true,
                "value": "owned"
              }
            ],
            "tags": null,
            "target_group_arns": [],
            "termination_policies": [],
            "timeouts": null,
            "vpc_zone_identifier": [
              "subnet-0c0e47accfeee3b64"
            ],
            "wait_for_capacity_timeout": "10m",
            "wait_for_elb_capacity": null,
            "warm_pool": []
          },
          "sensitive_attributes": [],
          "private": "eyJlMmJmYjczMC1lY2FhLTExZTYtOGY4OC0zNDM2M2JjN2M0YzAiOnsiZGVsZXRlIjo2MDAwMDAwMDAwMDB9fQ==",
          "dependencies": [
            "module.kubernetes.module.eks.aws_iam_role_policy_attachment.workers_additional_policies",
            "module.kubernetes.module.eks.aws_security_group_rule.workers_ingress_cluster",
            "module.kubernetes.module.eks.aws_security_group_rule.workers_ingress_cluster_kubelet",
            "module.kubernetes.module.eks.aws_security_group_rule.workers_ingress_self",
            "module.kubernetes.module.eks.data.aws_iam_policy_document.workers_assume_role_policy",
            "module.kubernetes.data.aws_ami.eks_gpu_worker",
            "module.kubernetes.module.eks.aws_iam_role_policy_attachment.cluster_AmazonEKSVPCResourceControllerPolicy",
            "module.kubernetes.module.eks.aws_iam_role_policy_attachment.workers_AmazonEKSWorkerNodePolicy",
            "module.network.data.template_file.private",
            "module.kubernetes.module.eks.aws_security_group_rule.cluster_egress_internet",
            "module.kubernetes.module.eks.aws_security_group_rule.workers_ingress_cluster_https",
            "module.network.module.vpc.aws_subnet.private",
            "module.network.module.vpc.aws_vpc.this",
            "module.kubernetes.module.eks.aws_launch_template.workers_launch_template",
            "module.kubernetes.module.eks.aws_security_group.cluster",
            "module.kubernetes.module.eks.aws_security_group.workers",
            "module.kubernetes.module.eks.aws_security_group_rule.cluster_primary_ingress_workers",
            "module.kubernetes.module.eks.data.aws_iam_role.custom_cluster_iam_role",
            "module.kubernetes.module.eks.data.aws_partition.current",
            "module.kubernetes.module.eks.aws_iam_role.cluster",
            "module.kubernetes.module.eks.aws_iam_role_policy_attachment.cluster_AmazonEKSServicePolicy",
            "module.kubernetes.module.eks.aws_security_group_rule.cluster_https_worker_ingress",
            "module.kubernetes.module.eks.aws_iam_instance_profile.workers_launch_template",
            "module.kubernetes.module.eks.data.aws_ami.eks_worker",
            "module.network.data.aws_availability_zones.available",
            "module.kubernetes.module.eks.aws_iam_role.workers",
            "module.kubernetes.module.eks.data.aws_iam_policy_document.cluster_assume_role_policy",
            "module.network.module.vpc.aws_vpc_ipv4_cidr_block_association.this",
            "module.kubernetes.module.eks.aws_cloudwatch_log_group.this",
            "module.kubernetes.module.eks.aws_eks_cluster.this",
            "module.kubernetes.module.eks.aws_security_group_rule.workers_egress_internet",
            "module.kubernetes.module.eks.aws_iam_role_policy_attachment.cluster_AmazonEKSClusterPolicy",
            "module.kubernetes.module.eks.aws_iam_role_policy_attachment.workers_AmazonEKS_CNI_Policy",
            "module.kubernetes.module.eks.aws_security_group_rule.workers_ingress_cluster_primary",
            "module.kubernetes.module.eks.aws_iam_role_policy_attachment.workers_AmazonEC2ContainerRegistryReadOnly",
            "module.kubernetes.module.eks.data.aws_ami.eks_worker_windows",
            "module.kubernetes.module.eks.data.aws_iam_instance_profile.custom_worker_group_launch_template_iam_instance_profile"
          ],
          "create_before_destroy": true
        },
        {
          "index_key": 1,
          "schema_version": 0,
          "attributes": {
            "arn": "arn:aws:autoscaling:eu-north-1:245582572290:autoScalingGroup:92f96914-652d-42c6-8256-f7f4e8c80144:autoScalingGroupName/kubeflow-12021092809300653430000001a",
            "availability_zones": [
              "eu-north-1b"
            ],
            "capacity_rebalance": false,
            "default_cooldown": 300,
            "desired_capacity": 1,
            "enabled_metrics": [],
            "force_delete": false,
            "force_delete_warm_pool": false,
            "health_check_grace_period": 300,
            "health_check_type": "EC2",
            "id": "kubeflow-12021092809300653430000001a",
            "initial_lifecycle_hook": [],
            "instance_refresh": [],
            "launch_configuration": "",
            "launch_template": [],
            "load_balancers": [],
            "max_instance_lifetime": 0,
            "max_size": 1,
            "metrics_granularity": "1Minute",
            "min_elb_capacity": null,
            "min_size": 1,
            "mixed_instances_policy": [
              {
                "instances_distribution": [
                  {
                    "on_demand_allocation_strategy": "prioritized",
                    "on_demand_base_capacity": 0,
                    "on_demand_percentage_above_base_capacity": 100,
                    "spot_allocation_strategy": "lowest-price",
                    "spot_instance_pools": 10,
                    "spot_max_price": ""
                  }
                ],
                "launch_template": [
                  {
                    "launch_template_specification": [
                      {
                        "launch_template_id": "lt-0370f23440d1a236c",
                        "launch_template_name": "kubeflow-120210928093005397700000015",
                        "version": "1"
                      }
                    ],
                    "override": [
                      {
                        "instance_type": "m5.large",
                        "launch_template_specification": [],
                        "weighted_capacity": ""
                      },
                      {
                        "instance_type": "m5.xlarge",
                        "launch_template_specification": [],
                        "weighted_capacity": ""
                      },
                      {
                        "instance_type": "m5.2xlarge",
                        "launch_template_specification": [],
                        "weighted_capacity": ""
                      }
                    ]
                  }
                ]
              }
            ],
            "name": "kubeflow-12021092809300653430000001a",
            "name_prefix": "kubeflow-1",
            "placement_group": "",
            "protect_from_scale_in": false,
            "service_linked_role_arn": "arn:aws:iam::245582572290:role/aws-service-role/autoscaling.amazonaws.com/AWSServiceRoleForAutoScaling",
            "suspended_processes": [
              "AZRebalance"
            ],
            "tag": [
              {
                "key": "Environment",
                "propagate_at_launch": true,
                "value": "development"
              },
              {
                "key": "Name",
                "propagate_at_launch": true,
                "value": "kubeflow-1-eks_asg"
              },
              {
                "key": "Project",
                "propagate_at_launch": true,
                "value": "sak"
              },
              {
                "key": "k8s.io/cluster-autoscaler/enabled",
                "propagate_at_launch": true,
                "value": "true"
              },
              {
                "key": "k8s.io/cluster-autoscaler/kubeflow",
                "propagate_at_launch": true,
                "value": "owned"
              },
              {
                "key": "k8s.io/cluster-autoscaler/node-template/label/node-type",
                "propagate_at_launch": true,
                "value": "common"
              },
              {
                "key": "kubernetes.io/cluster/kubeflow",
                "propagate_at_launch": true,
                "value": "owned"
              }
            ],
            "tags": null,
            "target_group_arns": [],
            "termination_policies": [],
            "timeouts": null,
            "vpc_zone_identifier": [
              "subnet-00a09def3ac09c75e"
            ],
            "wait_for_capacity_timeout": "10m",
            "wait_for_elb_capacity": null,
            "warm_pool": []
          },
          "sensitive_attributes": [],
          "private": "eyJlMmJmYjczMC1lY2FhLTExZTYtOGY4OC0zNDM2M2JjN2M0YzAiOnsiZGVsZXRlIjo2MDAwMDAwMDAwMDB9fQ==",
          "dependencies": [
            "module.kubernetes.module.eks.aws_security_group_rule.workers_ingress_cluster_primary",
            "module.kubernetes.data.aws_ami.eks_gpu_worker",
            "module.kubernetes.module.eks.aws_eks_cluster.this",
            "module.kubernetes.module.eks.aws_iam_role.workers",
            "module.kubernetes.module.eks.aws_iam_role_policy_attachment.workers_AmazonEKSWorkerNodePolicy",
            "module.kubernetes.module.eks.aws_security_group_rule.cluster_egress_internet",
            "module.kubernetes.module.eks.aws_security_group_rule.cluster_https_worker_ingress",
            "module.kubernetes.module.eks.aws_security_group_rule.cluster_primary_ingress_workers",
            "module.network.data.aws_availability_zones.available",
            "module.network.module.vpc.aws_vpc.this",
            "module.kubernetes.module.eks.aws_iam_role.cluster",
            "module.kubernetes.module.eks.aws_iam_role_policy_attachment.cluster_AmazonEKSClusterPolicy",
            "module.kubernetes.module.eks.aws_security_group.cluster",
            "module.kubernetes.module.eks.aws_iam_role_policy_attachment.workers_AmazonEKS_CNI_Policy",
            "module.kubernetes.module.eks.aws_security_group_rule.workers_egress_internet",
            "module.kubernetes.module.eks.aws_iam_instance_profile.workers_launch_template",
            "module.kubernetes.module.eks.aws_iam_role_policy_attachment.cluster_AmazonEKSServicePolicy",
            "module.kubernetes.module.eks.data.aws_ami.eks_worker",
            "module.kubernetes.module.eks.data.aws_partition.current",
            "module.network.data.template_file.private",
            "module.network.module.vpc.aws_subnet.private",
            "module.kubernetes.module.eks.aws_cloudwatch_log_group.this",
            "module.kubernetes.module.eks.aws_security_group_rule.workers_ingress_cluster_kubelet",
            "module.kubernetes.module.eks.data.aws_ami.eks_worker_windows",
            "module.kubernetes.module.eks.data.aws_iam_policy_document.cluster_assume_role_policy",
            "module.kubernetes.module.eks.data.aws_iam_policy_document.workers_assume_role_policy",
            "module.network.module.vpc.aws_vpc_ipv4_cidr_block_association.this",
            "module.kubernetes.module.eks.aws_iam_role_policy_attachment.cluster_AmazonEKSVPCResourceControllerPolicy",
            "module.kubernetes.module.eks.aws_iam_role_policy_attachment.workers_AmazonEC2ContainerRegistryReadOnly",
            "module.kubernetes.module.eks.aws_launch_template.workers_launch_template",
            "module.kubernetes.module.eks.aws_security_group.workers",
            "module.kubernetes.module.eks.aws_security_group_rule.workers_ingress_cluster_https",
            "module.kubernetes.module.eks.data.aws_iam_instance_profile.custom_worker_group_launch_template_iam_instance_profile",
            "module.kubernetes.module.eks.aws_iam_role_policy_attachment.workers_additional_policies",
            "module.kubernetes.module.eks.aws_security_group_rule.workers_ingress_cluster",
            "module.kubernetes.module.eks.aws_security_group_rule.workers_ingress_self",
            "module.kubernetes.module.eks.data.aws_iam_role.custom_cluster_iam_role"
          ],
          "create_before_destroy": true
        },
        {
          "index_key": 2,
          "schema_version": 0,
          "attributes": {
            "arn": "arn:aws:autoscaling:eu-north-1:245582572290:autoScalingGroup:f424ccf6-4fe0-43ad-b5ac-261fa3e4ec7c:autoScalingGroupName/kubeflow-22021092809300653660000001b",
            "availability_zones": [
              "eu-north-1a",
              "eu-north-1b"
            ],
            "capacity_rebalance": false,
            "default_cooldown": 300,
            "desired_capacity": 0,
            "enabled_metrics": [],
            "force_delete": false,
            "force_delete_warm_pool": false,
            "health_check_grace_period": 300,
            "health_check_type": "EC2",
            "id": "kubeflow-22021092809300653660000001b",
            "initial_lifecycle_hook": [],
            "instance_refresh": [],
            "launch_configuration": "",
            "launch_template": [],
            "load_balancers": [],
            "max_instance_lifetime": 0,
            "max_size": 0,
            "metrics_granularity": "1Minute",
            "min_elb_capacity": null,
            "min_size": 0,
            "mixed_instances_policy": [
              {
                "instances_distribution": [
                  {
                    "on_demand_allocation_strategy": "prioritized",
                    "on_demand_base_capacity": 0,
                    "on_demand_percentage_above_base_capacity": 100,
                    "spot_allocation_strategy": "lowest-price",
                    "spot_instance_pools": 10,
                    "spot_max_price": ""
                  }
                ],
                "launch_template": [
                  {
                    "launch_template_specification": [
                      {
                        "launch_template_id": "lt-00403cb7d4c84a48c",
                        "launch_template_name": "kubeflow-220210928093005393500000011",
                        "version": "1"
                      }
                    ],
                    "override": [
                      {
                        "instance_type": "c5.xlarge",
                        "launch_template_specification": [],
                        "weighted_capacity": ""
                      },
                      {
                        "instance_type": "c5.2xlarge",
                        "launch_template_specification": [],
                        "weighted_capacity": ""
                      },
                      {
                        "instance_type": "c5n.xlarge",
                        "launch_template_specification": [],
                        "weighted_capacity": ""
                      }
                    ]
                  }
                ]
              }
            ],
            "name": "kubeflow-22021092809300653660000001b",
            "name_prefix": "kubeflow-2",
            "placement_group": "",
            "protect_from_scale_in": false,
            "service_linked_role_arn": "arn:aws:iam::245582572290:role/aws-service-role/autoscaling.amazonaws.com/AWSServiceRoleForAutoScaling",
            "suspended_processes": [
              "AZRebalance"
            ],
            "tag": [
              {
                "key": "Environment",
                "propagate_at_launch": true,
                "value": "development"
              },
              {
                "key": "Name",
                "propagate_at_launch": true,
                "value": "kubeflow-2-eks_asg"
              },
              {
                "key": "Project",
                "propagate_at_launch": true,
                "value": "sak"
              },
              {
                "key": "k8s.io/cluster-autoscaler/enabled",
                "propagate_at_launch": true,
                "value": "true"
              },
              {
                "key": "k8s.io/cluster-autoscaler/kubeflow",
                "propagate_at_launch": true,
                "value": "owned"
              },
              {
                "key": "k8s.io/cluster-autoscaler/node-template/label/node-type",
                "propagate_at_launch": true,
                "value": "cpu"
              },
              {
                "key": "k8s.io/cluster-autoscaler/node-template/taint/node-type",
                "propagate_at_launch": true,
                "value": "cpu:NoSchedule"
              },
              {
                "key": "kubernetes.io/cluster/kubeflow",
                "propagate_at_launch": true,
                "value": "owned"
              }
            ],
            "tags": null,
            "target_group_arns": [],
            "termination_policies": [],
            "timeouts": null,
            "vpc_zone_identifier": [
              "subnet-00a09def3ac09c75e",
              "subnet-0c0e47accfeee3b64"
            ],
            "wait_for_capacity_timeout": "10m",
            "wait_for_elb_capacity": null,
            "warm_pool": []
          },
          "sensitive_attributes": [],
          "private": "eyJlMmJmYjczMC1lY2FhLTExZTYtOGY4OC0zNDM2M2JjN2M0YzAiOnsiZGVsZXRlIjo2MDAwMDAwMDAwMDB9fQ==",
          "dependencies": [
            "module.kubernetes.module.eks.aws_iam_instance_profile.workers_launch_template",
            "module.kubernetes.module.eks.aws_launch_template.workers_launch_template",
            "module.kubernetes.module.eks.aws_security_group_rule.workers_ingress_cluster",
            "module.kubernetes.module.eks.data.aws_iam_instance_profile.custom_worker_group_launch_template_iam_instance_profile",
            "module.network.module.vpc.aws_subnet.private",
            "module.kubernetes.data.aws_ami.eks_gpu_worker",
            "module.kubernetes.module.eks.aws_cloudwatch_log_group.this",
            "module.kubernetes.module.eks.aws_iam_role_policy_attachment.workers_additional_policies",
            "module.kubernetes.module.eks.aws_security_group_rule.cluster_https_worker_ingress",
            "module.kubernetes.module.eks.aws_security_group_rule.workers_ingress_cluster_primary",
            "module.kubernetes.module.eks.data.aws_ami.eks_worker",
            "module.kubernetes.module.eks.data.aws_ami.eks_worker_windows",
            "module.network.module.vpc.aws_vpc.this",
            "module.kubernetes.module.eks.aws_iam_role_policy_attachment.workers_AmazonEKS_CNI_Policy",
            "module.kubernetes.module.eks.aws_security_group.workers",
            "module.kubernetes.module.eks.data.aws_iam_policy_document.cluster_assume_role_policy",
            "module.kubernetes.module.eks.data.aws_partition.current",
            "module.kubernetes.module.eks.aws_iam_role.cluster",
            "module.kubernetes.module.eks.aws_iam_role_policy_attachment.cluster_AmazonEKSVPCResourceControllerPolicy",
            "module.kubernetes.module.eks.aws_iam_role_policy_attachment.workers_AmazonEC2ContainerRegistryReadOnly",
            "module.kubernetes.module.eks.data.aws_iam_role.custom_cluster_iam_role",
            "module.kubernetes.module.eks.aws_iam_role.workers",
            "module.kubernetes.module.eks.aws_security_group_rule.cluster_primary_ingress_workers",
            "module.kubernetes.module.eks.aws_security_group_rule.workers_egress_internet",
            "module.kubernetes.module.eks.aws_security_group_rule.workers_ingress_self",
            "module.kubernetes.module.eks.aws_eks_cluster.this",
            "module.kubernetes.module.eks.aws_iam_role_policy_attachment.cluster_AmazonEKSClusterPolicy",
            "module.kubernetes.module.eks.aws_security_group.cluster",
            "module.kubernetes.module.eks.aws_security_group_rule.cluster_egress_internet",
            "module.kubernetes.module.eks.aws_security_group_rule.workers_ingress_cluster_https",
            "module.network.data.aws_availability_zones.available",
            "module.kubernetes.module.eks.aws_iam_role_policy_attachment.cluster_AmazonEKSServicePolicy",
            "module.kubernetes.module.eks.aws_iam_role_policy_attachment.workers_AmazonEKSWorkerNodePolicy",
            "module.kubernetes.module.eks.aws_security_group_rule.workers_ingress_cluster_kubelet",
            "module.kubernetes.module.eks.data.aws_iam_policy_document.workers_assume_role_policy",
            "module.network.data.template_file.private",
            "module.network.module.vpc.aws_vpc_ipv4_cidr_block_association.this"
          ],
          "create_before_destroy": true
        },
        {
          "index_key": 3,
          "schema_version": 0,
          "attributes": {
            "arn": "arn:aws:autoscaling:eu-north-1:245582572290:autoScalingGroup:ac1d5f13-17b2-4726-9987-760ec63ee3be:autoScalingGroupName/kubeflow-32021092809300655040000001c",
            "availability_zones": [
              "eu-north-1a",
              "eu-north-1b"
            ],
            "capacity_rebalance": false,
            "default_cooldown": 300,
            "desired_capacity": 0,
            "enabled_metrics": [],
            "force_delete": false,
            "force_delete_warm_pool": false,
            "health_check_grace_period": 300,
            "health_check_type": "EC2",
            "id": "kubeflow-32021092809300655040000001c",
            "initial_lifecycle_hook": [],
            "instance_refresh": [],
            "launch_configuration": "",
            "launch_template": [],
            "load_balancers": [],
            "max_instance_lifetime": 0,
            "max_size": 2,
            "metrics_granularity": "1Minute",
            "min_elb_capacity": null,
            "min_size": 0,
            "mixed_instances_policy": [
              {
                "instances_distribution": [
                  {
                    "on_demand_allocation_strategy": "prioritized",
                    "on_demand_base_capacity": 0,
                    "on_demand_percentage_above_base_capacity": 100,
                    "spot_allocation_strategy": "lowest-price",
                    "spot_instance_pools": 10,
                    "spot_max_price": ""
                  }
                ],
                "launch_template": [
                  {
                    "launch_template_specification": [
                      {
                        "launch_template_id": "lt-02e9289595b9129f4",
                        "launch_template_name": "kubeflow-320210928093005394800000013",
                        "version": "1"
                      }
                    ],
                    "override": [
                      {
                        "instance_type": "g4dn.xlarge",
                        "launch_template_specification": [],
                        "weighted_capacity": ""
                      }
                    ]
                  }
                ]
              }
            ],
            "name": "kubeflow-32021092809300655040000001c",
            "name_prefix": "kubeflow-3",
            "placement_group": "",
            "protect_from_scale_in": false,
            "service_linked_role_arn": "arn:aws:iam::245582572290:role/aws-service-role/autoscaling.amazonaws.com/AWSServiceRoleForAutoScaling",
            "suspended_processes": [
              "AZRebalance"
            ],
            "tag": [
              {
                "key": "Environment",
                "propagate_at_launch": true,
                "value": "development"
              },
              {
                "key": "Name",
                "propagate_at_launch": true,
                "value": "kubeflow-3-eks_asg"
              },
              {
                "key": "Project",
                "propagate_at_launch": true,
                "value": "sak"
              },
              {
                "key": "k8s.io/cluster-autoscaler/enabled",
                "propagate_at_launch": true,
                "value": "true"
              },
              {
                "key": "k8s.io/cluster-autoscaler/kubeflow",
                "propagate_at_launch": true,
                "value": "owned"
              },
              {
                "key": "k8s.io/cluster-autoscaler/node-template/label/node-type",
                "propagate_at_launch": true,
                "value": "gpu"
              },
              {
                "key": "k8s.io/cluster-autoscaler/node-template/label/nvidia.com/gpu",
                "propagate_at_launch": true,
                "value": "gpu"
              },
              {
                "key": "k8s.io/cluster-autoscaler/node-template/resources/nvidia.com/gpu",
                "propagate_at_launch": true,
                "value": "1"
              },
              {
                "key": "k8s.io/cluster-autoscaler/node-template/taint/node-type",
                "propagate_at_launch": true,
                "value": "gpu:NoSchedule"
              },
              {
                "key": "k8s.io/cluster-autoscaler/node-template/taint/nvidia.com/gpu",
                "propagate_at_launch": true,
                "value": "gpu:NoSchedule"
              },
              {
                "key": "kubernetes.io/cluster/kubeflow",
                "propagate_at_launch": true,
                "value": "owned"
              }
            ],
            "tags": null,
            "target_group_arns": [],
            "termination_policies": [],
            "timeouts": null,
            "vpc_zone_identifier": [
              "subnet-00a09def3ac09c75e",
              "subnet-0c0e47accfeee3b64"
            ],
            "wait_for_capacity_timeout": "10m",
            "wait_for_elb_capacity": null,
            "warm_pool": []
          },
          "sensitive_attributes": [],
          "private": "eyJlMmJmYjczMC1lY2FhLTExZTYtOGY4OC0zNDM2M2JjN2M0YzAiOnsiZGVsZXRlIjo2MDAwMDAwMDAwMDB9fQ==",
          "dependencies": [
            "module.kubernetes.module.eks.aws_iam_role.cluster",
            "module.kubernetes.module.eks.aws_iam_role_policy_attachment.cluster_AmazonEKSServicePolicy",
            "module.kubernetes.module.eks.data.aws_iam_policy_document.cluster_assume_role_policy",
            "module.kubernetes.module.eks.data.aws_iam_policy_document.workers_assume_role_policy",
            "module.kubernetes.module.eks.aws_eks_cluster.this",
            "module.kubernetes.module.eks.aws_iam_role_policy_attachment.workers_AmazonEKS_CNI_Policy",
            "module.kubernetes.module.eks.aws_iam_role_policy_attachment.workers_additional_policies",
            "module.kubernetes.module.eks.aws_security_group_rule.workers_egress_internet",
            "module.kubernetes.module.eks.aws_security_group_rule.workers_ingress_cluster_https",
            "module.kubernetes.module.eks.data.aws_partition.current",
            "module.network.module.vpc.aws_subnet.private",
            "module.kubernetes.module.eks.aws_cloudwatch_log_group.this",
            "module.kubernetes.module.eks.aws_security_group_rule.workers_ingress_cluster_primary",
            "module.kubernetes.module.eks.data.aws_ami.eks_worker",
            "module.kubernetes.module.eks.data.aws_iam_role.custom_cluster_iam_role",
            "module.network.data.template_file.private",
            "module.network.module.vpc.aws_vpc.this",
            "module.network.module.vpc.aws_vpc_ipv4_cidr_block_association.this",
            "module.kubernetes.module.eks.aws_iam_role_policy_attachment.workers_AmazonEC2ContainerRegistryReadOnly",
            "module.kubernetes.module.eks.aws_iam_role_policy_attachment.cluster_AmazonEKSClusterPolicy",
            "module.kubernetes.module.eks.aws_security_group_rule.cluster_egress_internet",
            "module.kubernetes.module.eks.data.aws_iam_instance_profile.custom_worker_group_launch_template_iam_instance_profile",
            "module.kubernetes.module.eks.aws_iam_role.workers",
            "module.kubernetes.module.eks.aws_security_group.cluster",
            "module.kubernetes.module.eks.aws_security_group_rule.cluster_https_worker_ingress",
            "module.kubernetes.module.eks.aws_security_group_rule.workers_ingress_cluster_kubelet",
            "module.kubernetes.module.eks.aws_iam_role_policy_attachment.workers_AmazonEKSWorkerNodePolicy",
            "module.kubernetes.module.eks.aws_iam_instance_profile.workers_launch_template",
            "module.kubernetes.module.eks.aws_iam_role_policy_attachment.cluster_AmazonEKSVPCResourceControllerPolicy",
            "module.kubernetes.module.eks.aws_launch_template.workers_launch_template",
            "module.kubernetes.module.eks.aws_security_group.workers",
            "module.kubernetes.module.eks.aws_security_group_rule.workers_ingress_self",
            "module.kubernetes.data.aws_ami.eks_gpu_worker",
            "module.kubernetes.module.eks.aws_security_group_rule.workers_ingress_cluster",
            "module.kubernetes.module.eks.aws_security_group_rule.cluster_primary_ingress_workers",
            "module.network.data.aws_availability_zones.available",
            "module.kubernetes.module.eks.data.aws_ami.eks_worker_windows"
          ],
          "create_before_destroy": true
        }
      ]
    },
    {
      "module": "module.kubernetes.module.eks",
      "mode": "managed",
      "type": "aws_eks_cluster",
      "name": "this",
      "provider": "provider[\"registry.terraform.io/hashicorp/aws\"]",
      "instances": [
        {
          "index_key": 0,
          "schema_version": 0,
          "attributes": {
            "arn": "arn:aws:eks:eu-north-1:245582572290:cluster/kubeflow",
            "certificate_authority": [
              {
                "data": "LS0tLS1CRUdJTiBDRVJUSUZJQ0FURS0tLS0tCk1JSUM1ekNDQWMrZ0F3SUJBZ0lCQURBTkJna3Foa2lHOXcwQkFRc0ZBREFWTVJNd0VRWURWUVFERXdwcmRXSmwKY201bGRHVnpNQjRYRFRJeE1Ea3lOekV6TXpjek9Wb1hEVE14TURreU5URXpNemN6T1Zvd0ZURVRNQkVHQTFVRQpBeE1LYTNWaVpYSnVaWFJsY3pDQ0FTSXdEUVlKS29aSWh2Y05BUUVCQlFBRGdnRVBBRENDQVFvQ2dnRUJBTzMyCk5pbUR4YWRJWllNVTRrVll6MDFSN1pYS3VKeFpUSFIrYmNmQ1ZHS3dZbXA3WjdsV00wU1JKVWxXcmpVMzdOcFQKSE5vUVBzdHBJbWlTeUZoeEJINDd1MEJNTkxUaDUrYzMyOXBMMEtlOGlTZGxjNHU0bUY2cjE4cUpnUW5YV28zUgpLYVl6eXZIL0xIYUliVWIwdkFLaW1Fd3dTNjBYb295K0RmTWdtM3VyWC9ZWHk2RGtwVDU2cnJ2a1kzS3ByNFd2CkZJbHFvcmpoMWNTd1BUOTdiaVRvM2VrZlI2OUhkTFM4b2tZVnRnNldFQlMxR2JxTloxaS96UTRxbXZwblY0NWcKT2ZWN2dDNm9qWlpXbk9YNktSZGszamhQeGc0bUJYVmh1d1o2cURDZ2lST1pIcWxoelNwQjc3cXN6enlZbm9OVApxWlJQTmNGQWJYeXIyKzYzNFA4Q0F3RUFBYU5DTUVBd0RnWURWUjBQQVFIL0JBUURBZ0trTUE4R0ExVWRFd0VCCi93UUZNQU1CQWY4d0hRWURWUjBPQkJZRUZJMFlYYklCcUVlSDdXS2xXbmpUTTBHMU15Wk5NQTBHQ1NxR1NJYjMKRFFFQkN3VUFBNElCQVFEa1FpVjFhMDYvR3lxRTkvVWdodkZBeGF3TXNVNldKWEFjMzdzTGRBMWNBSEdqT3hEeQoweG0xdXhhL0NXNFI0dklJWVY3STV3WGV0c2VTZUEwNGFqMVRjNEM2SEZXQ0IwTzN3QnJJd0lZNmVaU1BzRUFXCnlGT0FpRlhYYjlCQS96RThqMFI5bE5CK0kxMllscnVwVDIvUktwS3JPRFJJZGpINHVvQ2JTdWJBcTdYNGp3d2sKR20zMG1xWTZiVmQ0MEtZZHRuZjd0bTZlejlNcmFGcEtxYjhRVGZld1N4RE9TV2xSNEJteUc3cHBhemRMb2pqcApEMW4vR0d4dkphSGNWV1BRdDdzT1VZYzB5cUVGVWZkcFVOYzg5UE5mVXNDWFlOM2thdlhXaHcxS1VEOXNBSGhaCi9vWVNQeTVBQklTMVBhQXdSN1luVnREVUJHbUNRc2JZM0U3NQotLS0tLUVORCBDRVJUSUZJQ0FURS0tLS0tCg=="
              }
            ],
            "created_at": "2021-09-27 13:30:58.929 +0000 UTC",
            "enabled_cluster_log_types": [],
            "encryption_config": [],
            "endpoint": "https://EF1B32B1F3A212B54EC05620F1307069.yl4.eu-north-1.eks.amazonaws.com",
            "id": "kubeflow",
            "identity": [
              {
                "oidc": [
                  {
                    "issuer": "https://oidc.eks.eu-north-1.amazonaws.com/id/EF1B32B1F3A212B54EC05620F1307069"
                  }
                ]
              }
            ],
            "kubernetes_network_config": [
              {
                "service_ipv4_cidr": "172.20.0.0/16"
              }
            ],
            "name": "kubeflow",
            "platform_version": "eks.2",
            "role_arn": "arn:aws:iam::245582572290:role/kubeflow20210927131820884500000001",
            "status": "ACTIVE",
            "tags": {
              "Environment": "development",
              "Project": "sak"
            },
            "tags_all": {
              "ENV": "development",
              "Environment": "development",
              "OWNER": "rgimadiev",
              "PRJ": "SAK",
              "Project": "sak"
            },
            "timeouts": {
              "create": "30m",
              "delete": "15m",
              "update": null
            },
            "version": "1.21",
            "vpc_config": [
              {
                "cluster_security_group_id": "sg-0826eb467ceada5c2",
                "endpoint_private_access": false,
                "endpoint_public_access": true,
                "public_access_cidrs": [
                  "0.0.0.0/0"
                ],
                "security_group_ids": [
                  "sg-0cda9f254a14418b4"
                ],
                "subnet_ids": [
                  "subnet-00a09def3ac09c75e",
                  "subnet-0c0e47accfeee3b64"
                ],
                "vpc_id": "vpc-0e48f18b16abfbd9b"
              }
            ]
          },
          "sensitive_attributes": [],
          "private": "eyJlMmJmYjczMC1lY2FhLTExZTYtOGY4OC0zNDM2M2JjN2M0YzAiOnsiY3JlYXRlIjoxODAwMDAwMDAwMDAwLCJkZWxldGUiOjkwMDAwMDAwMDAwMCwidXBkYXRlIjozNjAwMDAwMDAwMDAwfX0=",
          "dependencies": [
            "module.kubernetes.module.eks.aws_iam_role_policy_attachment.cluster_AmazonEKSServicePolicy",
            "module.kubernetes.module.eks.aws_security_group.cluster",
            "module.kubernetes.module.eks.aws_security_group.workers",
            "module.kubernetes.module.eks.aws_security_group_rule.cluster_egress_internet",
            "module.kubernetes.module.eks.aws_security_group_rule.cluster_https_worker_ingress",
            "module.kubernetes.module.eks.data.aws_partition.current",
            "module.kubernetes.module.eks.aws_iam_role.cluster",
            "module.kubernetes.module.eks.aws_iam_role_policy_attachment.cluster_AmazonEKSVPCResourceControllerPolicy",
            "module.network.data.aws_availability_zones.available",
            "module.network.data.template_file.private",
            "module.network.module.vpc.aws_vpc_ipv4_cidr_block_association.this",
            "module.kubernetes.module.eks.aws_cloudwatch_log_group.this",
            "module.kubernetes.module.eks.data.aws_iam_role.custom_cluster_iam_role",
            "module.kubernetes.module.eks.aws_iam_role_policy_attachment.cluster_AmazonEKSClusterPolicy",
            "module.kubernetes.module.eks.data.aws_iam_policy_document.cluster_assume_role_policy",
            "module.network.module.vpc.aws_subnet.private",
            "module.network.module.vpc.aws_vpc.this"
          ],
          "create_before_destroy": true
        }
      ]
    },
    {
      "module": "module.kubernetes.module.eks",
      "mode": "managed",
      "type": "aws_iam_instance_profile",
      "name": "workers_launch_template",
      "provider": "provider[\"registry.terraform.io/hashicorp/aws\"]",
      "instances": [
        {
          "index_key": 0,
          "schema_version": 0,
          "attributes": {
            "arn": "arn:aws:iam::245582572290:instance-profile/kubeflow2021092809300253030000000d",
            "create_date": "2021-09-28T09:30:03Z",
            "id": "kubeflow2021092809300253030000000d",
            "name": "kubeflow2021092809300253030000000d",
            "name_prefix": "kubeflow",
            "path": "/",
            "role": "kubeflow20210928092958455000000002",
            "tags": {
              "Environment": "development",
              "Project": "sak"
            },
            "tags_all": {
              "ENV": "development",
              "Environment": "development",
              "OWNER": "rgimadiev",
              "PRJ": "SAK",
              "Project": "sak"
            },
            "unique_id": "AIPATSLO4VMBKBSPXY4JR"
          },
          "sensitive_attributes": [],
          "private": "bnVsbA==",
          "dependencies": [
            "module.network.data.template_file.private",
            "module.kubernetes.module.eks.aws_iam_role_policy_attachment.cluster_AmazonEKSVPCResourceControllerPolicy",
            "module.kubernetes.module.eks.aws_security_group.workers",
            "module.kubernetes.module.eks.aws_security_group_rule.cluster_egress_internet",
            "module.network.module.vpc.aws_vpc_ipv4_cidr_block_association.this",
            "module.kubernetes.module.eks.aws_cloudwatch_log_group.this",
            "module.kubernetes.module.eks.aws_eks_cluster.this",
            "module.kubernetes.module.eks.aws_iam_role.cluster",
            "module.kubernetes.module.eks.aws_iam_role_policy_attachment.cluster_AmazonEKSServicePolicy",
            "module.kubernetes.module.eks.aws_security_group_rule.cluster_https_worker_ingress",
            "module.kubernetes.module.eks.data.aws_iam_policy_document.workers_assume_role_policy",
            "module.kubernetes.module.eks.data.aws_iam_role.custom_cluster_iam_role",
            "module.kubernetes.module.eks.data.aws_partition.current",
            "module.kubernetes.data.aws_ami.eks_gpu_worker",
            "module.kubernetes.module.eks.aws_iam_role.workers",
            "module.kubernetes.module.eks.aws_iam_role_policy_attachment.cluster_AmazonEKSClusterPolicy",
            "module.network.module.vpc.aws_subnet.private",
            "module.network.module.vpc.aws_vpc.this",
            "module.kubernetes.module.eks.aws_security_group.cluster",
            "module.kubernetes.module.eks.data.aws_iam_policy_document.cluster_assume_role_policy",
            "module.network.data.aws_availability_zones.available"
          ],
          "create_before_destroy": true
        },
        {
          "index_key": 1,
          "schema_version": 0,
          "attributes": {
            "arn": "arn:aws:iam::245582572290:instance-profile/kubeflow2021092809300263200000000f",
            "create_date": "2021-09-28T09:30:03Z",
            "id": "kubeflow2021092809300263200000000f",
            "name": "kubeflow2021092809300263200000000f",
            "name_prefix": "kubeflow",
            "path": "/",
            "role": "kubeflow20210928092958455000000002",
            "tags": {
              "Environment": "development",
              "Project": "sak"
            },
            "tags_all": {
              "ENV": "development",
              "Environment": "development",
              "OWNER": "rgimadiev",
              "PRJ": "SAK",
              "Project": "sak"
            },
            "unique_id": "AIPATSLO4VMBB2FK67RL3"
          },
          "sensitive_attributes": [],
          "private": "bnVsbA==",
          "dependencies": [
            "module.kubernetes.module.eks.data.aws_iam_policy_document.cluster_assume_role_policy",
            "module.network.module.vpc.aws_vpc_ipv4_cidr_block_association.this",
            "module.kubernetes.module.eks.aws_cloudwatch_log_group.this",
            "module.kubernetes.module.eks.aws_iam_role.workers",
            "module.kubernetes.module.eks.aws_iam_role_policy_attachment.cluster_AmazonEKSServicePolicy",
            "module.kubernetes.module.eks.aws_iam_role_policy_attachment.cluster_AmazonEKSVPCResourceControllerPolicy",
            "module.kubernetes.module.eks.aws_security_group.cluster",
            "module.kubernetes.module.eks.aws_security_group.workers",
            "module.kubernetes.module.eks.data.aws_partition.current",
            "module.network.module.vpc.aws_subnet.private",
            "module.network.module.vpc.aws_vpc.this",
            "module.kubernetes.data.aws_ami.eks_gpu_worker",
            "module.kubernetes.module.eks.aws_iam_role_policy_attachment.cluster_AmazonEKSClusterPolicy",
            "module.kubernetes.module.eks.aws_security_group_rule.cluster_egress_internet",
            "module.kubernetes.module.eks.aws_security_group_rule.cluster_https_worker_ingress",
            "module.network.data.aws_availability_zones.available",
            "module.kubernetes.module.eks.aws_eks_cluster.this",
            "module.kubernetes.module.eks.aws_iam_role.cluster",
            "module.kubernetes.module.eks.data.aws_iam_policy_document.workers_assume_role_policy",
            "module.kubernetes.module.eks.data.aws_iam_role.custom_cluster_iam_role",
            "module.network.data.template_file.private"
          ],
          "create_before_destroy": true
        },
        {
          "index_key": 2,
          "schema_version": 0,
          "attributes": {
            "arn": "arn:aws:iam::245582572290:instance-profile/kubeflow2021092809300262830000000e",
            "create_date": "2021-09-28T09:30:03Z",
            "id": "kubeflow2021092809300262830000000e",
            "name": "kubeflow2021092809300262830000000e",
            "name_prefix": "kubeflow",
            "path": "/",
            "role": "kubeflow20210928092958455000000002",
            "tags": {
              "Environment": "development",
              "Project": "sak"
            },
            "tags_all": {
              "ENV": "development",
              "Environment": "development",
              "OWNER": "rgimadiev",
              "PRJ": "SAK",
              "Project": "sak"
            },
            "unique_id": "AIPATSLO4VMBBQFHITSLI"
          },
          "sensitive_attributes": [],
          "private": "bnVsbA==",
          "dependencies": [
            "module.kubernetes.module.eks.aws_iam_role_policy_attachment.cluster_AmazonEKSClusterPolicy",
            "module.kubernetes.module.eks.aws_iam_role_policy_attachment.cluster_AmazonEKSVPCResourceControllerPolicy",
            "module.network.data.aws_availability_zones.available",
            "module.kubernetes.data.aws_ami.eks_gpu_worker",
            "module.kubernetes.module.eks.aws_security_group_rule.cluster_https_worker_ingress",
            "module.kubernetes.module.eks.data.aws_iam_policy_document.cluster_assume_role_policy",
            "module.network.module.vpc.aws_subnet.private",
            "module.kubernetes.module.eks.aws_iam_role_policy_attachment.cluster_AmazonEKSServicePolicy",
            "module.kubernetes.module.eks.aws_iam_role.workers",
            "module.kubernetes.module.eks.aws_security_group.cluster",
            "module.kubernetes.module.eks.data.aws_iam_role.custom_cluster_iam_role",
            "module.kubernetes.module.eks.data.aws_partition.current",
            "module.network.data.template_file.private",
            "module.kubernetes.module.eks.aws_cloudwatch_log_group.this",
            "module.kubernetes.module.eks.aws_iam_role.cluster",
            "module.kubernetes.module.eks.aws_security_group.workers",
            "module.kubernetes.module.eks.aws_security_group_rule.cluster_egress_internet",
            "module.kubernetes.module.eks.data.aws_iam_policy_document.workers_assume_role_policy",
            "module.network.module.vpc.aws_vpc.this",
            "module.network.module.vpc.aws_vpc_ipv4_cidr_block_association.this",
            "module.kubernetes.module.eks.aws_eks_cluster.this"
          ],
          "create_before_destroy": true
        },
        {
          "index_key": 3,
          "schema_version": 0,
          "attributes": {
            "arn": "arn:aws:iam::245582572290:instance-profile/kubeflow20210928093001174700000003",
            "create_date": "2021-09-28T09:30:01Z",
            "id": "kubeflow20210928093001174700000003",
            "name": "kubeflow20210928093001174700000003",
            "name_prefix": "kubeflow",
            "path": "/",
            "role": "kubeflow20210928092958455000000002",
            "tags": {
              "Environment": "development",
              "Project": "sak"
            },
            "tags_all": {
              "ENV": "development",
              "Environment": "development",
              "OWNER": "rgimadiev",
              "PRJ": "SAK",
              "Project": "sak"
            },
            "unique_id": "AIPATSLO4VMBKTM6S2GI4"
          },
          "sensitive_attributes": [],
          "private": "bnVsbA==",
          "dependencies": [
            "module.kubernetes.module.eks.aws_iam_role_policy_attachment.cluster_AmazonEKSServicePolicy",
            "module.kubernetes.module.eks.data.aws_iam_role.custom_cluster_iam_role",
            "module.network.data.aws_availability_zones.available",
            "module.kubernetes.module.eks.aws_cloudwatch_log_group.this",
            "module.kubernetes.module.eks.aws_iam_role_policy_attachment.cluster_AmazonEKSVPCResourceControllerPolicy",
            "module.kubernetes.module.eks.aws_security_group.workers",
            "module.kubernetes.module.eks.aws_security_group_rule.cluster_egress_internet",
            "module.kubernetes.module.eks.aws_security_group_rule.cluster_https_worker_ingress",
            "module.kubernetes.module.eks.data.aws_iam_policy_document.cluster_assume_role_policy",
            "module.kubernetes.module.eks.data.aws_iam_policy_document.workers_assume_role_policy",
            "module.network.module.vpc.aws_vpc.this",
            "module.kubernetes.module.eks.aws_eks_cluster.this",
            "module.network.data.template_file.private",
            "module.network.module.vpc.aws_subnet.private",
            "module.kubernetes.data.aws_ami.eks_gpu_worker",
            "module.kubernetes.module.eks.aws_iam_role.workers",
            "module.kubernetes.module.eks.aws_iam_role_policy_attachment.cluster_AmazonEKSClusterPolicy",
            "module.kubernetes.module.eks.aws_security_group.cluster",
            "module.kubernetes.module.eks.data.aws_partition.current",
            "module.network.module.vpc.aws_vpc_ipv4_cidr_block_association.this",
            "module.kubernetes.module.eks.aws_iam_role.cluster"
          ],
          "create_before_destroy": true
        }
      ]
    },
    {
      "module": "module.kubernetes.module.eks",
      "mode": "managed",
      "type": "aws_iam_policy",
      "name": "cluster_elb_sl_role_creation",
      "provider": "provider[\"registry.terraform.io/hashicorp/aws\"]",
      "instances": [
        {
          "index_key": 0,
          "schema_version": 0,
          "attributes": {
            "arn": "arn:aws:iam::245582572290:policy/kubeflow-elb-sl-role-creation20210927131648212500000002",
            "description": "Permissions for EKS to create AWSServiceRoleForElasticLoadBalancing service-linked role",
            "id": "arn:aws:iam::245582572290:policy/kubeflow-elb-sl-role-creation20210927131648212500000002",
            "name": "kubeflow-elb-sl-role-creation20210927131648212500000002",
            "name_prefix": "kubeflow-elb-sl-role-creation",
            "path": "/",
            "policy": "{\n  \"Version\": \"2012-10-17\",\n  \"Statement\": [\n    {\n      \"Sid\": \"\",\n      \"Effect\": \"Allow\",\n      \"Action\": [\n        \"ec2:DescribeInternetGateways\",\n        \"ec2:DescribeAddresses\",\n        \"ec2:DescribeAccountAttributes\"\n      ],\n      \"Resource\": \"*\"\n    }\n  ]\n}",
            "policy_id": "ANPATSLO4VMBDNAMH2BFY",
            "tags": {
              "Environment": "development",
              "Project": "sak"
            },
            "tags_all": {
              "ENV": "development",
              "Environment": "development",
              "OWNER": "rgimadiev",
              "PRJ": "SAK",
              "Project": "sak"
            }
          },
          "sensitive_attributes": [],
          "private": "bnVsbA==",
          "dependencies": [
            "module.kubernetes.module.eks.data.aws_iam_policy_document.cluster_elb_sl_role_creation"
          ]
        }
      ]
    },
    {
      "module": "module.kubernetes.module.eks",
      "mode": "managed",
      "type": "aws_iam_role",
      "name": "cluster",
      "provider": "provider[\"registry.terraform.io/hashicorp/aws\"]",
      "instances": [
        {
          "index_key": 0,
          "schema_version": 0,
          "attributes": {
            "arn": "arn:aws:iam::245582572290:role/kubeflow20210927131820884500000001",
            "assume_role_policy": "{\"Version\":\"2012-10-17\",\"Statement\":[{\"Sid\":\"EKSClusterAssumeRole\",\"Effect\":\"Allow\",\"Principal\":{\"Service\":\"eks.amazonaws.com\"},\"Action\":\"sts:AssumeRole\"}]}",
            "create_date": "2021-09-27T13:18:21Z",
            "description": "",
            "force_detach_policies": true,
            "id": "kubeflow20210927131820884500000001",
            "inline_policy": [
              {
                "name": "",
                "policy": ""
              }
            ],
            "managed_policy_arns": [
              "arn:aws:iam::245582572290:policy/kubeflow-elb-sl-role-creation20210927131648212500000002",
              "arn:aws:iam::aws:policy/AmazonEKSClusterPolicy",
              "arn:aws:iam::aws:policy/AmazonEKSServicePolicy",
              "arn:aws:iam::aws:policy/AmazonEKSVPCResourceController"
            ],
            "max_session_duration": 3600,
            "name": "kubeflow20210927131820884500000001",
            "name_prefix": "kubeflow",
            "path": "/",
            "permissions_boundary": null,
            "tags": {
              "Environment": "development",
              "Project": "sak"
            },
            "tags_all": {
              "ENV": "development",
              "Environment": "development",
              "OWNER": "rgimadiev",
              "PRJ": "SAK",
              "Project": "sak"
            },
            "unique_id": "AROATSLO4VMBB2XRSPOZX"
          },
          "sensitive_attributes": [],
          "private": "bnVsbA==",
          "dependencies": [
            "module.kubernetes.module.eks.data.aws_iam_policy_document.cluster_assume_role_policy"
          ],
          "create_before_destroy": true
        }
      ]
    },
    {
      "module": "module.kubernetes.module.eks",
      "mode": "managed",
      "type": "aws_iam_role",
      "name": "workers",
      "provider": "provider[\"registry.terraform.io/hashicorp/aws\"]",
      "instances": [
        {
          "index_key": 0,
          "schema_version": 0,
          "attributes": {
            "arn": "arn:aws:iam::245582572290:role/kubeflow20210928092958455000000002",
            "assume_role_policy": "{\"Version\":\"2012-10-17\",\"Statement\":[{\"Sid\":\"EKSWorkerAssumeRole\",\"Effect\":\"Allow\",\"Principal\":{\"Service\":\"ec2.amazonaws.com\"},\"Action\":\"sts:AssumeRole\"}]}",
            "create_date": "2021-09-28T09:29:59Z",
            "description": "",
            "force_detach_policies": true,
            "id": "kubeflow20210928092958455000000002",
            "inline_policy": [
              {
                "name": "",
                "policy": ""
              }
            ],
            "managed_policy_arns": [
              "arn:aws:iam::aws:policy/AmazonEC2ContainerRegistryFullAccess",
              "arn:aws:iam::aws:policy/AmazonEC2ContainerRegistryReadOnly",
              "arn:aws:iam::aws:policy/AmazonEKSWorkerNodePolicy",
              "arn:aws:iam::aws:policy/AmazonEKS_CNI_Policy",
              "arn:aws:iam::aws:policy/AmazonElasticFileSystemFullAccess",
              "arn:aws:iam::aws:policy/AmazonRoute53AutoNamingFullAccess",
              "arn:aws:iam::aws:policy/AmazonRoute53FullAccess",
              "arn:aws:iam::aws:policy/AmazonSSMManagedInstanceCore",
              "arn:aws:iam::aws:policy/ElasticLoadBalancingFullAccess"
            ],
            "max_session_duration": 3600,
            "name": "kubeflow20210928092958455000000002",
            "name_prefix": "kubeflow",
            "path": "/",
            "permissions_boundary": null,
            "tags": {
              "Environment": "development",
              "Project": "sak"
            },
            "tags_all": {
              "ENV": "development",
              "Environment": "development",
              "OWNER": "rgimadiev",
              "PRJ": "SAK",
              "Project": "sak"
            },
            "unique_id": "AROATSLO4VMBKX5JW3LKG"
          },
          "sensitive_attributes": [],
          "private": "bnVsbA==",
          "dependencies": [
            "module.network.data.template_file.private",
            "module.network.module.vpc.aws_subnet.private",
            "module.kubernetes.module.eks.aws_iam_role_policy_attachment.cluster_AmazonEKSServicePolicy",
            "module.kubernetes.module.eks.aws_iam_role_policy_attachment.cluster_AmazonEKSVPCResourceControllerPolicy",
            "module.kubernetes.module.eks.aws_security_group_rule.cluster_egress_internet",
            "module.network.data.aws_availability_zones.available",
            "module.kubernetes.module.eks.data.aws_partition.current",
            "module.network.module.vpc.aws_vpc.this",
            "module.kubernetes.module.eks.aws_cloudwatch_log_group.this",
            "module.kubernetes.module.eks.aws_eks_cluster.this",
            "module.kubernetes.module.eks.aws_security_group_rule.cluster_https_worker_ingress",
            "module.kubernetes.module.eks.data.aws_iam_policy_document.workers_assume_role_policy",
            "module.kubernetes.module.eks.aws_iam_role.cluster",
            "module.kubernetes.module.eks.aws_iam_role_policy_attachment.cluster_AmazonEKSClusterPolicy",
            "module.network.module.vpc.aws_vpc_ipv4_cidr_block_association.this",
            "module.kubernetes.module.eks.aws_security_group.cluster",
            "module.kubernetes.module.eks.aws_security_group.workers",
            "module.kubernetes.module.eks.data.aws_iam_policy_document.cluster_assume_role_policy",
            "module.kubernetes.module.eks.data.aws_iam_role.custom_cluster_iam_role"
          ],
          "create_before_destroy": true
        }
      ]
    },
    {
      "module": "module.kubernetes.module.eks",
      "mode": "managed",
      "type": "aws_iam_role_policy_attachment",
      "name": "cluster_AmazonEKSClusterPolicy",
      "provider": "provider[\"registry.terraform.io/hashicorp/aws\"]",
      "instances": [
        {
          "index_key": 0,
          "schema_version": 0,
          "attributes": {
            "id": "kubeflow20210927131820884500000001-20210927131824387000000004",
            "policy_arn": "arn:aws:iam::aws:policy/AmazonEKSClusterPolicy",
            "role": "kubeflow20210927131820884500000001"
          },
          "sensitive_attributes": [],
          "private": "bnVsbA==",
          "dependencies": [
            "module.kubernetes.module.eks.aws_iam_role.cluster",
            "module.kubernetes.module.eks.data.aws_iam_policy_document.cluster_assume_role_policy",
            "module.kubernetes.module.eks.data.aws_partition.current"
          ],
          "create_before_destroy": true
        }
      ]
    },
    {
      "module": "module.kubernetes.module.eks",
      "mode": "managed",
      "type": "aws_iam_role_policy_attachment",
      "name": "cluster_AmazonEKSServicePolicy",
      "provider": "provider[\"registry.terraform.io/hashicorp/aws\"]",
      "instances": [
        {
          "index_key": 0,
          "schema_version": 0,
          "attributes": {
            "id": "kubeflow20210927131820884500000001-20210927131824358100000003",
            "policy_arn": "arn:aws:iam::aws:policy/AmazonEKSServicePolicy",
            "role": "kubeflow20210927131820884500000001"
          },
          "sensitive_attributes": [],
          "private": "bnVsbA==",
          "dependencies": [
            "module.kubernetes.module.eks.aws_iam_role.cluster",
            "module.kubernetes.module.eks.data.aws_iam_policy_document.cluster_assume_role_policy",
            "module.kubernetes.module.eks.data.aws_partition.current"
          ],
          "create_before_destroy": true
        }
      ]
    },
    {
      "module": "module.kubernetes.module.eks",
      "mode": "managed",
      "type": "aws_iam_role_policy_attachment",
      "name": "cluster_AmazonEKSVPCResourceControllerPolicy",
      "provider": "provider[\"registry.terraform.io/hashicorp/aws\"]",
      "instances": [
        {
          "index_key": 0,
          "schema_version": 0,
          "attributes": {
            "id": "kubeflow20210927131820884500000001-20210927131824342300000002",
            "policy_arn": "arn:aws:iam::aws:policy/AmazonEKSVPCResourceController",
            "role": "kubeflow20210927131820884500000001"
          },
          "sensitive_attributes": [],
          "private": "bnVsbA==",
          "dependencies": [
            "module.kubernetes.module.eks.data.aws_iam_policy_document.cluster_assume_role_policy",
            "module.kubernetes.module.eks.data.aws_partition.current",
            "module.kubernetes.module.eks.aws_iam_role.cluster"
          ],
          "create_before_destroy": true
        }
      ]
    },
    {
      "module": "module.kubernetes.module.eks",
      "mode": "managed",
      "type": "aws_iam_role_policy_attachment",
      "name": "cluster_elb_sl_role_creation",
      "provider": "provider[\"registry.terraform.io/hashicorp/aws\"]",
      "instances": [
        {
          "index_key": 0,
          "schema_version": 0,
          "attributes": {
            "id": "kubeflow20210927131820884500000001-20210927131825420800000005",
            "policy_arn": "arn:aws:iam::245582572290:policy/kubeflow-elb-sl-role-creation20210927131648212500000002",
            "role": "kubeflow20210927131820884500000001"
          },
          "sensitive_attributes": [],
          "private": "bnVsbA==",
          "dependencies": [
            "module.kubernetes.module.eks.aws_iam_role.cluster",
            "module.kubernetes.module.eks.data.aws_iam_policy_document.cluster_assume_role_policy",
            "module.kubernetes.module.eks.data.aws_iam_policy_document.cluster_elb_sl_role_creation",
            "module.kubernetes.module.eks.aws_iam_policy.cluster_elb_sl_role_creation"
          ]
        }
      ]
    },
    {
      "module": "module.kubernetes.module.eks",
      "mode": "managed",
      "type": "aws_iam_role_policy_attachment",
      "name": "workers_AmazonEC2ContainerRegistryReadOnly",
      "provider": "provider[\"registry.terraform.io/hashicorp/aws\"]",
      "instances": [
        {
          "index_key": 0,
          "schema_version": 0,
          "attributes": {
            "id": "kubeflow20210928092958455000000002-20210928093001892400000009",
            "policy_arn": "arn:aws:iam::aws:policy/AmazonEC2ContainerRegistryReadOnly",
            "role": "kubeflow20210928092958455000000002"
          },
          "sensitive_attributes": [],
          "private": "bnVsbA==",
          "dependencies": [
            "module.kubernetes.module.eks.aws_cloudwatch_log_group.this",
            "module.kubernetes.module.eks.data.aws_iam_policy_document.cluster_assume_role_policy",
            "module.network.module.vpc.aws_vpc.this",
            "module.kubernetes.module.eks.aws_security_group_rule.cluster_egress_internet",
            "module.kubernetes.module.eks.data.aws_iam_role.custom_cluster_iam_role",
            "module.network.module.vpc.aws_subnet.private",
            "module.kubernetes.module.eks.aws_eks_cluster.this",
            "module.kubernetes.module.eks.aws_iam_role.cluster",
            "module.kubernetes.module.eks.aws_iam_role_policy_attachment.cluster_AmazonEKSServicePolicy",
            "module.kubernetes.module.eks.aws_security_group.workers",
            "module.network.data.template_file.private",
            "module.network.module.vpc.aws_vpc_ipv4_cidr_block_association.this",
            "module.kubernetes.module.eks.aws_iam_role_policy_attachment.cluster_AmazonEKSClusterPolicy",
            "module.kubernetes.module.eks.aws_security_group.cluster",
            "module.kubernetes.module.eks.data.aws_partition.current",
            "module.network.data.aws_availability_zones.available",
            "module.kubernetes.module.eks.aws_iam_role.workers",
            "module.kubernetes.module.eks.aws_iam_role_policy_attachment.cluster_AmazonEKSVPCResourceControllerPolicy",
            "module.kubernetes.module.eks.aws_security_group_rule.cluster_https_worker_ingress",
            "module.kubernetes.module.eks.data.aws_iam_policy_document.workers_assume_role_policy"
          ],
          "create_before_destroy": true
        }
      ]
    },
    {
      "module": "module.kubernetes.module.eks",
      "mode": "managed",
      "type": "aws_iam_role_policy_attachment",
      "name": "workers_AmazonEKSWorkerNodePolicy",
      "provider": "provider[\"registry.terraform.io/hashicorp/aws\"]",
      "instances": [
        {
          "index_key": 0,
          "schema_version": 0,
          "attributes": {
            "id": "kubeflow20210928092958455000000002-2021092809300192400000000c",
            "policy_arn": "arn:aws:iam::aws:policy/AmazonEKSWorkerNodePolicy",
            "role": "kubeflow20210928092958455000000002"
          },
          "sensitive_attributes": [],
          "private": "bnVsbA==",
          "dependencies": [
            "module.kubernetes.module.eks.aws_eks_cluster.this",
            "module.kubernetes.module.eks.aws_iam_role_policy_attachment.cluster_AmazonEKSVPCResourceControllerPolicy",
            "module.kubernetes.module.eks.data.aws_iam_policy_document.cluster_assume_role_policy",
            "module.kubernetes.module.eks.data.aws_partition.current",
            "module.network.module.vpc.aws_subnet.private",
            "module.kubernetes.module.eks.aws_iam_role.workers",
            "module.kubernetes.module.eks.aws_security_group.cluster",
            "module.kubernetes.module.eks.aws_security_group_rule.cluster_egress_internet",
            "module.kubernetes.module.eks.data.aws_iam_policy_document.workers_assume_role_policy",
            "module.network.data.template_file.private",
            "module.network.module.vpc.aws_vpc_ipv4_cidr_block_association.this",
            "module.kubernetes.module.eks.aws_iam_role.cluster",
            "module.kubernetes.module.eks.aws_security_group.workers",
            "module.kubernetes.module.eks.aws_security_group_rule.cluster_https_worker_ingress",
            "module.network.module.vpc.aws_vpc.this",
            "module.kubernetes.module.eks.aws_cloudwatch_log_group.this",
            "module.kubernetes.module.eks.aws_iam_role_policy_attachment.cluster_AmazonEKSClusterPolicy",
            "module.kubernetes.module.eks.aws_iam_role_policy_attachment.cluster_AmazonEKSServicePolicy",
            "module.kubernetes.module.eks.data.aws_iam_role.custom_cluster_iam_role",
            "module.network.data.aws_availability_zones.available"
          ],
          "create_before_destroy": true
        }
      ]
    },
    {
      "module": "module.kubernetes.module.eks",
      "mode": "managed",
      "type": "aws_iam_role_policy_attachment",
      "name": "workers_AmazonEKS_CNI_Policy",
      "provider": "provider[\"registry.terraform.io/hashicorp/aws\"]",
      "instances": [
        {
          "index_key": 0,
          "schema_version": 0,
          "attributes": {
            "id": "kubeflow20210928092958455000000002-2021092809300192190000000b",
            "policy_arn": "arn:aws:iam::aws:policy/AmazonEKS_CNI_Policy",
            "role": "kubeflow20210928092958455000000002"
          },
          "sensitive_attributes": [],
          "private": "bnVsbA==",
          "dependencies": [
            "module.kubernetes.module.eks.aws_cloudwatch_log_group.this",
            "module.kubernetes.module.eks.aws_iam_role.workers",
            "module.kubernetes.module.eks.data.aws_iam_role.custom_cluster_iam_role",
            "module.kubernetes.module.eks.data.aws_partition.current",
            "module.network.data.aws_availability_zones.available",
            "module.network.module.vpc.aws_subnet.private",
            "module.network.module.vpc.aws_vpc.this",
            "module.kubernetes.module.eks.aws_iam_role.cluster",
            "module.kubernetes.module.eks.aws_security_group.cluster",
            "module.kubernetes.module.eks.aws_security_group_rule.cluster_egress_internet",
            "module.kubernetes.module.eks.aws_iam_role_policy_attachment.cluster_AmazonEKSClusterPolicy",
            "module.kubernetes.module.eks.aws_iam_role_policy_attachment.cluster_AmazonEKSVPCResourceControllerPolicy",
            "module.kubernetes.module.eks.aws_security_group_rule.cluster_https_worker_ingress",
            "module.kubernetes.module.eks.aws_eks_cluster.this",
            "module.kubernetes.module.eks.aws_iam_role_policy_attachment.cluster_AmazonEKSServicePolicy",
            "module.kubernetes.module.eks.aws_security_group.workers",
            "module.kubernetes.module.eks.data.aws_iam_policy_document.cluster_assume_role_policy",
            "module.kubernetes.module.eks.data.aws_iam_policy_document.workers_assume_role_policy",
            "module.network.data.template_file.private",
            "module.network.module.vpc.aws_vpc_ipv4_cidr_block_association.this"
          ],
          "create_before_destroy": true
        }
      ]
    },
    {
      "module": "module.kubernetes.module.eks",
      "mode": "managed",
      "type": "aws_iam_role_policy_attachment",
      "name": "workers_additional_policies",
      "provider": "provider[\"registry.terraform.io/hashicorp/aws\"]",
      "instances": [
        {
          "index_key": 0,
          "schema_version": 0,
          "attributes": {
            "id": "kubeflow20210928092958455000000002-2021092809300189930000000a",
            "policy_arn": "arn:aws:iam::aws:policy/AmazonSSMManagedInstanceCore",
            "role": "kubeflow20210928092958455000000002"
          },
          "sensitive_attributes": [],
          "private": "bnVsbA==",
          "dependencies": [
            "module.kubernetes.module.eks.aws_iam_role.workers",
            "module.kubernetes.module.eks.aws_security_group.cluster",
            "module.kubernetes.module.eks.data.aws_iam_policy_document.workers_assume_role_policy",
            "module.network.data.template_file.private",
            "module.kubernetes.module.eks.aws_cloudwatch_log_group.this",
            "module.kubernetes.module.eks.aws_iam_role.cluster",
            "module.kubernetes.module.eks.aws_iam_role_policy_attachment.cluster_AmazonEKSVPCResourceControllerPolicy",
            "module.kubernetes.module.eks.data.aws_partition.current",
            "module.network.module.vpc.aws_vpc_ipv4_cidr_block_association.this",
            "module.kubernetes.module.eks.aws_iam_role_policy_attachment.cluster_AmazonEKSServicePolicy",
            "module.kubernetes.module.eks.aws_security_group.workers",
            "module.kubernetes.module.eks.aws_security_group_rule.cluster_https_worker_ingress",
            "module.kubernetes.module.eks.data.aws_iam_role.custom_cluster_iam_role",
            "module.network.data.aws_availability_zones.available",
            "module.network.module.vpc.aws_subnet.private",
            "module.network.module.vpc.aws_vpc.this",
            "module.kubernetes.module.eks.aws_eks_cluster.this",
            "module.kubernetes.module.eks.aws_iam_role_policy_attachment.cluster_AmazonEKSClusterPolicy",
            "module.kubernetes.module.eks.aws_security_group_rule.cluster_egress_internet",
            "module.kubernetes.module.eks.data.aws_iam_policy_document.cluster_assume_role_policy"
          ],
          "create_before_destroy": true
        },
        {
          "index_key": 1,
          "schema_version": 0,
          "attributes": {
            "id": "kubeflow20210928092958455000000002-20210928093001877600000006",
            "policy_arn": "arn:aws:iam::aws:policy/ElasticLoadBalancingFullAccess",
            "role": "kubeflow20210928092958455000000002"
          },
          "sensitive_attributes": [],
          "private": "bnVsbA==",
          "dependencies": [
            "module.kubernetes.module.eks.aws_cloudwatch_log_group.this",
            "module.kubernetes.module.eks.aws_iam_role.cluster",
            "module.kubernetes.module.eks.aws_iam_role_policy_attachment.cluster_AmazonEKSClusterPolicy",
            "module.kubernetes.module.eks.aws_iam_role_policy_attachment.cluster_AmazonEKSVPCResourceControllerPolicy",
            "module.kubernetes.module.eks.aws_security_group.workers",
            "module.kubernetes.module.eks.aws_security_group_rule.cluster_egress_internet",
            "module.network.data.template_file.private",
            "module.kubernetes.module.eks.aws_eks_cluster.this",
            "module.kubernetes.module.eks.aws_iam_role.workers",
            "module.kubernetes.module.eks.aws_iam_role_policy_attachment.cluster_AmazonEKSServicePolicy",
            "module.kubernetes.module.eks.data.aws_iam_policy_document.cluster_assume_role_policy",
            "module.network.module.vpc.aws_subnet.private",
            "module.network.module.vpc.aws_vpc_ipv4_cidr_block_association.this",
            "module.kubernetes.module.eks.aws_security_group_rule.cluster_https_worker_ingress",
            "module.kubernetes.module.eks.data.aws_iam_role.custom_cluster_iam_role",
            "module.kubernetes.module.eks.aws_security_group.cluster",
            "module.kubernetes.module.eks.data.aws_iam_policy_document.workers_assume_role_policy",
            "module.kubernetes.module.eks.data.aws_partition.current",
            "module.network.data.aws_availability_zones.available",
            "module.network.module.vpc.aws_vpc.this"
          ],
          "create_before_destroy": true
        },
        {
          "index_key": 2,
          "schema_version": 0,
          "attributes": {
            "id": "kubeflow20210928092958455000000002-20210928093001877500000005",
            "policy_arn": "arn:aws:iam::aws:policy/AmazonRoute53FullAccess",
            "role": "kubeflow20210928092958455000000002"
          },
          "sensitive_attributes": [],
          "private": "bnVsbA==",
          "dependencies": [
            "module.kubernetes.module.eks.aws_iam_role_policy_attachment.cluster_AmazonEKSServicePolicy",
            "module.kubernetes.module.eks.aws_security_group.cluster",
            "module.kubernetes.module.eks.aws_security_group_rule.cluster_https_worker_ingress",
            "module.kubernetes.module.eks.data.aws_iam_policy_document.workers_assume_role_policy",
            "module.network.data.template_file.private",
            "module.network.module.vpc.aws_vpc.this",
            "module.kubernetes.module.eks.aws_security_group_rule.cluster_egress_internet",
            "module.kubernetes.module.eks.data.aws_iam_policy_document.cluster_assume_role_policy",
            "module.network.data.aws_availability_zones.available",
            "module.network.module.vpc.aws_vpc_ipv4_cidr_block_association.this",
            "module.kubernetes.module.eks.aws_cloudwatch_log_group.this",
            "module.kubernetes.module.eks.aws_eks_cluster.this",
            "module.kubernetes.module.eks.aws_iam_role.workers",
            "module.kubernetes.module.eks.aws_iam_role_policy_attachment.cluster_AmazonEKSVPCResourceControllerPolicy",
            "module.kubernetes.module.eks.aws_security_group.workers",
            "module.kubernetes.module.eks.data.aws_iam_role.custom_cluster_iam_role",
            "module.network.module.vpc.aws_subnet.private",
            "module.kubernetes.module.eks.aws_iam_role.cluster",
            "module.kubernetes.module.eks.aws_iam_role_policy_attachment.cluster_AmazonEKSClusterPolicy",
            "module.kubernetes.module.eks.data.aws_partition.current"
          ],
          "create_before_destroy": true
        },
        {
          "index_key": 3,
          "schema_version": 0,
          "attributes": {
            "id": "kubeflow20210928092958455000000002-20210928093001812500000004",
            "policy_arn": "arn:aws:iam::aws:policy/AmazonRoute53AutoNamingFullAccess",
            "role": "kubeflow20210928092958455000000002"
          },
          "sensitive_attributes": [],
          "private": "bnVsbA==",
          "dependencies": [
            "module.kubernetes.module.eks.aws_cloudwatch_log_group.this",
            "module.network.data.aws_availability_zones.available",
            "module.kubernetes.module.eks.aws_security_group_rule.cluster_https_worker_ingress",
            "module.kubernetes.module.eks.data.aws_iam_policy_document.cluster_assume_role_policy",
            "module.kubernetes.module.eks.data.aws_iam_policy_document.workers_assume_role_policy",
            "module.kubernetes.module.eks.data.aws_iam_role.custom_cluster_iam_role",
            "module.kubernetes.module.eks.aws_iam_role.workers",
            "module.kubernetes.module.eks.aws_iam_role_policy_attachment.cluster_AmazonEKSServicePolicy",
            "module.kubernetes.module.eks.aws_security_group.cluster",
            "module.kubernetes.module.eks.aws_security_group.workers",
            "module.network.module.vpc.aws_vpc.this",
            "module.network.module.vpc.aws_vpc_ipv4_cidr_block_association.this",
            "module.kubernetes.module.eks.data.aws_partition.current",
            "module.network.data.template_file.private",
            "module.network.module.vpc.aws_subnet.private",
            "module.kubernetes.module.eks.aws_eks_cluster.this",
            "module.kubernetes.module.eks.aws_iam_role_policy_attachment.cluster_AmazonEKSClusterPolicy",
            "module.kubernetes.module.eks.aws_iam_role_policy_attachment.cluster_AmazonEKSVPCResourceControllerPolicy",
            "module.kubernetes.module.eks.aws_security_group_rule.cluster_egress_internet",
            "module.kubernetes.module.eks.aws_iam_role.cluster"
          ],
          "create_before_destroy": true
        },
        {
          "index_key": 4,
          "schema_version": 0,
          "attributes": {
            "id": "kubeflow20210928092958455000000002-20210928093001879200000007",
            "policy_arn": "arn:aws:iam::aws:policy/AmazonElasticFileSystemFullAccess",
            "role": "kubeflow20210928092958455000000002"
          },
          "sensitive_attributes": [],
          "private": "bnVsbA==",
          "dependencies": [
            "module.kubernetes.module.eks.data.aws_partition.current",
            "module.kubernetes.module.eks.aws_iam_role.cluster",
            "module.kubernetes.module.eks.aws_iam_role.workers",
            "module.kubernetes.module.eks.aws_security_group_rule.cluster_egress_internet",
            "module.kubernetes.module.eks.data.aws_iam_policy_document.workers_assume_role_policy",
            "module.network.module.vpc.aws_vpc.this",
            "module.network.module.vpc.aws_vpc_ipv4_cidr_block_association.this",
            "module.kubernetes.module.eks.aws_cloudwatch_log_group.this",
            "module.kubernetes.module.eks.aws_iam_role_policy_attachment.cluster_AmazonEKSServicePolicy",
            "module.kubernetes.module.eks.data.aws_iam_policy_document.cluster_assume_role_policy",
            "module.network.data.aws_availability_zones.available",
            "module.network.module.vpc.aws_subnet.private",
            "module.kubernetes.module.eks.aws_eks_cluster.this",
            "module.kubernetes.module.eks.aws_iam_role_policy_attachment.cluster_AmazonEKSClusterPolicy",
            "module.kubernetes.module.eks.aws_iam_role_policy_attachment.cluster_AmazonEKSVPCResourceControllerPolicy",
            "module.kubernetes.module.eks.aws_security_group.cluster",
            "module.kubernetes.module.eks.aws_security_group.workers",
            "module.kubernetes.module.eks.aws_security_group_rule.cluster_https_worker_ingress",
            "module.kubernetes.module.eks.data.aws_iam_role.custom_cluster_iam_role",
            "module.network.data.template_file.private"
          ],
          "create_before_destroy": true
        },
        {
          "index_key": 5,
          "schema_version": 0,
          "attributes": {
            "id": "kubeflow20210928092958455000000002-20210928093001881600000008",
            "policy_arn": "arn:aws:iam::aws:policy/AmazonEC2ContainerRegistryFullAccess",
            "role": "kubeflow20210928092958455000000002"
          },
          "sensitive_attributes": [],
          "private": "bnVsbA==",
          "dependencies": [
            "module.kubernetes.module.eks.aws_iam_role_policy_attachment.cluster_AmazonEKSClusterPolicy",
            "module.kubernetes.module.eks.data.aws_iam_policy_document.workers_assume_role_policy",
            "module.network.module.vpc.aws_subnet.private",
            "module.kubernetes.module.eks.aws_iam_role.cluster",
            "module.kubernetes.module.eks.aws_security_group_rule.cluster_egress_internet",
            "module.kubernetes.module.eks.aws_security_group_rule.cluster_https_worker_ingress",
            "module.kubernetes.module.eks.data.aws_iam_policy_document.cluster_assume_role_policy",
            "module.kubernetes.module.eks.data.aws_iam_role.custom_cluster_iam_role",
            "module.kubernetes.module.eks.data.aws_partition.current",
            "module.network.data.aws_availability_zones.available",
            "module.network.data.template_file.private",
            "module.network.module.vpc.aws_vpc.this",
            "module.kubernetes.module.eks.aws_cloudwatch_log_group.this",
            "module.kubernetes.module.eks.aws_iam_role.workers",
            "module.kubernetes.module.eks.aws_iam_role_policy_attachment.cluster_AmazonEKSVPCResourceControllerPolicy",
            "module.kubernetes.module.eks.aws_security_group.cluster",
            "module.kubernetes.module.eks.aws_security_group.workers",
            "module.network.module.vpc.aws_vpc_ipv4_cidr_block_association.this",
            "module.kubernetes.module.eks.aws_eks_cluster.this",
            "module.kubernetes.module.eks.aws_iam_role_policy_attachment.cluster_AmazonEKSServicePolicy"
          ],
          "create_before_destroy": true
        }
      ]
    },
    {
      "module": "module.kubernetes.module.eks",
      "mode": "managed",
      "type": "aws_launch_template",
      "name": "workers_launch_template",
      "provider": "provider[\"registry.terraform.io/hashicorp/aws\"]",
      "instances": [
        {
          "index_key": 0,
          "schema_version": 0,
          "attributes": {
            "arn": "arn:aws:ec2:eu-north-1:245582572290:launch-template/lt-05c7f241a70b417df",
            "block_device_mappings": [
              {
                "device_name": "/dev/xvda",
                "ebs": [
                  {
                    "delete_on_termination": "true",
                    "encrypted": "false",
                    "iops": 0,
                    "kms_key_id": "",
                    "snapshot_id": "",
                    "throughput": 0,
                    "volume_size": 100,
                    "volume_type": "gp2"
                  }
                ],
                "no_device": "",
                "virtual_name": ""
              }
            ],
            "capacity_reservation_specification": [],
            "cpu_options": [],
            "credit_specification": [
              {
                "cpu_credits": "standard"
              }
            ],
            "default_version": 1,
            "description": "",
            "disable_api_termination": false,
            "ebs_optimized": "true",
            "elastic_gpu_specifications": [],
            "elastic_inference_accelerator": [],
            "enclave_options": [
              {
                "enabled": false
              }
            ],
            "hibernation_options": [],
            "iam_instance_profile": [
              {
                "arn": "",
                "name": "kubeflow2021092809300253030000000d"
              }
            ],
            "id": "lt-05c7f241a70b417df",
            "image_id": "ami-006ee11787e39cde6",
            "instance_initiated_shutdown_behavior": "",
            "instance_market_options": [],
            "instance_type": "m5.large",
            "kernel_id": "",
            "key_name": "",
            "latest_version": 1,
            "license_specification": [],
            "metadata_options": [
              {
                "http_endpoint": "enabled",
                "http_put_response_hop_limit": 0,
                "http_tokens": "optional"
              }
            ],
            "monitoring": [
              {
                "enabled": true
              }
            ],
            "name": "kubeflow-020210928093005398600000017",
            "name_prefix": "kubeflow-0",
            "network_interfaces": [
              {
                "associate_carrier_ip_address": "",
                "associate_public_ip_address": "false",
                "delete_on_termination": "true",
                "description": "",
                "device_index": 0,
                "interface_type": "",
                "ipv4_address_count": 0,
                "ipv4_addresses": [],
                "ipv6_address_count": 0,
                "ipv6_addresses": [],
                "network_interface_id": "",
                "private_ip_address": "",
                "security_groups": [
                  "sg-08599a80ca5dcf547"
                ],
                "subnet_id": ""
              }
            ],
            "placement": [],
            "ram_disk_id": "",
            "security_group_names": [],
            "tag_specifications": [
              {
                "resource_type": "volume",
                "tags": {
                  "Environment": "development",
                  "Name": "kubeflow-0-eks_asg",
                  "Project": "sak",
                  "k8s.io/cluster-autoscaler/enabled": "true",
                  "k8s.io/cluster-autoscaler/kubeflow": "owned",
                  "k8s.io/cluster-autoscaler/node-template/label/node-type": "common"
                }
              },
              {
                "resource_type": "instance",
                "tags": {
                  "Environment": "development",
                  "Name": "kubeflow-0-eks_asg",
                  "Project": "sak"
                }
              },
              {
                "resource_type": "network-interface",
                "tags": {
                  "Environment": "development",
                  "Name": "kubeflow-0-eks_asg",
                  "Project": "sak",
                  "k8s.io/cluster-autoscaler/enabled": "true",
                  "k8s.io/cluster-autoscaler/kubeflow": "owned",
                  "k8s.io/cluster-autoscaler/node-template/label/node-type": "common"
                }
              }
            ],
            "tags": {
              "Environment": "development",
              "Project": "sak"
            },
            "tags_all": {
              "ENV": "development",
              "Environment": "development",
              "OWNER": "rgimadiev",
              "PRJ": "SAK",
              "Project": "sak"
            },
            "update_default_version": false,
            "user_data": "IyEvYmluL2Jhc2ggLWUKCiMgQWxsb3cgdXNlciBzdXBwbGllZCBwcmUgdXNlcmRhdGEgY29kZQoKCiMgQm9vdHN0cmFwIGFuZCBqb2luIHRoZSBjbHVzdGVyCi9ldGMvZWtzL2Jvb3RzdHJhcC5zaCAtLWI2NC1jbHVzdGVyLWNhICdMUzB0TFMxQ1JVZEpUaUJEUlZKVVNVWkpRMEZVUlMwdExTMHRDazFKU1VNMWVrTkRRV01yWjBGM1NVSkJaMGxDUVVSQlRrSm5hM0ZvYTJsSE9YY3dRa0ZSYzBaQlJFRldUVkpOZDBWUldVUldVVkZFUlhkd2NtUlhTbXdLWTIwMWJHUkhWbnBOUWpSWVJGUkplRTFFYTNsT2VrVjZUWHBqZWs5V2IxaEVWRTE0VFVScmVVNVVSWHBOZW1ONlQxWnZkMFpVUlZSTlFrVkhRVEZWUlFwQmVFMUxZVE5XYVZwWVNuVmFXRkpzWTNwRFEwRlRTWGRFVVZsS1MyOWFTV2gyWTA1QlVVVkNRbEZCUkdkblJWQkJSRU5EUVZGdlEyZG5SVUpCVHpNeUNrNXBiVVI0WVdSSldsbE5WVFJyVmxsNk1ERlNOMXBZUzNWS2VGcFVTRklyWW1ObVExWkhTM2RaYlhBM1dqZHNWMDB3VTFKS1ZXeFhjbXBWTXpkT2NGUUtTRTV2VVZCemRIQkpiV2xUZVVab2VFSklORGQxTUVKTlRreFVhRFVyWXpNeU9YQk1NRXRsT0dsVFpHeGpOSFUwYlVZMmNqRTRjVXBuVVc1WVYyOHpVZ3BMWVZsNmVYWklMMHhJWVVsaVZXSXdka0ZMYVcxRmQzZFROakJZYjI5NUswUm1UV2R0TTNWeVdDOVpXSGsyUkd0d1ZEVTJjbkoyYTFrelMzQnlORmQyQ2taSmJIRnZjbXBvTVdOVGQxQlVPVGRpYVZSdk0yVnJabEkyT1Voa1RGTTRiMnRaVm5Sbk5sZEZRbE14UjJKeFRsb3hhUzk2VVRSeGJYWndibFkwTldjS1QyWldOMmRETm05cVdscFhiazlZTmt0U1pHc3phbWhRZUdjMGJVSllWbWgxZDFvMmNVUkRaMmxTVDFwSWNXeG9lbE53UWpjM2NYTjZlbmxaYm05T1ZBcHhXbEpRVG1OR1FXSlllWEl5S3pZek5GQTRRMEYzUlVGQllVNURUVVZCZDBSbldVUldVakJRUVZGSUwwSkJVVVJCWjB0clRVRTRSMEV4VldSRmQwVkNDaTkzVVVaTlFVMUNRV1k0ZDBoUldVUldVakJQUWtKWlJVWkpNRmxZWWtsQ2NVVmxTRGRYUzJ4WGJtcFVUVEJITVUxNVdrNU5RVEJIUTFOeFIxTkpZak1LUkZGRlFrTjNWVUZCTkVsQ1FWRkVhMUZwVmpGaE1EWXZSM2x4UlRrdlZXZG9ka1pCZUdGM1RYTlZObGRLV0VGak16ZHpUR1JCTVdOQlNFZHFUM2hFZVFvd2VHMHhkWGhoTDBOWE5GSTBka2xKV1ZZM1NUVjNXR1YwYzJWVFpVRXdOR0ZxTVZSak5FTTJTRVpYUTBJd1R6TjNRbkpKZDBsWk5tVmFVMUJ6UlVGWENubEdUMEZwUmxoWVlqbENRUzk2UlRocU1GSTViRTVDSzBreE1sbHNjblZ3VkRJdlVrdHdTM0pQUkZKSlpHcElOSFZ2UTJKVGRXSkJjVGRZTkdwM2Qyc0tSMjB6TUcxeFdUWmlWbVEwTUV0WlpIUnVaamQwYlRabGVqbE5jbUZHY0V0eFlqaFJWR1psZDFONFJFOVRWMnhTTkVKdGVVYzNjSEJoZW1STWIycHFjQXBFTVc0dlIwZDRka3BoU0dOV1YxQlJkRGR6VDFWWll6QjVjVVZHVldaa2NGVk9Zemc1VUU1bVZYTkRXRmxPTTJ0aGRsaFhhSGN4UzFWRU9YTkJTR2hhQ2k5dldWTlFlVFZCUWtsVE1WQmhRWGRTTjFsdVZuUkVWVUpIYlVOUmMySlpNMFUzTlFvdExTMHRMVVZPUkNCRFJWSlVTVVpKUTBGVVJTMHRMUzB0Q2c9PScgLS1hcGlzZXJ2ZXItZW5kcG9pbnQgJ2h0dHBzOi8vRUYxQjMyQjFGM0EyMTJCNTRFQzA1NjIwRjEzMDcwNjkueWw0LmV1LW5vcnRoLTEuZWtzLmFtYXpvbmF3cy5jb20nIC0tZG9ja2VyLWNvbmZpZy1qc29uIHsiXCJyZWdpc3RyeS1taXJyb3JzXCIiOlsiXCJodHRwczovL3JlZ2lzdHJ5LlwiIl19IC0ta3ViZWxldC1leHRyYS1hcmdzICItLW5vZGUtbGFiZWxzPW5vZGUua3ViZXJuZXRlcy5pby9saWZlY3ljbGU9YGN1cmwgLXMgaHR0cDovLzE2OS4yNTQuMTY5LjI1NC9sYXRlc3QvbWV0YS1kYXRhL2luc3RhbmNlLWxpZmUtY3ljbGVgLG5vZGUtdHlwZT1jb21tb24iICdrdWJlZmxvdycKCiMgQWxsb3cgdXNlciBzdXBwbGllZCB1c2VyZGF0YSBjb2RlCnN1ZG8geXVtIGluc3RhbGwgLXkgaHR0cHM6Ly9zMy5hbWF6b25hd3MuY29tL2VjMi1kb3dubG9hZHMtd2luZG93cy9TU01BZ2VudC9sYXRlc3QvbGludXhfYW1kNjQvYW1hem9uLXNzbS1hZ2VudC5ycG0gJiYgc3VkbyBzeXN0ZW1jdGwgZW5hYmxlIGFtYXpvbi1zc20tYWdlbnQgJiYgc3VkbyBzeXN0ZW1jdGwgc3RhcnQgYW1hem9uLXNzbS1hZ2VudAo=",
            "vpc_security_group_ids": []
          },
          "sensitive_attributes": [],
          "private": "bnVsbA==",
          "dependencies": [
            "module.kubernetes.module.eks.aws_cloudwatch_log_group.this",
            "module.kubernetes.module.eks.aws_iam_role_policy_attachment.workers_AmazonEKS_CNI_Policy",
            "module.kubernetes.module.eks.aws_security_group_rule.workers_egress_internet",
            "module.kubernetes.module.eks.aws_iam_role.cluster",
            "module.kubernetes.module.eks.aws_iam_role_policy_attachment.cluster_AmazonEKSVPCResourceControllerPolicy",
            "module.kubernetes.module.eks.aws_security_group_rule.cluster_egress_internet",
            "module.kubernetes.module.eks.aws_security_group_rule.workers_ingress_cluster_kubelet",
            "module.kubernetes.module.eks.aws_security_group_rule.workers_ingress_self",
            "module.network.module.vpc.aws_subnet.private",
            "module.network.module.vpc.aws_vpc_ipv4_cidr_block_association.this",
            "module.kubernetes.data.aws_ami.eks_gpu_worker",
            "module.kubernetes.module.eks.aws_iam_role_policy_attachment.workers_AmazonEKSWorkerNodePolicy",
            "module.kubernetes.module.eks.aws_security_group_rule.workers_ingress_cluster_primary",
            "module.kubernetes.module.eks.data.aws_ami.eks_worker_windows",
            "module.kubernetes.module.eks.data.aws_iam_policy_document.cluster_assume_role_policy",
            "module.kubernetes.module.eks.aws_iam_role_policy_attachment.cluster_AmazonEKSServicePolicy",
            "module.kubernetes.module.eks.aws_security_group.workers",
            "module.kubernetes.module.eks.aws_security_group_rule.cluster_https_worker_ingress",
            "module.kubernetes.module.eks.data.aws_iam_instance_profile.custom_worker_group_launch_template_iam_instance_profile",
            "module.kubernetes.module.eks.data.aws_iam_policy_document.workers_assume_role_policy",
            "module.kubernetes.module.eks.data.aws_iam_role.custom_cluster_iam_role",
            "module.kubernetes.module.eks.aws_eks_cluster.this",
            "module.kubernetes.module.eks.aws_iam_role_policy_attachment.workers_additional_policies",
            "module.kubernetes.module.eks.aws_security_group.cluster",
            "module.kubernetes.module.eks.data.aws_partition.current",
            "module.network.data.template_file.private",
            "module.kubernetes.module.eks.aws_iam_instance_profile.workers_launch_template",
            "module.kubernetes.module.eks.aws_iam_role_policy_attachment.workers_AmazonEC2ContainerRegistryReadOnly",
            "module.kubernetes.module.eks.aws_security_group_rule.cluster_primary_ingress_workers",
            "module.kubernetes.module.eks.data.aws_ami.eks_worker",
            "module.kubernetes.module.eks.aws_iam_role.workers",
            "module.kubernetes.module.eks.aws_security_group_rule.workers_ingress_cluster",
            "module.kubernetes.module.eks.aws_security_group_rule.workers_ingress_cluster_https",
            "module.network.data.aws_availability_zones.available",
            "module.kubernetes.module.eks.aws_iam_role_policy_attachment.cluster_AmazonEKSClusterPolicy",
            "module.network.module.vpc.aws_vpc.this"
          ],
          "create_before_destroy": true
        },
        {
          "index_key": 1,
          "schema_version": 0,
          "attributes": {
            "arn": "arn:aws:ec2:eu-north-1:245582572290:launch-template/lt-0370f23440d1a236c",
            "block_device_mappings": [
              {
                "device_name": "/dev/xvda",
                "ebs": [
                  {
                    "delete_on_termination": "true",
                    "encrypted": "false",
                    "iops": 0,
                    "kms_key_id": "",
                    "snapshot_id": "",
                    "throughput": 0,
                    "volume_size": 100,
                    "volume_type": "gp2"
                  }
                ],
                "no_device": "",
                "virtual_name": ""
              }
            ],
            "capacity_reservation_specification": [],
            "cpu_options": [],
            "credit_specification": [
              {
                "cpu_credits": "standard"
              }
            ],
            "default_version": 1,
            "description": "",
            "disable_api_termination": false,
            "ebs_optimized": "true",
            "elastic_gpu_specifications": [],
            "elastic_inference_accelerator": [],
            "enclave_options": [
              {
                "enabled": false
              }
            ],
            "hibernation_options": [],
            "iam_instance_profile": [
              {
                "arn": "",
                "name": "kubeflow2021092809300263200000000f"
              }
            ],
            "id": "lt-0370f23440d1a236c",
            "image_id": "ami-006ee11787e39cde6",
            "instance_initiated_shutdown_behavior": "",
            "instance_market_options": [],
            "instance_type": "m5.large",
            "kernel_id": "",
            "key_name": "",
            "latest_version": 1,
            "license_specification": [],
            "metadata_options": [
              {
                "http_endpoint": "enabled",
                "http_put_response_hop_limit": 0,
                "http_tokens": "optional"
              }
            ],
            "monitoring": [
              {
                "enabled": true
              }
            ],
            "name": "kubeflow-120210928093005397700000015",
            "name_prefix": "kubeflow-1",
            "network_interfaces": [
              {
                "associate_carrier_ip_address": "",
                "associate_public_ip_address": "false",
                "delete_on_termination": "true",
                "description": "",
                "device_index": 0,
                "interface_type": "",
                "ipv4_address_count": 0,
                "ipv4_addresses": [],
                "ipv6_address_count": 0,
                "ipv6_addresses": [],
                "network_interface_id": "",
                "private_ip_address": "",
                "security_groups": [
                  "sg-08599a80ca5dcf547"
                ],
                "subnet_id": ""
              }
            ],
            "placement": [],
            "ram_disk_id": "",
            "security_group_names": [],
            "tag_specifications": [
              {
                "resource_type": "volume",
                "tags": {
                  "Environment": "development",
                  "Name": "kubeflow-1-eks_asg",
                  "Project": "sak",
                  "k8s.io/cluster-autoscaler/enabled": "true",
                  "k8s.io/cluster-autoscaler/kubeflow": "owned",
                  "k8s.io/cluster-autoscaler/node-template/label/node-type": "common"
                }
              },
              {
                "resource_type": "instance",
                "tags": {
                  "Environment": "development",
                  "Name": "kubeflow-1-eks_asg",
                  "Project": "sak"
                }
              },
              {
                "resource_type": "network-interface",
                "tags": {
                  "Environment": "development",
                  "Name": "kubeflow-1-eks_asg",
                  "Project": "sak",
                  "k8s.io/cluster-autoscaler/enabled": "true",
                  "k8s.io/cluster-autoscaler/kubeflow": "owned",
                  "k8s.io/cluster-autoscaler/node-template/label/node-type": "common"
                }
              }
            ],
            "tags": {
              "Environment": "development",
              "Project": "sak"
            },
            "tags_all": {
              "ENV": "development",
              "Environment": "development",
              "OWNER": "rgimadiev",
              "PRJ": "SAK",
              "Project": "sak"
            },
            "update_default_version": false,
            "user_data": "IyEvYmluL2Jhc2ggLWUKCiMgQWxsb3cgdXNlciBzdXBwbGllZCBwcmUgdXNlcmRhdGEgY29kZQoKCiMgQm9vdHN0cmFwIGFuZCBqb2luIHRoZSBjbHVzdGVyCi9ldGMvZWtzL2Jvb3RzdHJhcC5zaCAtLWI2NC1jbHVzdGVyLWNhICdMUzB0TFMxQ1JVZEpUaUJEUlZKVVNVWkpRMEZVUlMwdExTMHRDazFKU1VNMWVrTkRRV01yWjBGM1NVSkJaMGxDUVVSQlRrSm5hM0ZvYTJsSE9YY3dRa0ZSYzBaQlJFRldUVkpOZDBWUldVUldVVkZFUlhkd2NtUlhTbXdLWTIwMWJHUkhWbnBOUWpSWVJGUkplRTFFYTNsT2VrVjZUWHBqZWs5V2IxaEVWRTE0VFVScmVVNVVSWHBOZW1ONlQxWnZkMFpVUlZSTlFrVkhRVEZWUlFwQmVFMUxZVE5XYVZwWVNuVmFXRkpzWTNwRFEwRlRTWGRFVVZsS1MyOWFTV2gyWTA1QlVVVkNRbEZCUkdkblJWQkJSRU5EUVZGdlEyZG5SVUpCVHpNeUNrNXBiVVI0WVdSSldsbE5WVFJyVmxsNk1ERlNOMXBZUzNWS2VGcFVTRklyWW1ObVExWkhTM2RaYlhBM1dqZHNWMDB3VTFKS1ZXeFhjbXBWTXpkT2NGUUtTRTV2VVZCemRIQkpiV2xUZVVab2VFSklORGQxTUVKTlRreFVhRFVyWXpNeU9YQk1NRXRsT0dsVFpHeGpOSFUwYlVZMmNqRTRjVXBuVVc1WVYyOHpVZ3BMWVZsNmVYWklMMHhJWVVsaVZXSXdka0ZMYVcxRmQzZFROakJZYjI5NUswUm1UV2R0TTNWeVdDOVpXSGsyUkd0d1ZEVTJjbkoyYTFrelMzQnlORmQyQ2taSmJIRnZjbXBvTVdOVGQxQlVPVGRpYVZSdk0yVnJabEkyT1Voa1RGTTRiMnRaVm5Sbk5sZEZRbE14UjJKeFRsb3hhUzk2VVRSeGJYWndibFkwTldjS1QyWldOMmRETm05cVdscFhiazlZTmt0U1pHc3phbWhRZUdjMGJVSllWbWgxZDFvMmNVUkRaMmxTVDFwSWNXeG9lbE53UWpjM2NYTjZlbmxaYm05T1ZBcHhXbEpRVG1OR1FXSlllWEl5S3pZek5GQTRRMEYzUlVGQllVNURUVVZCZDBSbldVUldVakJRUVZGSUwwSkJVVVJCWjB0clRVRTRSMEV4VldSRmQwVkNDaTkzVVVaTlFVMUNRV1k0ZDBoUldVUldVakJQUWtKWlJVWkpNRmxZWWtsQ2NVVmxTRGRYUzJ4WGJtcFVUVEJITVUxNVdrNU5RVEJIUTFOeFIxTkpZak1LUkZGRlFrTjNWVUZCTkVsQ1FWRkVhMUZwVmpGaE1EWXZSM2x4UlRrdlZXZG9ka1pCZUdGM1RYTlZObGRLV0VGak16ZHpUR1JCTVdOQlNFZHFUM2hFZVFvd2VHMHhkWGhoTDBOWE5GSTBka2xKV1ZZM1NUVjNXR1YwYzJWVFpVRXdOR0ZxTVZSak5FTTJTRVpYUTBJd1R6TjNRbkpKZDBsWk5tVmFVMUJ6UlVGWENubEdUMEZwUmxoWVlqbENRUzk2UlRocU1GSTViRTVDSzBreE1sbHNjblZ3VkRJdlVrdHdTM0pQUkZKSlpHcElOSFZ2UTJKVGRXSkJjVGRZTkdwM2Qyc0tSMjB6TUcxeFdUWmlWbVEwTUV0WlpIUnVaamQwYlRabGVqbE5jbUZHY0V0eFlqaFJWR1psZDFONFJFOVRWMnhTTkVKdGVVYzNjSEJoZW1STWIycHFjQXBFTVc0dlIwZDRka3BoU0dOV1YxQlJkRGR6VDFWWll6QjVjVVZHVldaa2NGVk9Zemc1VUU1bVZYTkRXRmxPTTJ0aGRsaFhhSGN4UzFWRU9YTkJTR2hhQ2k5dldWTlFlVFZCUWtsVE1WQmhRWGRTTjFsdVZuUkVWVUpIYlVOUmMySlpNMFUzTlFvdExTMHRMVVZPUkNCRFJWSlVTVVpKUTBGVVJTMHRMUzB0Q2c9PScgLS1hcGlzZXJ2ZXItZW5kcG9pbnQgJ2h0dHBzOi8vRUYxQjMyQjFGM0EyMTJCNTRFQzA1NjIwRjEzMDcwNjkueWw0LmV1LW5vcnRoLTEuZWtzLmFtYXpvbmF3cy5jb20nIC0tZG9ja2VyLWNvbmZpZy1qc29uIHsiXCJyZWdpc3RyeS1taXJyb3JzXCIiOlsiXCJodHRwczovL3JlZ2lzdHJ5LlwiIl19IC0ta3ViZWxldC1leHRyYS1hcmdzICItLW5vZGUtbGFiZWxzPW5vZGUua3ViZXJuZXRlcy5pby9saWZlY3ljbGU9YGN1cmwgLXMgaHR0cDovLzE2OS4yNTQuMTY5LjI1NC9sYXRlc3QvbWV0YS1kYXRhL2luc3RhbmNlLWxpZmUtY3ljbGVgLG5vZGUtdHlwZT1jb21tb24iICdrdWJlZmxvdycKCiMgQWxsb3cgdXNlciBzdXBwbGllZCB1c2VyZGF0YSBjb2RlCnN1ZG8geXVtIGluc3RhbGwgLXkgaHR0cHM6Ly9zMy5hbWF6b25hd3MuY29tL2VjMi1kb3dubG9hZHMtd2luZG93cy9TU01BZ2VudC9sYXRlc3QvbGludXhfYW1kNjQvYW1hem9uLXNzbS1hZ2VudC5ycG0gJiYgc3VkbyBzeXN0ZW1jdGwgZW5hYmxlIGFtYXpvbi1zc20tYWdlbnQgJiYgc3VkbyBzeXN0ZW1jdGwgc3RhcnQgYW1hem9uLXNzbS1hZ2VudAo=",
            "vpc_security_group_ids": []
          },
          "sensitive_attributes": [],
          "private": "bnVsbA==",
          "dependencies": [
            "module.kubernetes.module.eks.aws_security_group_rule.workers_ingress_cluster_https",
            "module.kubernetes.module.eks.aws_security_group_rule.workers_ingress_cluster_kubelet",
            "module.kubernetes.module.eks.aws_security_group_rule.workers_ingress_cluster_primary",
            "module.network.data.aws_availability_zones.available",
            "module.kubernetes.module.eks.aws_eks_cluster.this",
            "module.kubernetes.module.eks.aws_security_group.workers",
            "module.kubernetes.module.eks.aws_security_group_rule.workers_egress_internet",
            "module.kubernetes.module.eks.data.aws_ami.eks_worker",
            "module.kubernetes.module.eks.data.aws_iam_policy_document.cluster_assume_role_policy",
            "module.network.module.vpc.aws_vpc.this",
            "module.kubernetes.data.aws_ami.eks_gpu_worker",
            "module.kubernetes.module.eks.aws_iam_role_policy_attachment.cluster_AmazonEKSClusterPolicy",
            "module.kubernetes.module.eks.data.aws_iam_instance_profile.custom_worker_group_launch_template_iam_instance_profile",
            "module.kubernetes.module.eks.data.aws_ami.eks_worker_windows",
            "module.network.module.vpc.aws_subnet.private",
            "module.kubernetes.module.eks.aws_iam_role_policy_attachment.workers_AmazonEC2ContainerRegistryReadOnly",
            "module.kubernetes.module.eks.aws_iam_role_policy_attachment.workers_AmazonEKS_CNI_Policy",
            "module.kubernetes.module.eks.aws_security_group_rule.cluster_egress_internet",
            "module.kubernetes.module.eks.aws_security_group_rule.cluster_https_worker_ingress",
            "module.kubernetes.module.eks.aws_security_group_rule.workers_ingress_cluster",
            "module.network.module.vpc.aws_vpc_ipv4_cidr_block_association.this",
            "module.kubernetes.module.eks.aws_iam_role_policy_attachment.cluster_AmazonEKSVPCResourceControllerPolicy",
            "module.kubernetes.module.eks.aws_iam_role_policy_attachment.workers_additional_policies",
            "module.kubernetes.module.eks.aws_security_group.cluster",
            "module.kubernetes.module.eks.aws_iam_role_policy_attachment.cluster_AmazonEKSServicePolicy",
            "module.kubernetes.module.eks.aws_security_group_rule.cluster_primary_ingress_workers",
            "module.network.data.template_file.private",
            "module.kubernetes.module.eks.aws_iam_role_policy_attachment.workers_AmazonEKSWorkerNodePolicy",
            "module.kubernetes.module.eks.data.aws_iam_policy_document.workers_assume_role_policy",
            "module.kubernetes.module.eks.data.aws_iam_role.custom_cluster_iam_role",
            "module.kubernetes.module.eks.aws_iam_instance_profile.workers_launch_template",
            "module.kubernetes.module.eks.aws_iam_role.cluster",
            "module.kubernetes.module.eks.aws_iam_role.workers",
            "module.kubernetes.module.eks.aws_cloudwatch_log_group.this",
            "module.kubernetes.module.eks.aws_security_group_rule.workers_ingress_self",
            "module.kubernetes.module.eks.data.aws_partition.current"
          ],
          "create_before_destroy": true
        },
        {
          "index_key": 2,
          "schema_version": 0,
          "attributes": {
            "arn": "arn:aws:ec2:eu-north-1:245582572290:launch-template/lt-00403cb7d4c84a48c",
            "block_device_mappings": [
              {
                "device_name": "/dev/xvda",
                "ebs": [
                  {
                    "delete_on_termination": "true",
                    "encrypted": "false",
                    "iops": 0,
                    "kms_key_id": "",
                    "snapshot_id": "",
                    "throughput": 0,
                    "volume_size": 100,
                    "volume_type": "gp2"
                  }
                ],
                "no_device": "",
                "virtual_name": ""
              }
            ],
            "capacity_reservation_specification": [],
            "cpu_options": [],
            "credit_specification": [
              {
                "cpu_credits": "standard"
              }
            ],
            "default_version": 1,
            "description": "",
            "disable_api_termination": false,
            "ebs_optimized": "true",
            "elastic_gpu_specifications": [],
            "elastic_inference_accelerator": [],
            "enclave_options": [
              {
                "enabled": false
              }
            ],
            "hibernation_options": [],
            "iam_instance_profile": [
              {
                "arn": "",
                "name": "kubeflow2021092809300262830000000e"
              }
            ],
            "id": "lt-00403cb7d4c84a48c",
            "image_id": "ami-006ee11787e39cde6",
            "instance_initiated_shutdown_behavior": "",
            "instance_market_options": [],
            "instance_type": "c5.xlarge",
            "kernel_id": "",
            "key_name": "",
            "latest_version": 1,
            "license_specification": [],
            "metadata_options": [
              {
                "http_endpoint": "enabled",
                "http_put_response_hop_limit": 0,
                "http_tokens": "optional"
              }
            ],
            "monitoring": [
              {
                "enabled": true
              }
            ],
            "name": "kubeflow-220210928093005393500000011",
            "name_prefix": "kubeflow-2",
            "network_interfaces": [
              {
                "associate_carrier_ip_address": "",
                "associate_public_ip_address": "false",
                "delete_on_termination": "true",
                "description": "",
                "device_index": 0,
                "interface_type": "",
                "ipv4_address_count": 0,
                "ipv4_addresses": [],
                "ipv6_address_count": 0,
                "ipv6_addresses": [],
                "network_interface_id": "",
                "private_ip_address": "",
                "security_groups": [
                  "sg-08599a80ca5dcf547"
                ],
                "subnet_id": ""
              }
            ],
            "placement": [],
            "ram_disk_id": "",
            "security_group_names": [],
            "tag_specifications": [
              {
                "resource_type": "volume",
                "tags": {
                  "Environment": "development",
                  "Name": "kubeflow-2-eks_asg",
                  "Project": "sak",
                  "k8s.io/cluster-autoscaler/enabled": "true",
                  "k8s.io/cluster-autoscaler/kubeflow": "owned",
                  "k8s.io/cluster-autoscaler/node-template/label/node-type": "cpu",
                  "k8s.io/cluster-autoscaler/node-template/taint/node-type": "cpu:NoSchedule"
                }
              },
              {
                "resource_type": "instance",
                "tags": {
                  "Environment": "development",
                  "Name": "kubeflow-2-eks_asg",
                  "Project": "sak"
                }
              },
              {
                "resource_type": "network-interface",
                "tags": {
                  "Environment": "development",
                  "Name": "kubeflow-2-eks_asg",
                  "Project": "sak",
                  "k8s.io/cluster-autoscaler/enabled": "true",
                  "k8s.io/cluster-autoscaler/kubeflow": "owned",
                  "k8s.io/cluster-autoscaler/node-template/label/node-type": "cpu",
                  "k8s.io/cluster-autoscaler/node-template/taint/node-type": "cpu:NoSchedule"
                }
              }
            ],
            "tags": {
              "Environment": "development",
              "Project": "sak"
            },
            "tags_all": {
              "ENV": "development",
              "Environment": "development",
              "OWNER": "rgimadiev",
              "PRJ": "SAK",
              "Project": "sak"
            },
            "update_default_version": false,
            "user_data": "IyEvYmluL2Jhc2ggLWUKCiMgQWxsb3cgdXNlciBzdXBwbGllZCBwcmUgdXNlcmRhdGEgY29kZQoKCiMgQm9vdHN0cmFwIGFuZCBqb2luIHRoZSBjbHVzdGVyCi9ldGMvZWtzL2Jvb3RzdHJhcC5zaCAtLWI2NC1jbHVzdGVyLWNhICdMUzB0TFMxQ1JVZEpUaUJEUlZKVVNVWkpRMEZVUlMwdExTMHRDazFKU1VNMWVrTkRRV01yWjBGM1NVSkJaMGxDUVVSQlRrSm5hM0ZvYTJsSE9YY3dRa0ZSYzBaQlJFRldUVkpOZDBWUldVUldVVkZFUlhkd2NtUlhTbXdLWTIwMWJHUkhWbnBOUWpSWVJGUkplRTFFYTNsT2VrVjZUWHBqZWs5V2IxaEVWRTE0VFVScmVVNVVSWHBOZW1ONlQxWnZkMFpVUlZSTlFrVkhRVEZWUlFwQmVFMUxZVE5XYVZwWVNuVmFXRkpzWTNwRFEwRlRTWGRFVVZsS1MyOWFTV2gyWTA1QlVVVkNRbEZCUkdkblJWQkJSRU5EUVZGdlEyZG5SVUpCVHpNeUNrNXBiVVI0WVdSSldsbE5WVFJyVmxsNk1ERlNOMXBZUzNWS2VGcFVTRklyWW1ObVExWkhTM2RaYlhBM1dqZHNWMDB3VTFKS1ZXeFhjbXBWTXpkT2NGUUtTRTV2VVZCemRIQkpiV2xUZVVab2VFSklORGQxTUVKTlRreFVhRFVyWXpNeU9YQk1NRXRsT0dsVFpHeGpOSFUwYlVZMmNqRTRjVXBuVVc1WVYyOHpVZ3BMWVZsNmVYWklMMHhJWVVsaVZXSXdka0ZMYVcxRmQzZFROakJZYjI5NUswUm1UV2R0TTNWeVdDOVpXSGsyUkd0d1ZEVTJjbkoyYTFrelMzQnlORmQyQ2taSmJIRnZjbXBvTVdOVGQxQlVPVGRpYVZSdk0yVnJabEkyT1Voa1RGTTRiMnRaVm5Sbk5sZEZRbE14UjJKeFRsb3hhUzk2VVRSeGJYWndibFkwTldjS1QyWldOMmRETm05cVdscFhiazlZTmt0U1pHc3phbWhRZUdjMGJVSllWbWgxZDFvMmNVUkRaMmxTVDFwSWNXeG9lbE53UWpjM2NYTjZlbmxaYm05T1ZBcHhXbEpRVG1OR1FXSlllWEl5S3pZek5GQTRRMEYzUlVGQllVNURUVVZCZDBSbldVUldVakJRUVZGSUwwSkJVVVJCWjB0clRVRTRSMEV4VldSRmQwVkNDaTkzVVVaTlFVMUNRV1k0ZDBoUldVUldVakJQUWtKWlJVWkpNRmxZWWtsQ2NVVmxTRGRYUzJ4WGJtcFVUVEJITVUxNVdrNU5RVEJIUTFOeFIxTkpZak1LUkZGRlFrTjNWVUZCTkVsQ1FWRkVhMUZwVmpGaE1EWXZSM2x4UlRrdlZXZG9ka1pCZUdGM1RYTlZObGRLV0VGak16ZHpUR1JCTVdOQlNFZHFUM2hFZVFvd2VHMHhkWGhoTDBOWE5GSTBka2xKV1ZZM1NUVjNXR1YwYzJWVFpVRXdOR0ZxTVZSak5FTTJTRVpYUTBJd1R6TjNRbkpKZDBsWk5tVmFVMUJ6UlVGWENubEdUMEZwUmxoWVlqbENRUzk2UlRocU1GSTViRTVDSzBreE1sbHNjblZ3VkRJdlVrdHdTM0pQUkZKSlpHcElOSFZ2UTJKVGRXSkJjVGRZTkdwM2Qyc0tSMjB6TUcxeFdUWmlWbVEwTUV0WlpIUnVaamQwYlRabGVqbE5jbUZHY0V0eFlqaFJWR1psZDFONFJFOVRWMnhTTkVKdGVVYzNjSEJoZW1STWIycHFjQXBFTVc0dlIwZDRka3BoU0dOV1YxQlJkRGR6VDFWWll6QjVjVVZHVldaa2NGVk9Zemc1VUU1bVZYTkRXRmxPTTJ0aGRsaFhhSGN4UzFWRU9YTkJTR2hhQ2k5dldWTlFlVFZCUWtsVE1WQmhRWGRTTjFsdVZuUkVWVUpIYlVOUmMySlpNMFUzTlFvdExTMHRMVVZPUkNCRFJWSlVTVVpKUTBGVVJTMHRMUzB0Q2c9PScgLS1hcGlzZXJ2ZXItZW5kcG9pbnQgJ2h0dHBzOi8vRUYxQjMyQjFGM0EyMTJCNTRFQzA1NjIwRjEzMDcwNjkueWw0LmV1LW5vcnRoLTEuZWtzLmFtYXpvbmF3cy5jb20nIC0tZG9ja2VyLWNvbmZpZy1qc29uIHsiXCJyZWdpc3RyeS1taXJyb3JzXCIiOlsiXCJodHRwczovL3JlZ2lzdHJ5LlwiIl19IC0ta3ViZWxldC1leHRyYS1hcmdzICItLW5vZGUtbGFiZWxzPW5vZGUua3ViZXJuZXRlcy5pby9saWZlY3ljbGU9YGN1cmwgLXMgaHR0cDovLzE2OS4yNTQuMTY5LjI1NC9sYXRlc3QvbWV0YS1kYXRhL2luc3RhbmNlLWxpZmUtY3ljbGVgLG5vZGUtdHlwZT1jcHUgLS1yZWdpc3Rlci13aXRoLXRhaW50cz1ub2RlLXR5cGU9Y3B1Ok5vU2NoZWR1bGUiICdrdWJlZmxvdycKCiMgQWxsb3cgdXNlciBzdXBwbGllZCB1c2VyZGF0YSBjb2RlCnN1ZG8geXVtIGluc3RhbGwgLXkgaHR0cHM6Ly9zMy5hbWF6b25hd3MuY29tL2VjMi1kb3dubG9hZHMtd2luZG93cy9TU01BZ2VudC9sYXRlc3QvbGludXhfYW1kNjQvYW1hem9uLXNzbS1hZ2VudC5ycG0gJiYgc3VkbyBzeXN0ZW1jdGwgZW5hYmxlIGFtYXpvbi1zc20tYWdlbnQgJiYgc3VkbyBzeXN0ZW1jdGwgc3RhcnQgYW1hem9uLXNzbS1hZ2VudAo=",
            "vpc_security_group_ids": []
          },
          "sensitive_attributes": [],
          "private": "bnVsbA==",
          "dependencies": [
            "module.kubernetes.data.aws_ami.eks_gpu_worker",
            "module.kubernetes.module.eks.aws_cloudwatch_log_group.this",
            "module.kubernetes.module.eks.aws_eks_cluster.this",
            "module.kubernetes.module.eks.aws_iam_instance_profile.workers_launch_template",
            "module.kubernetes.module.eks.aws_iam_role.cluster",
            "module.kubernetes.module.eks.aws_iam_role_policy_attachment.cluster_AmazonEKSClusterPolicy",
            "module.kubernetes.module.eks.aws_iam_role.workers",
            "module.kubernetes.module.eks.aws_iam_role_policy_attachment.cluster_AmazonEKSServicePolicy",
            "module.kubernetes.module.eks.aws_iam_role_policy_attachment.cluster_AmazonEKSVPCResourceControllerPolicy",
            "module.kubernetes.module.eks.aws_iam_role_policy_attachment.workers_AmazonEC2ContainerRegistryReadOnly",
            "module.kubernetes.module.eks.aws_iam_role_policy_attachment.workers_AmazonEKSWorkerNodePolicy",
            "module.kubernetes.module.eks.aws_iam_role_policy_attachment.workers_AmazonEKS_CNI_Policy",
            "module.kubernetes.module.eks.aws_iam_role_policy_attachment.workers_additional_policies",
            "module.kubernetes.module.eks.aws_security_group.cluster",
            "module.kubernetes.module.eks.aws_security_group.workers",
            "module.kubernetes.module.eks.aws_security_group_rule.cluster_egress_internet",
            "module.kubernetes.module.eks.aws_security_group_rule.cluster_https_worker_ingress",
            "module.kubernetes.module.eks.aws_security_group_rule.workers_egress_internet",
            "module.kubernetes.module.eks.aws_security_group_rule.cluster_primary_ingress_workers",
            "module.kubernetes.module.eks.aws_security_group_rule.workers_ingress_cluster",
            "module.kubernetes.module.eks.aws_security_group_rule.workers_ingress_cluster_https",
            "module.kubernetes.module.eks.aws_security_group_rule.workers_ingress_cluster_kubelet",
            "module.kubernetes.module.eks.aws_security_group_rule.workers_ingress_cluster_primary",
            "module.kubernetes.module.eks.aws_security_group_rule.workers_ingress_self",
            "module.kubernetes.module.eks.data.aws_ami.eks_worker",
            "module.kubernetes.module.eks.data.aws_ami.eks_worker_windows",
            "module.kubernetes.module.eks.data.aws_iam_instance_profile.custom_worker_group_launch_template_iam_instance_profile",
            "module.kubernetes.module.eks.data.aws_iam_policy_document.cluster_assume_role_policy",
            "module.kubernetes.module.eks.data.aws_iam_policy_document.workers_assume_role_policy",
            "module.kubernetes.module.eks.data.aws_iam_role.custom_cluster_iam_role",
            "module.kubernetes.module.eks.data.aws_partition.current",
            "module.network.data.aws_availability_zones.available",
            "module.network.data.template_file.private",
            "module.network.module.vpc.aws_subnet.private",
            "module.network.module.vpc.aws_vpc.this",
            "module.network.module.vpc.aws_vpc_ipv4_cidr_block_association.this"
          ],
          "create_before_destroy": true
        },
        {
          "index_key": 3,
          "schema_version": 0,
          "attributes": {
            "arn": "arn:aws:ec2:eu-north-1:245582572290:launch-template/lt-02e9289595b9129f4",
            "block_device_mappings": [
              {
                "device_name": "/dev/xvda",
                "ebs": [
                  {
                    "delete_on_termination": "true",
                    "encrypted": "false",
                    "iops": 0,
                    "kms_key_id": "",
                    "snapshot_id": "",
                    "throughput": 0,
                    "volume_size": 100,
                    "volume_type": "gp2"
                  }
                ],
                "no_device": "",
                "virtual_name": ""
              }
            ],
            "capacity_reservation_specification": [],
            "cpu_options": [],
            "credit_specification": [
              {
                "cpu_credits": "standard"
              }
            ],
            "default_version": 1,
            "description": "",
            "disable_api_termination": false,
            "ebs_optimized": "true",
            "elastic_gpu_specifications": [],
            "elastic_inference_accelerator": [],
            "enclave_options": [
              {
                "enabled": false
              }
            ],
            "hibernation_options": [],
            "iam_instance_profile": [
              {
                "arn": "",
                "name": "kubeflow20210928093001174700000003"
              }
            ],
            "id": "lt-02e9289595b9129f4",
            "image_id": "ami-0eaf84f96ca04f657",
            "instance_initiated_shutdown_behavior": "",
            "instance_market_options": [],
            "instance_type": "p2.xlarge",
            "kernel_id": "",
            "key_name": "",
            "latest_version": 1,
            "license_specification": [],
            "metadata_options": [
              {
                "http_endpoint": "enabled",
                "http_put_response_hop_limit": 0,
                "http_tokens": "optional"
              }
            ],
            "monitoring": [
              {
                "enabled": true
              }
            ],
            "name": "kubeflow-320210928093005394800000013",
            "name_prefix": "kubeflow-3",
            "network_interfaces": [
              {
                "associate_carrier_ip_address": "",
                "associate_public_ip_address": "false",
                "delete_on_termination": "true",
                "description": "",
                "device_index": 0,
                "interface_type": "",
                "ipv4_address_count": 0,
                "ipv4_addresses": [],
                "ipv6_address_count": 0,
                "ipv6_addresses": [],
                "network_interface_id": "",
                "private_ip_address": "",
                "security_groups": [
                  "sg-08599a80ca5dcf547"
                ],
                "subnet_id": ""
              }
            ],
            "placement": [],
            "ram_disk_id": "",
            "security_group_names": [],
            "tag_specifications": [
              {
                "resource_type": "volume",
                "tags": {
                  "Environment": "development",
                  "Name": "kubeflow-3-eks_asg",
                  "Project": "sak",
                  "k8s.io/cluster-autoscaler/enabled": "true",
                  "k8s.io/cluster-autoscaler/kubeflow": "owned",
                  "k8s.io/cluster-autoscaler/node-template/label/node-type": "gpu",
                  "k8s.io/cluster-autoscaler/node-template/label/nvidia.com/gpu": "gpu",
                  "k8s.io/cluster-autoscaler/node-template/resources/nvidia.com/gpu": "1",
                  "k8s.io/cluster-autoscaler/node-template/taint/node-type": "gpu:NoSchedule",
                  "k8s.io/cluster-autoscaler/node-template/taint/nvidia.com/gpu": "gpu:NoSchedule"
                }
              },
              {
                "resource_type": "instance",
                "tags": {
                  "Environment": "development",
                  "Name": "kubeflow-3-eks_asg",
                  "Project": "sak"
                }
              },
              {
                "resource_type": "network-interface",
                "tags": {
                  "Environment": "development",
                  "Name": "kubeflow-3-eks_asg",
                  "Project": "sak",
                  "k8s.io/cluster-autoscaler/enabled": "true",
                  "k8s.io/cluster-autoscaler/kubeflow": "owned",
                  "k8s.io/cluster-autoscaler/node-template/label/node-type": "gpu",
                  "k8s.io/cluster-autoscaler/node-template/label/nvidia.com/gpu": "gpu",
                  "k8s.io/cluster-autoscaler/node-template/resources/nvidia.com/gpu": "1",
                  "k8s.io/cluster-autoscaler/node-template/taint/node-type": "gpu:NoSchedule",
                  "k8s.io/cluster-autoscaler/node-template/taint/nvidia.com/gpu": "gpu:NoSchedule"
                }
              }
            ],
            "tags": {
              "Environment": "development",
              "Project": "sak"
            },
            "tags_all": {
              "ENV": "development",
              "Environment": "development",
              "OWNER": "rgimadiev",
              "PRJ": "SAK",
              "Project": "sak"
            },
            "update_default_version": false,
            "user_data": "IyEvYmluL2Jhc2ggLWUKCiMgQWxsb3cgdXNlciBzdXBwbGllZCBwcmUgdXNlcmRhdGEgY29kZQoKCiMgQm9vdHN0cmFwIGFuZCBqb2luIHRoZSBjbHVzdGVyCi9ldGMvZWtzL2Jvb3RzdHJhcC5zaCAtLWI2NC1jbHVzdGVyLWNhICdMUzB0TFMxQ1JVZEpUaUJEUlZKVVNVWkpRMEZVUlMwdExTMHRDazFKU1VNMWVrTkRRV01yWjBGM1NVSkJaMGxDUVVSQlRrSm5hM0ZvYTJsSE9YY3dRa0ZSYzBaQlJFRldUVkpOZDBWUldVUldVVkZFUlhkd2NtUlhTbXdLWTIwMWJHUkhWbnBOUWpSWVJGUkplRTFFYTNsT2VrVjZUWHBqZWs5V2IxaEVWRTE0VFVScmVVNVVSWHBOZW1ONlQxWnZkMFpVUlZSTlFrVkhRVEZWUlFwQmVFMUxZVE5XYVZwWVNuVmFXRkpzWTNwRFEwRlRTWGRFVVZsS1MyOWFTV2gyWTA1QlVVVkNRbEZCUkdkblJWQkJSRU5EUVZGdlEyZG5SVUpCVHpNeUNrNXBiVVI0WVdSSldsbE5WVFJyVmxsNk1ERlNOMXBZUzNWS2VGcFVTRklyWW1ObVExWkhTM2RaYlhBM1dqZHNWMDB3VTFKS1ZXeFhjbXBWTXpkT2NGUUtTRTV2VVZCemRIQkpiV2xUZVVab2VFSklORGQxTUVKTlRreFVhRFVyWXpNeU9YQk1NRXRsT0dsVFpHeGpOSFUwYlVZMmNqRTRjVXBuVVc1WVYyOHpVZ3BMWVZsNmVYWklMMHhJWVVsaVZXSXdka0ZMYVcxRmQzZFROakJZYjI5NUswUm1UV2R0TTNWeVdDOVpXSGsyUkd0d1ZEVTJjbkoyYTFrelMzQnlORmQyQ2taSmJIRnZjbXBvTVdOVGQxQlVPVGRpYVZSdk0yVnJabEkyT1Voa1RGTTRiMnRaVm5Sbk5sZEZRbE14UjJKeFRsb3hhUzk2VVRSeGJYWndibFkwTldjS1QyWldOMmRETm05cVdscFhiazlZTmt0U1pHc3phbWhRZUdjMGJVSllWbWgxZDFvMmNVUkRaMmxTVDFwSWNXeG9lbE53UWpjM2NYTjZlbmxaYm05T1ZBcHhXbEpRVG1OR1FXSlllWEl5S3pZek5GQTRRMEYzUlVGQllVNURUVVZCZDBSbldVUldVakJRUVZGSUwwSkJVVVJCWjB0clRVRTRSMEV4VldSRmQwVkNDaTkzVVVaTlFVMUNRV1k0ZDBoUldVUldVakJQUWtKWlJVWkpNRmxZWWtsQ2NVVmxTRGRYUzJ4WGJtcFVUVEJITVUxNVdrNU5RVEJIUTFOeFIxTkpZak1LUkZGRlFrTjNWVUZCTkVsQ1FWRkVhMUZwVmpGaE1EWXZSM2x4UlRrdlZXZG9ka1pCZUdGM1RYTlZObGRLV0VGak16ZHpUR1JCTVdOQlNFZHFUM2hFZVFvd2VHMHhkWGhoTDBOWE5GSTBka2xKV1ZZM1NUVjNXR1YwYzJWVFpVRXdOR0ZxTVZSak5FTTJTRVpYUTBJd1R6TjNRbkpKZDBsWk5tVmFVMUJ6UlVGWENubEdUMEZwUmxoWVlqbENRUzk2UlRocU1GSTViRTVDSzBreE1sbHNjblZ3VkRJdlVrdHdTM0pQUkZKSlpHcElOSFZ2UTJKVGRXSkJjVGRZTkdwM2Qyc0tSMjB6TUcxeFdUWmlWbVEwTUV0WlpIUnVaamQwYlRabGVqbE5jbUZHY0V0eFlqaFJWR1psZDFONFJFOVRWMnhTTkVKdGVVYzNjSEJoZW1STWIycHFjQXBFTVc0dlIwZDRka3BoU0dOV1YxQlJkRGR6VDFWWll6QjVjVVZHVldaa2NGVk9Zemc1VUU1bVZYTkRXRmxPTTJ0aGRsaFhhSGN4UzFWRU9YTkJTR2hhQ2k5dldWTlFlVFZCUWtsVE1WQmhRWGRTTjFsdVZuUkVWVUpIYlVOUmMySlpNMFUzTlFvdExTMHRMVVZPUkNCRFJWSlVTVVpKUTBGVVJTMHRMUzB0Q2c9PScgLS1hcGlzZXJ2ZXItZW5kcG9pbnQgJ2h0dHBzOi8vRUYxQjMyQjFGM0EyMTJCNTRFQzA1NjIwRjEzMDcwNjkueWw0LmV1LW5vcnRoLTEuZWtzLmFtYXpvbmF3cy5jb20nIC0tZG9ja2VyLWNvbmZpZy1qc29uIHsiXCJyZWdpc3RyeS1taXJyb3JzXCIiOlsiXCJodHRwczovL3JlZ2lzdHJ5LlwiIl19IC0ta3ViZWxldC1leHRyYS1hcmdzICItLW5vZGUtbGFiZWxzPW5vZGUua3ViZXJuZXRlcy5pby9saWZlY3ljbGU9YGN1cmwgLXMgaHR0cDovLzE2OS4yNTQuMTY5LjI1NC9sYXRlc3QvbWV0YS1kYXRhL2luc3RhbmNlLWxpZmUtY3ljbGVgLG5vZGUtdHlwZT1ncHUsbnZpZGlhLmNvbS9ncHU9Z3B1IC0tcmVnaXN0ZXItd2l0aC10YWludHM9bm9kZS10eXBlPWdwdTpOb1NjaGVkdWxlLG52aWRpYS5jb20vZ3B1PWdwdTpOb1NjaGVkdWxlIiAna3ViZWZsb3cnCgojIEFsbG93IHVzZXIgc3VwcGxpZWQgdXNlcmRhdGEgY29kZQpzdWRvIHl1bSBpbnN0YWxsIC15IGh0dHBzOi8vczMuYW1hem9uYXdzLmNvbS9lYzItZG93bmxvYWRzLXdpbmRvd3MvU1NNQWdlbnQvbGF0ZXN0L2xpbnV4X2FtZDY0L2FtYXpvbi1zc20tYWdlbnQucnBtICYmIHN1ZG8gc3lzdGVtY3RsIGVuYWJsZSBhbWF6b24tc3NtLWFnZW50ICYmIHN1ZG8gc3lzdGVtY3RsIHN0YXJ0IGFtYXpvbi1zc20tYWdlbnQK",
            "vpc_security_group_ids": []
          },
          "sensitive_attributes": [],
          "private": "bnVsbA==",
          "dependencies": [
            "module.kubernetes.data.aws_ami.eks_gpu_worker",
            "module.kubernetes.module.eks.aws_cloudwatch_log_group.this",
            "module.kubernetes.module.eks.aws_eks_cluster.this",
            "module.kubernetes.module.eks.aws_iam_instance_profile.workers_launch_template",
            "module.kubernetes.module.eks.aws_iam_role.cluster",
            "module.kubernetes.module.eks.aws_iam_role_policy_attachment.cluster_AmazonEKSClusterPolicy",
            "module.kubernetes.module.eks.aws_iam_role.workers",
            "module.kubernetes.module.eks.aws_iam_role_policy_attachment.cluster_AmazonEKSServicePolicy",
            "module.kubernetes.module.eks.aws_iam_role_policy_attachment.cluster_AmazonEKSVPCResourceControllerPolicy",
            "module.kubernetes.module.eks.aws_iam_role_policy_attachment.workers_AmazonEC2ContainerRegistryReadOnly",
            "module.kubernetes.module.eks.aws_iam_role_policy_attachment.workers_AmazonEKSWorkerNodePolicy",
            "module.kubernetes.module.eks.aws_iam_role_policy_attachment.workers_AmazonEKS_CNI_Policy",
            "module.kubernetes.module.eks.aws_iam_role_policy_attachment.workers_additional_policies",
            "module.kubernetes.module.eks.aws_security_group.cluster",
            "module.kubernetes.module.eks.aws_security_group.workers",
            "module.kubernetes.module.eks.aws_security_group_rule.cluster_egress_internet",
            "module.kubernetes.module.eks.aws_security_group_rule.cluster_https_worker_ingress",
            "module.kubernetes.module.eks.aws_security_group_rule.workers_egress_internet",
            "module.kubernetes.module.eks.aws_security_group_rule.cluster_primary_ingress_workers",
            "module.kubernetes.module.eks.aws_security_group_rule.workers_ingress_cluster",
            "module.kubernetes.module.eks.aws_security_group_rule.workers_ingress_cluster_https",
            "module.kubernetes.module.eks.aws_security_group_rule.workers_ingress_cluster_kubelet",
            "module.kubernetes.module.eks.aws_security_group_rule.workers_ingress_cluster_primary",
            "module.kubernetes.module.eks.aws_security_group_rule.workers_ingress_self",
            "module.kubernetes.module.eks.data.aws_ami.eks_worker",
            "module.kubernetes.module.eks.data.aws_ami.eks_worker_windows",
            "module.kubernetes.module.eks.data.aws_iam_instance_profile.custom_worker_group_launch_template_iam_instance_profile",
            "module.kubernetes.module.eks.data.aws_iam_policy_document.cluster_assume_role_policy",
            "module.kubernetes.module.eks.data.aws_iam_policy_document.workers_assume_role_policy",
            "module.kubernetes.module.eks.data.aws_iam_role.custom_cluster_iam_role",
            "module.kubernetes.module.eks.data.aws_partition.current",
            "module.network.data.aws_availability_zones.available",
            "module.network.data.template_file.private",
            "module.network.module.vpc.aws_subnet.private",
            "module.network.module.vpc.aws_vpc.this",
            "module.network.module.vpc.aws_vpc_ipv4_cidr_block_association.this"
          ],
          "create_before_destroy": true
        }
      ]
    },
    {
      "module": "module.kubernetes.module.eks",
      "mode": "managed",
      "type": "aws_security_group",
      "name": "cluster",
      "provider": "provider[\"registry.terraform.io/hashicorp/aws\"]",
      "instances": [
        {
          "index_key": 0,
          "schema_version": 1,
          "attributes": {
            "arn": "arn:aws:ec2:eu-north-1:245582572290:security-group/sg-0cda9f254a14418b4",
            "description": "EKS cluster security group.",
            "egress": [
              {
                "cidr_blocks": [
                  "0.0.0.0/0"
                ],
                "description": "Allow cluster egress access to the Internet.",
                "from_port": 0,
                "ipv6_cidr_blocks": [],
                "prefix_list_ids": [],
                "protocol": "-1",
                "security_groups": [],
                "self": false,
                "to_port": 0
              }
            ],
            "id": "sg-0cda9f254a14418b4",
            "ingress": [
              {
                "cidr_blocks": [],
                "description": "Allow pods to communicate with the EKS cluster API.",
                "from_port": 443,
                "ipv6_cidr_blocks": [],
                "prefix_list_ids": [],
                "protocol": "tcp",
                "security_groups": [
                  "sg-08599a80ca5dcf547"
                ],
                "self": false,
                "to_port": 443
              }
            ],
            "name": "kubeflow20210927132636931500000001",
            "name_prefix": "kubeflow",
            "owner_id": "245582572290",
            "revoke_rules_on_delete": false,
            "tags": {
              "Environment": "development",
              "Name": "kubeflow-eks_cluster_sg",
              "Project": "sak"
            },
            "tags_all": {
              "ENV": "development",
              "Environment": "development",
              "Name": "kubeflow-eks_cluster_sg",
              "OWNER": "rgimadiev",
              "PRJ": "SAK",
              "Project": "sak"
            },
            "timeouts": null,
            "vpc_id": "vpc-0e48f18b16abfbd9b"
          },
          "sensitive_attributes": [],
          "private": "eyJlMmJmYjczMC1lY2FhLTExZTYtOGY4OC0zNDM2M2JjN2M0YzAiOnsiY3JlYXRlIjo2MDAwMDAwMDAwMDAsImRlbGV0ZSI6OTAwMDAwMDAwMDAwfSwic2NoZW1hX3ZlcnNpb24iOiIxIn0=",
          "dependencies": [
            "module.network.module.vpc.aws_vpc.this"
          ],
          "create_before_destroy": true
        }
      ]
    },
    {
      "module": "module.kubernetes.module.eks",
      "mode": "managed",
      "type": "aws_security_group",
      "name": "workers",
      "provider": "provider[\"registry.terraform.io/hashicorp/aws\"]",
      "instances": [
        {
          "index_key": 0,
          "schema_version": 1,
          "attributes": {
            "arn": "arn:aws:ec2:eu-north-1:245582572290:security-group/sg-08599a80ca5dcf547",
            "description": "Security group for all nodes in the cluster.",
            "egress": [
              {
                "cidr_blocks": [
                  "0.0.0.0/0"
                ],
                "description": "Allow nodes all egress to the Internet.",
                "from_port": 0,
                "ipv6_cidr_blocks": [],
                "prefix_list_ids": [],
                "protocol": "-1",
                "security_groups": [],
                "self": false,
                "to_port": 0
              }
            ],
            "id": "sg-08599a80ca5dcf547",
            "ingress": [
              {
                "cidr_blocks": [],
                "description": "Allow node to communicate with each other.",
                "from_port": 0,
                "ipv6_cidr_blocks": [],
                "prefix_list_ids": [],
                "protocol": "-1",
                "security_groups": [],
                "self": true,
                "to_port": 0
              },
              {
                "cidr_blocks": [],
                "description": "Allow pods running extension API servers on port 443 to receive communication from cluster control plane.",
                "from_port": 443,
                "ipv6_cidr_blocks": [],
                "prefix_list_ids": [],
                "protocol": "tcp",
                "security_groups": [
                  "sg-0cda9f254a14418b4"
                ],
                "self": false,
                "to_port": 443
              },
              {
                "cidr_blocks": [],
                "description": "Allow workers pods to receive communication from the cluster control plane.",
                "from_port": 1025,
                "ipv6_cidr_blocks": [],
                "prefix_list_ids": [],
                "protocol": "tcp",
                "security_groups": [
                  "sg-0cda9f254a14418b4"
                ],
                "self": false,
                "to_port": 65535
              }
            ],
            "name": "kubeflow20210927132636932100000002",
            "name_prefix": "kubeflow",
            "owner_id": "245582572290",
            "revoke_rules_on_delete": false,
            "tags": {
              "Environment": "development",
              "Name": "kubeflow-eks_worker_sg",
              "Project": "sak",
              "kubernetes.io/cluster/kubeflow": "owned"
            },
            "tags_all": {
              "ENV": "development",
              "Environment": "development",
              "Name": "kubeflow-eks_worker_sg",
              "OWNER": "rgimadiev",
              "PRJ": "SAK",
              "Project": "sak",
              "kubernetes.io/cluster/kubeflow": "owned"
            },
            "timeouts": null,
            "vpc_id": "vpc-0e48f18b16abfbd9b"
          },
          "sensitive_attributes": [],
          "private": "eyJlMmJmYjczMC1lY2FhLTExZTYtOGY4OC0zNDM2M2JjN2M0YzAiOnsiY3JlYXRlIjo2MDAwMDAwMDAwMDAsImRlbGV0ZSI6OTAwMDAwMDAwMDAwfSwic2NoZW1hX3ZlcnNpb24iOiIxIn0=",
          "dependencies": [
            "module.network.module.vpc.aws_vpc.this"
          ],
          "create_before_destroy": true
        }
      ]
    },
    {
      "module": "module.kubernetes.module.eks",
      "mode": "managed",
      "type": "aws_security_group_rule",
      "name": "cluster_egress_internet",
      "provider": "provider[\"registry.terraform.io/hashicorp/aws\"]",
      "instances": [
        {
          "index_key": 0,
          "schema_version": 2,
          "attributes": {
            "cidr_blocks": [
              "0.0.0.0/0"
            ],
            "description": "Allow cluster egress access to the Internet.",
            "from_port": 0,
            "id": "sgrule-193074777",
            "ipv6_cidr_blocks": [],
            "prefix_list_ids": [],
            "protocol": "-1",
            "security_group_id": "sg-0cda9f254a14418b4",
            "self": false,
            "source_security_group_id": null,
            "to_port": 0,
            "type": "egress"
          },
          "sensitive_attributes": [],
          "private": "eyJzY2hlbWFfdmVyc2lvbiI6IjIifQ==",
          "dependencies": [
            "module.kubernetes.module.eks.aws_security_group.cluster",
            "module.network.module.vpc.aws_vpc.this"
          ],
          "create_before_destroy": true
        }
      ]
    },
    {
      "module": "module.kubernetes.module.eks",
      "mode": "managed",
      "type": "aws_security_group_rule",
      "name": "cluster_https_worker_ingress",
      "provider": "provider[\"registry.terraform.io/hashicorp/aws\"]",
      "instances": [
        {
          "index_key": 0,
          "schema_version": 2,
          "attributes": {
            "cidr_blocks": [],
            "description": "Allow pods to communicate with the EKS cluster API.",
            "from_port": 443,
            "id": "sgrule-323690587",
            "ipv6_cidr_blocks": [],
            "prefix_list_ids": [],
            "protocol": "tcp",
            "security_group_id": "sg-0cda9f254a14418b4",
            "self": false,
            "source_security_group_id": "sg-08599a80ca5dcf547",
            "to_port": 443,
            "type": "ingress"
          },
          "sensitive_attributes": [],
          "private": "eyJzY2hlbWFfdmVyc2lvbiI6IjIifQ==",
          "dependencies": [
            "module.kubernetes.module.eks.aws_security_group.cluster",
            "module.kubernetes.module.eks.aws_security_group.workers",
            "module.network.module.vpc.aws_vpc.this"
          ],
          "create_before_destroy": true
        }
      ]
    },
    {
      "module": "module.kubernetes.module.eks",
      "mode": "managed",
      "type": "aws_security_group_rule",
      "name": "workers_egress_internet",
      "provider": "provider[\"registry.terraform.io/hashicorp/aws\"]",
      "instances": [
        {
          "index_key": 0,
          "schema_version": 2,
          "attributes": {
            "cidr_blocks": [
              "0.0.0.0/0"
            ],
            "description": "Allow nodes all egress to the Internet.",
            "from_port": 0,
            "id": "sgrule-2725706463",
            "ipv6_cidr_blocks": [],
            "prefix_list_ids": [],
            "protocol": "-1",
            "security_group_id": "sg-08599a80ca5dcf547",
            "self": false,
            "source_security_group_id": null,
            "to_port": 0,
            "type": "egress"
          },
          "sensitive_attributes": [],
          "private": "eyJzY2hlbWFfdmVyc2lvbiI6IjIifQ==",
          "dependencies": [
            "module.kubernetes.module.eks.aws_security_group.workers",
            "module.network.module.vpc.aws_vpc.this"
          ],
          "create_before_destroy": true
        }
      ]
    },
    {
      "module": "module.kubernetes.module.eks",
      "mode": "managed",
      "type": "aws_security_group_rule",
      "name": "workers_ingress_cluster",
      "provider": "provider[\"registry.terraform.io/hashicorp/aws\"]",
      "instances": [
        {
          "index_key": 0,
          "schema_version": 2,
          "attributes": {
            "cidr_blocks": [],
            "description": "Allow workers pods to receive communication from the cluster control plane.",
            "from_port": 1025,
            "id": "sgrule-2064920746",
            "ipv6_cidr_blocks": [],
            "prefix_list_ids": [],
            "protocol": "tcp",
            "security_group_id": "sg-08599a80ca5dcf547",
            "self": false,
            "source_security_group_id": "sg-0cda9f254a14418b4",
            "to_port": 65535,
            "type": "ingress"
          },
          "sensitive_attributes": [],
          "private": "eyJzY2hlbWFfdmVyc2lvbiI6IjIifQ==",
          "dependencies": [
            "module.kubernetes.module.eks.aws_security_group.cluster",
            "module.kubernetes.module.eks.aws_security_group.workers",
            "module.network.module.vpc.aws_vpc.this"
          ],
          "create_before_destroy": true
        }
      ]
    },
    {
      "module": "module.kubernetes.module.eks",
      "mode": "managed",
      "type": "aws_security_group_rule",
      "name": "workers_ingress_cluster_https",
      "provider": "provider[\"registry.terraform.io/hashicorp/aws\"]",
      "instances": [
        {
          "index_key": 0,
          "schema_version": 2,
          "attributes": {
            "cidr_blocks": [],
            "description": "Allow pods running extension API servers on port 443 to receive communication from cluster control plane.",
            "from_port": 443,
            "id": "sgrule-2734369547",
            "ipv6_cidr_blocks": [],
            "prefix_list_ids": [],
            "protocol": "tcp",
            "security_group_id": "sg-08599a80ca5dcf547",
            "self": false,
            "source_security_group_id": "sg-0cda9f254a14418b4",
            "to_port": 443,
            "type": "ingress"
          },
          "sensitive_attributes": [],
          "private": "eyJzY2hlbWFfdmVyc2lvbiI6IjIifQ==",
          "dependencies": [
            "module.kubernetes.module.eks.aws_security_group.workers",
            "module.network.module.vpc.aws_vpc.this",
            "module.kubernetes.module.eks.aws_security_group.cluster"
          ],
          "create_before_destroy": true
        }
      ]
    },
    {
      "module": "module.kubernetes.module.eks",
      "mode": "managed",
      "type": "aws_security_group_rule",
      "name": "workers_ingress_self",
      "provider": "provider[\"registry.terraform.io/hashicorp/aws\"]",
      "instances": [
        {
          "index_key": 0,
          "schema_version": 2,
          "attributes": {
            "cidr_blocks": [],
            "description": "Allow node to communicate with each other.",
            "from_port": 0,
            "id": "sgrule-404041979",
            "ipv6_cidr_blocks": [],
            "prefix_list_ids": [],
            "protocol": "-1",
            "security_group_id": "sg-08599a80ca5dcf547",
            "self": false,
            "source_security_group_id": "sg-08599a80ca5dcf547",
            "to_port": 0,
            "type": "ingress"
          },
          "sensitive_attributes": [],
          "private": "eyJzY2hlbWFfdmVyc2lvbiI6IjIifQ==",
          "dependencies": [
            "module.kubernetes.module.eks.aws_security_group.workers",
            "module.network.module.vpc.aws_vpc.this"
          ],
          "create_before_destroy": true
        }
      ]
    },
    {
      "module": "module.kubernetes.module.eks",
      "mode": "managed",
      "type": "kubernetes_config_map",
      "name": "aws_auth",
      "provider": "provider[\"registry.terraform.io/hashicorp/kubernetes\"]",
      "instances": [
        {
          "index_key": 0,
          "schema_version": 0,
          "attributes": {
            "binary_data": {},
            "data": {
              "mapAccounts": "[]\n",
              "mapRoles": "- \"groups\":\n  - \"system:bootstrappers\"\n  - \"system:nodes\"\n  \"rolearn\": \"arn:aws:iam::245582572290:role/kubeflow20210928092958455000000002\"\n  \"username\": \"system:node:{{EC2PrivateDNSName}}\"\n",
              "mapUsers": "[]\n"
            },
            "id": "kube-system/aws-auth",
            "metadata": [
              {
                "annotations": {},
                "generate_name": "",
                "generation": 0,
                "labels": {
                  "app.kubernetes.io/managed-by": "Terraform",
                  "terraform.io/module": "terraform-aws-modules.eks.aws"
                },
                "name": "aws-auth",
                "namespace": "kube-system",
                "resource_version": "150058",
                "uid": "c2543f5b-027c-4489-9221-6d95debe5f76"
              }
            ]
          },
          "sensitive_attributes": [],
          "private": "bnVsbA==",
          "dependencies": [
            "module.kubernetes.module.eks.aws_iam_instance_profile.workers",
            "module.kubernetes.module.eks.module.fargate.data.aws_iam_policy_document.eks_fargate_pod_assume_role",
            "module.kubernetes.module.eks.data.aws_iam_policy_document.cluster_assume_role_policy",
            "data.aws_eks_cluster.cluster",
            "module.kubernetes.module.eks.aws_iam_role.cluster",
            "module.kubernetes.module.eks.aws_iam_role_policy_attachment.cluster_AmazonEKSVPCResourceControllerPolicy",
            "module.kubernetes.module.eks.aws_security_group_rule.cluster_private_access_cidrs_source",
            "module.kubernetes.module.eks.data.aws_ami.eks_worker",
            "module.kubernetes.module.eks.data.aws_caller_identity.current",
            "module.kubernetes.module.eks.data.aws_partition.current",
            "module.network.module.vpc.aws_subnet.private",
            "module.network.module.vpc.aws_vpc.this",
            "module.kubernetes.module.eks.aws_security_group_rule.cluster_https_worker_ingress",
            "module.kubernetes.module.eks.aws_security_group_rule.cluster_private_access_sg_source",
            "module.network.data.aws_availability_zones.available",
            "module.network.data.template_file.private",
            "module.kubernetes.module.eks.aws_eks_cluster.this",
            "module.kubernetes.module.eks.aws_iam_role.workers",
            "module.kubernetes.module.eks.aws_iam_role_policy_attachment.cluster_AmazonEKSClusterPolicy",
            "module.kubernetes.module.eks.aws_iam_role_policy_attachment.cluster_AmazonEKSServicePolicy",
            "module.kubernetes.module.eks.aws_security_group.workers",
            "module.kubernetes.module.eks.data.aws_iam_role.custom_cluster_iam_role",
            "module.kubernetes.data.aws_ami.eks_gpu_worker",
            "module.kubernetes.module.eks.aws_security_group.cluster",
            "module.kubernetes.module.eks.module.fargate.aws_iam_role.eks_fargate_pod",
            "module.kubernetes.module.eks.aws_cloudwatch_log_group.this",
            "module.kubernetes.module.eks.aws_iam_instance_profile.workers_launch_template",
            "module.kubernetes.module.eks.data.aws_iam_instance_profile.custom_worker_group_iam_instance_profile",
            "module.kubernetes.module.eks.data.http.wait_for_cluster",
            "module.kubernetes.module.eks.module.fargate.data.aws_iam_role.custom_fargate_iam_role",
            "module.network.module.vpc.aws_vpc_ipv4_cidr_block_association.this",
            "data.aws_eks_cluster_auth.cluster",
            "module.kubernetes.module.eks.aws_security_group_rule.cluster_egress_internet",
            "module.kubernetes.module.eks.data.aws_ami.eks_worker_windows",
            "module.kubernetes.module.eks.data.aws_iam_instance_profile.custom_worker_group_launch_template_iam_instance_profile",
            "module.kubernetes.module.eks.data.aws_iam_policy_document.workers_assume_role_policy"
          ],
          "create_before_destroy": true
        }
      ]
    },
    {
      "module": "module.kubernetes.module.eks",
      "mode": "managed",
      "type": "local_file",
      "name": "kubeconfig",
      "provider": "provider[\"registry.terraform.io/hashicorp/local\"]",
      "instances": [
        {
          "index_key": 0,
          "schema_version": 0,
          "attributes": {
            "content": "apiVersion: v1\npreferences: {}\nkind: Config\n\nclusters:\n- cluster:\n    server: https://EF1B32B1F3A212B54EC05620F1307069.yl4.eu-north-1.eks.amazonaws.com\n    certificate-authority-data: LS0tLS1CRUdJTiBDRVJUSUZJQ0FURS0tLS0tCk1JSUM1ekNDQWMrZ0F3SUJBZ0lCQURBTkJna3Foa2lHOXcwQkFRc0ZBREFWTVJNd0VRWURWUVFERXdwcmRXSmwKY201bGRHVnpNQjRYRFRJeE1Ea3lOekV6TXpjek9Wb1hEVE14TURreU5URXpNemN6T1Zvd0ZURVRNQkVHQTFVRQpBeE1LYTNWaVpYSnVaWFJsY3pDQ0FTSXdEUVlKS29aSWh2Y05BUUVCQlFBRGdnRVBBRENDQVFvQ2dnRUJBTzMyCk5pbUR4YWRJWllNVTRrVll6MDFSN1pYS3VKeFpUSFIrYmNmQ1ZHS3dZbXA3WjdsV00wU1JKVWxXcmpVMzdOcFQKSE5vUVBzdHBJbWlTeUZoeEJINDd1MEJNTkxUaDUrYzMyOXBMMEtlOGlTZGxjNHU0bUY2cjE4cUpnUW5YV28zUgpLYVl6eXZIL0xIYUliVWIwdkFLaW1Fd3dTNjBYb295K0RmTWdtM3VyWC9ZWHk2RGtwVDU2cnJ2a1kzS3ByNFd2CkZJbHFvcmpoMWNTd1BUOTdiaVRvM2VrZlI2OUhkTFM4b2tZVnRnNldFQlMxR2JxTloxaS96UTRxbXZwblY0NWcKT2ZWN2dDNm9qWlpXbk9YNktSZGszamhQeGc0bUJYVmh1d1o2cURDZ2lST1pIcWxoelNwQjc3cXN6enlZbm9OVApxWlJQTmNGQWJYeXIyKzYzNFA4Q0F3RUFBYU5DTUVBd0RnWURWUjBQQVFIL0JBUURBZ0trTUE4R0ExVWRFd0VCCi93UUZNQU1CQWY4d0hRWURWUjBPQkJZRUZJMFlYYklCcUVlSDdXS2xXbmpUTTBHMU15Wk5NQTBHQ1NxR1NJYjMKRFFFQkN3VUFBNElCQVFEa1FpVjFhMDYvR3lxRTkvVWdodkZBeGF3TXNVNldKWEFjMzdzTGRBMWNBSEdqT3hEeQoweG0xdXhhL0NXNFI0dklJWVY3STV3WGV0c2VTZUEwNGFqMVRjNEM2SEZXQ0IwTzN3QnJJd0lZNmVaU1BzRUFXCnlGT0FpRlhYYjlCQS96RThqMFI5bE5CK0kxMllscnVwVDIvUktwS3JPRFJJZGpINHVvQ2JTdWJBcTdYNGp3d2sKR20zMG1xWTZiVmQ0MEtZZHRuZjd0bTZlejlNcmFGcEtxYjhRVGZld1N4RE9TV2xSNEJteUc3cHBhemRMb2pqcApEMW4vR0d4dkphSGNWV1BRdDdzT1VZYzB5cUVGVWZkcFVOYzg5UE5mVXNDWFlOM2thdlhXaHcxS1VEOXNBSGhaCi9vWVNQeTVBQklTMVBhQXdSN1luVnREVUJHbUNRc2JZM0U3NQotLS0tLUVORCBDRVJUSUZJQ0FURS0tLS0tCg==\n  name: kubeflow\n\ncontexts:\n- context:\n    cluster: kubeflow\n    user: kubeflow\n  name: kubeflow\n\ncurrent-context: kubeflow\n\nusers:\n- name: kubeflow\n  user:\n    exec:\n      apiVersion: client.authentication.k8s.io/v1alpha1\n      command: aws-iam-authenticator\n      args:\n        - \"token\"\n        - \"-i\"\n        - \"kubeflow\"\n",
            "content_base64": null,
            "directory_permission": "0755",
            "file_permission": "0600",
            "filename": "./kubeconfig_kubeflow",
            "id": "33438b899a1771a9c123467c9832b025b82c3967",
            "sensitive_content": null,
            "source": null
          },
          "sensitive_attributes": [],
          "private": "bnVsbA==",
          "dependencies": [
            "module.network.data.template_file.private",
            "module.network.module.vpc.aws_subnet.private",
            "module.kubernetes.module.eks.aws_eks_cluster.this",
            "module.kubernetes.module.eks.aws_iam_role_policy_attachment.cluster_AmazonEKSClusterPolicy",
            "module.kubernetes.module.eks.aws_iam_role_policy_attachment.cluster_AmazonEKSVPCResourceControllerPolicy",
            "module.kubernetes.module.eks.data.aws_iam_policy_document.cluster_assume_role_policy",
            "module.kubernetes.module.eks.data.aws_iam_role.custom_cluster_iam_role",
            "module.kubernetes.module.eks.aws_security_group_rule.cluster_https_worker_ingress",
            "module.network.module.vpc.aws_vpc.this",
            "module.kubernetes.module.eks.aws_cloudwatch_log_group.this",
            "module.kubernetes.module.eks.aws_iam_role.cluster",
            "module.kubernetes.module.eks.aws_iam_role_policy_attachment.cluster_AmazonEKSServicePolicy",
            "module.kubernetes.module.eks.aws_security_group.workers",
            "module.kubernetes.module.eks.aws_security_group_rule.cluster_egress_internet",
            "module.kubernetes.module.eks.aws_security_group.cluster",
            "module.kubernetes.module.eks.data.aws_partition.current",
            "module.network.data.aws_availability_zones.available",
            "module.network.module.vpc.aws_vpc_ipv4_cidr_block_association.this"
          ]
        }
      ]
    },
    {
      "module": "module.network",
      "mode": "data",
      "type": "aws_availability_zones",
      "name": "available",
      "provider": "provider[\"registry.terraform.io/hashicorp/aws\"]",
      "instances": [
        {
          "schema_version": 0,
          "attributes": {
            "all_availability_zones": null,
            "exclude_names": null,
            "exclude_zone_ids": null,
            "filter": null,
            "group_names": [
              "eu-north-1"
            ],
            "id": "eu-north-1",
            "names": [
              "eu-north-1a",
              "eu-north-1b",
              "eu-north-1c"
            ],
            "state": null,
            "zone_ids": [
              "eun1-az1",
              "eun1-az2",
              "eun1-az3"
            ]
          },
          "sensitive_attributes": []
        }
      ]
    },
    {
      "module": "module.network",
      "mode": "data",
      "type": "template_file",
      "name": "private",
      "provider": "provider[\"registry.terraform.io/hashicorp/template\"]",
      "instances": [
        {
          "index_key": 0,
          "schema_version": 0,
          "attributes": {
            "filename": null,
            "id": "caca8241fd0ad05f8d906a3621d54ab1dabdb253d82bce72c9944abb30b3f67b",
            "rendered": "10.10.200.0/24",
            "template": "10.10.200.0/24",
            "vars": null
          },
          "sensitive_attributes": []
        },
        {
          "index_key": 1,
          "schema_version": 0,
          "attributes": {
            "filename": null,
            "id": "381d263fd03ec75f2f2873724cf045b2fca75476c5d28b2430f99264b0769d54",
            "rendered": "10.10.201.0/24",
            "template": "10.10.201.0/24",
            "vars": null
          },
          "sensitive_attributes": []
        }
      ]
    },
    {
      "module": "module.network",
      "mode": "data",
      "type": "template_file",
      "name": "public",
      "provider": "provider[\"registry.terraform.io/hashicorp/template\"]",
      "instances": [
        {
          "index_key": 0,
          "schema_version": 0,
          "attributes": {
            "filename": null,
            "id": "7815926239d243226af44e7a23ca017a31e2efc7ecd6bdba6b172b54ed7c3c48",
            "rendered": "10.10.0.0/24",
            "template": "10.10.0.0/24",
            "vars": null
          },
          "sensitive_attributes": []
        },
        {
          "index_key": 1,
          "schema_version": 0,
          "attributes": {
            "filename": null,
            "id": "158c8ebba84718378c7fad168e6f51d24f7ee4ec03a0383f55991f69d10d9bb0",
            "rendered": "10.10.1.0/24",
            "template": "10.10.1.0/24",
            "vars": null
          },
          "sensitive_attributes": []
        }
      ]
    },
    {
      "module": "module.network.module.vpc",
      "mode": "managed",
      "type": "aws_eip",
      "name": "nat",
      "provider": "provider[\"registry.terraform.io/hashicorp/aws\"]",
      "instances": [
        {
          "index_key": 0,
          "schema_version": 0,
          "attributes": {
            "address": null,
            "allocation_id": null,
            "associate_with_private_ip": null,
            "association_id": "eipassoc-0ea879488ad0123bf",
            "carrier_ip": "",
            "customer_owned_ip": "",
            "customer_owned_ipv4_pool": "",
            "domain": "vpc",
            "id": "eipalloc-0289a5225dc1ad822",
            "instance": "",
            "network_border_group": "eu-north-1",
            "network_interface": "eni-049d51cd209cbb595",
            "private_dns": "ip-10-10-0-100.eu-north-1.compute.internal",
            "private_ip": "10.10.0.100",
            "public_dns": "ec2-13-51-228-47.eu-north-1.compute.amazonaws.com",
            "public_ip": "13.51.228.47",
            "public_ipv4_pool": "amazon",
            "tags": {
              "Environment": "development",
              "Name": "development-kubeflow",
              "Project": "sak",
              "Terraform": "true"
            },
            "tags_all": {
              "ENV": "development",
              "Environment": "development",
              "Name": "development-kubeflow",
              "OWNER": "rgimadiev",
              "PRJ": "SAK",
              "Project": "sak",
              "Terraform": "true"
            },
            "timeouts": null,
            "vpc": true
          },
          "sensitive_attributes": [],
          "private": "eyJlMmJmYjczMC1lY2FhLTExZTYtOGY4OC0zNDM2M2JjN2M0YzAiOnsiZGVsZXRlIjoxODAwMDAwMDAwMDAsInJlYWQiOjkwMDAwMDAwMDAwMCwidXBkYXRlIjozMDAwMDAwMDAwMDB9fQ==",
          "dependencies": [
            "module.network.data.aws_availability_zones.available",
            "module.network.data.template_file.private"
          ]
        }
      ]
    },
    {
      "module": "module.network.module.vpc",
      "mode": "managed",
      "type": "aws_internet_gateway",
      "name": "this",
      "provider": "provider[\"registry.terraform.io/hashicorp/aws\"]",
      "instances": [
        {
          "index_key": 0,
          "schema_version": 0,
          "attributes": {
            "arn": "arn:aws:ec2:eu-north-1:245582572290:internet-gateway/igw-031b9683b6b901065",
            "id": "igw-031b9683b6b901065",
            "owner_id": "245582572290",
            "tags": {
              "Environment": "development",
              "Name": "development-kubeflow",
              "Project": "sak",
              "Terraform": "true"
            },
            "tags_all": {
              "ENV": "development",
              "Environment": "development",
              "Name": "development-kubeflow",
              "OWNER": "rgimadiev",
              "PRJ": "SAK",
              "Project": "sak",
              "Terraform": "true"
            },
            "vpc_id": "vpc-0e48f18b16abfbd9b"
          },
          "sensitive_attributes": [],
          "private": "bnVsbA==",
          "dependencies": [
            "module.network.data.aws_availability_zones.available",
            "module.network.data.template_file.public",
            "module.network.module.vpc.aws_vpc.this",
            "module.network.module.vpc.aws_vpc_ipv4_cidr_block_association.this"
          ]
        }
      ]
    },
    {
      "module": "module.network.module.vpc",
      "mode": "managed",
      "type": "aws_nat_gateway",
      "name": "this",
      "provider": "provider[\"registry.terraform.io/hashicorp/aws\"]",
      "instances": [
        {
          "index_key": 0,
          "schema_version": 0,
          "attributes": {
            "allocation_id": "eipalloc-0289a5225dc1ad822",
            "connectivity_type": "public",
            "id": "nat-0d44a2343d92acc35",
            "network_interface_id": "eni-049d51cd209cbb595",
            "private_ip": "10.10.0.100",
            "public_ip": "13.51.228.47",
            "subnet_id": "subnet-07428f4d78fbedf87",
            "tags": {
              "Environment": "development",
              "Name": "development-kubeflow",
              "Project": "sak",
              "Terraform": "true"
            },
            "tags_all": {
              "ENV": "development",
              "Environment": "development",
              "Name": "development-kubeflow",
              "OWNER": "rgimadiev",
              "PRJ": "SAK",
              "Project": "sak",
              "Terraform": "true"
            }
          },
          "sensitive_attributes": [],
          "private": "bnVsbA==",
          "dependencies": [
            "module.network.module.vpc.aws_internet_gateway.this",
            "module.network.module.vpc.aws_subnet.public",
            "module.network.module.vpc.aws_vpc.this",
            "module.network.module.vpc.aws_vpc_ipv4_cidr_block_association.this",
            "module.network.data.aws_availability_zones.available",
            "module.network.data.template_file.private",
            "module.network.data.template_file.public",
            "module.network.module.vpc.aws_eip.nat"
          ]
        }
      ]
    },
    {
      "module": "module.network.module.vpc",
      "mode": "managed",
      "type": "aws_route",
      "name": "private_nat_gateway",
      "provider": "provider[\"registry.terraform.io/hashicorp/aws\"]",
      "instances": [
        {
          "index_key": 0,
          "schema_version": 0,
          "attributes": {
            "carrier_gateway_id": "",
            "destination_cidr_block": "0.0.0.0/0",
            "destination_ipv6_cidr_block": "",
            "destination_prefix_list_id": "",
            "egress_only_gateway_id": "",
            "gateway_id": "",
            "id": "r-rtb-0ed3d4fb48961ea191080289494",
            "instance_id": "",
            "instance_owner_id": "",
            "local_gateway_id": "",
            "nat_gateway_id": "nat-0d44a2343d92acc35",
            "network_interface_id": "",
            "origin": "CreateRoute",
            "route_table_id": "rtb-0ed3d4fb48961ea19",
            "state": "active",
            "timeouts": {
              "create": "5m",
              "delete": null
            },
            "transit_gateway_id": "",
            "vpc_endpoint_id": "",
            "vpc_peering_connection_id": ""
          },
          "sensitive_attributes": [],
          "private": "eyJlMmJmYjczMC1lY2FhLTExZTYtOGY4OC0zNDM2M2JjN2M0YzAiOnsiY3JlYXRlIjozMDAwMDAwMDAwMDAsImRlbGV0ZSI6MzAwMDAwMDAwMDAwfX0=",
          "dependencies": [
            "module.network.module.vpc.aws_nat_gateway.this",
            "module.network.module.vpc.aws_vpc.this",
            "module.network.module.vpc.aws_vpc_ipv4_cidr_block_association.this",
            "module.network.data.template_file.private",
            "module.network.module.vpc.aws_internet_gateway.this",
            "module.network.module.vpc.aws_eip.nat",
            "module.network.module.vpc.aws_route_table.private",
            "module.network.module.vpc.aws_subnet.public",
            "module.network.data.aws_availability_zones.available",
            "module.network.data.template_file.public"
          ]
        }
      ]
    },
    {
      "module": "module.network.module.vpc",
      "mode": "managed",
      "type": "aws_route",
      "name": "public_internet_gateway",
      "provider": "provider[\"registry.terraform.io/hashicorp/aws\"]",
      "instances": [
        {
          "index_key": 0,
          "schema_version": 0,
          "attributes": {
            "carrier_gateway_id": "",
            "destination_cidr_block": "0.0.0.0/0",
            "destination_ipv6_cidr_block": "",
            "destination_prefix_list_id": "",
            "egress_only_gateway_id": "",
            "gateway_id": "igw-031b9683b6b901065",
            "id": "r-rtb-001d587a3c2ea96bd1080289494",
            "instance_id": "",
            "instance_owner_id": "",
            "local_gateway_id": "",
            "nat_gateway_id": "",
            "network_interface_id": "",
            "origin": "CreateRoute",
            "route_table_id": "rtb-001d587a3c2ea96bd",
            "state": "active",
            "timeouts": {
              "create": "5m",
              "delete": null
            },
            "transit_gateway_id": "",
            "vpc_endpoint_id": "",
            "vpc_peering_connection_id": ""
          },
          "sensitive_attributes": [],
          "private": "eyJlMmJmYjczMC1lY2FhLTExZTYtOGY4OC0zNDM2M2JjN2M0YzAiOnsiY3JlYXRlIjozMDAwMDAwMDAwMDAsImRlbGV0ZSI6MzAwMDAwMDAwMDAwfX0=",
          "dependencies": [
            "module.network.module.vpc.aws_internet_gateway.this",
            "module.network.module.vpc.aws_route_table.public",
            "module.network.module.vpc.aws_vpc.this",
            "module.network.module.vpc.aws_vpc_ipv4_cidr_block_association.this",
            "module.network.data.aws_availability_zones.available",
            "module.network.data.template_file.public"
          ]
        }
      ]
    },
    {
      "module": "module.network.module.vpc",
      "mode": "managed",
      "type": "aws_route_table",
      "name": "private",
      "provider": "provider[\"registry.terraform.io/hashicorp/aws\"]",
      "instances": [
        {
          "index_key": 0,
          "schema_version": 0,
          "attributes": {
            "arn": "arn:aws:ec2:eu-north-1:245582572290:route-table/rtb-0ed3d4fb48961ea19",
            "id": "rtb-0ed3d4fb48961ea19",
            "owner_id": "245582572290",
            "propagating_vgws": [],
            "route": [
              {
                "carrier_gateway_id": "",
                "cidr_block": "0.0.0.0/0",
                "destination_prefix_list_id": "",
                "egress_only_gateway_id": "",
                "gateway_id": "",
                "instance_id": "",
                "ipv6_cidr_block": "",
                "local_gateway_id": "",
                "nat_gateway_id": "nat-0d44a2343d92acc35",
                "network_interface_id": "",
                "transit_gateway_id": "",
                "vpc_endpoint_id": "",
                "vpc_peering_connection_id": ""
              }
            ],
            "tags": {
              "Environment": "development",
              "Name": "development-kubeflow",
              "Project": "sak",
              "Terraform": "true"
            },
            "tags_all": {
              "ENV": "development",
              "Environment": "development",
              "Name": "development-kubeflow",
              "OWNER": "rgimadiev",
              "PRJ": "SAK",
              "Project": "sak",
              "Terraform": "true"
            },
            "vpc_id": "vpc-0e48f18b16abfbd9b"
          },
          "sensitive_attributes": [],
          "private": "bnVsbA==",
          "dependencies": [
            "module.network.data.aws_availability_zones.available",
            "module.network.data.template_file.private",
            "module.network.module.vpc.aws_vpc.this",
            "module.network.module.vpc.aws_vpc_ipv4_cidr_block_association.this"
          ]
        }
      ]
    },
    {
      "module": "module.network.module.vpc",
      "mode": "managed",
      "type": "aws_route_table",
      "name": "public",
      "provider": "provider[\"registry.terraform.io/hashicorp/aws\"]",
      "instances": [
        {
          "index_key": 0,
          "schema_version": 0,
          "attributes": {
            "arn": "arn:aws:ec2:eu-north-1:245582572290:route-table/rtb-001d587a3c2ea96bd",
            "id": "rtb-001d587a3c2ea96bd",
            "owner_id": "245582572290",
            "propagating_vgws": [],
            "route": [
              {
                "carrier_gateway_id": "",
                "cidr_block": "0.0.0.0/0",
                "destination_prefix_list_id": "",
                "egress_only_gateway_id": "",
                "gateway_id": "igw-031b9683b6b901065",
                "instance_id": "",
                "ipv6_cidr_block": "",
                "local_gateway_id": "",
                "nat_gateway_id": "",
                "network_interface_id": "",
                "transit_gateway_id": "",
                "vpc_endpoint_id": "",
                "vpc_peering_connection_id": ""
              }
            ],
            "tags": {
              "Environment": "development",
              "Name": "development-kubeflow",
              "Project": "sak",
              "Terraform": "true"
            },
            "tags_all": {
              "ENV": "development",
              "Environment": "development",
              "Name": "development-kubeflow",
              "OWNER": "rgimadiev",
              "PRJ": "SAK",
              "Project": "sak",
              "Terraform": "true"
            },
            "vpc_id": "vpc-0e48f18b16abfbd9b"
          },
          "sensitive_attributes": [],
          "private": "bnVsbA==",
          "dependencies": [
            "module.network.data.aws_availability_zones.available",
            "module.network.data.template_file.public",
            "module.network.module.vpc.aws_vpc.this",
            "module.network.module.vpc.aws_vpc_ipv4_cidr_block_association.this"
          ]
        }
      ]
    },
    {
      "module": "module.network.module.vpc",
      "mode": "managed",
      "type": "aws_route_table_association",
      "name": "private",
      "provider": "provider[\"registry.terraform.io/hashicorp/aws\"]",
      "instances": [
        {
          "index_key": 0,
          "schema_version": 0,
          "attributes": {
            "gateway_id": "",
            "id": "rtbassoc-07fb61df014e88bd8",
            "route_table_id": "rtb-0ed3d4fb48961ea19",
            "subnet_id": "subnet-0c0e47accfeee3b64"
          },
          "sensitive_attributes": [],
          "private": "bnVsbA==",
          "dependencies": [
            "module.network.module.vpc.aws_route_table.private",
            "module.network.module.vpc.aws_subnet.private",
            "module.network.module.vpc.aws_vpc.this",
            "module.network.module.vpc.aws_vpc_ipv4_cidr_block_association.this",
            "module.network.data.aws_availability_zones.available",
            "module.network.data.template_file.private"
          ]
        },
        {
          "index_key": 1,
          "schema_version": 0,
          "attributes": {
            "gateway_id": "",
            "id": "rtbassoc-00091549601d67f8c",
            "route_table_id": "rtb-0ed3d4fb48961ea19",
            "subnet_id": "subnet-00a09def3ac09c75e"
          },
          "sensitive_attributes": [],
          "private": "bnVsbA==",
          "dependencies": [
            "module.network.data.aws_availability_zones.available",
            "module.network.data.template_file.private",
            "module.network.module.vpc.aws_route_table.private",
            "module.network.module.vpc.aws_subnet.private",
            "module.network.module.vpc.aws_vpc.this",
            "module.network.module.vpc.aws_vpc_ipv4_cidr_block_association.this"
          ]
        }
      ]
    },
    {
      "module": "module.network.module.vpc",
      "mode": "managed",
      "type": "aws_route_table_association",
      "name": "public",
      "provider": "provider[\"registry.terraform.io/hashicorp/aws\"]",
      "instances": [
        {
          "index_key": 0,
          "schema_version": 0,
          "attributes": {
            "gateway_id": "",
            "id": "rtbassoc-01cfe7abc82e5cf61",
            "route_table_id": "rtb-001d587a3c2ea96bd",
            "subnet_id": "subnet-07428f4d78fbedf87"
          },
          "sensitive_attributes": [],
          "private": "bnVsbA==",
          "dependencies": [
            "module.network.module.vpc.aws_subnet.public",
            "module.network.module.vpc.aws_vpc.this",
            "module.network.module.vpc.aws_vpc_ipv4_cidr_block_association.this",
            "module.network.data.aws_availability_zones.available",
            "module.network.data.template_file.public",
            "module.network.module.vpc.aws_route_table.public"
          ]
        },
        {
          "index_key": 1,
          "schema_version": 0,
          "attributes": {
            "gateway_id": "",
            "id": "rtbassoc-016bbc53f18ae15b4",
            "route_table_id": "rtb-001d587a3c2ea96bd",
            "subnet_id": "subnet-0c3d8b209de473a32"
          },
          "sensitive_attributes": [],
          "private": "bnVsbA==",
          "dependencies": [
            "module.network.data.aws_availability_zones.available",
            "module.network.data.template_file.public",
            "module.network.module.vpc.aws_route_table.public",
            "module.network.module.vpc.aws_subnet.public",
            "module.network.module.vpc.aws_vpc.this",
            "module.network.module.vpc.aws_vpc_ipv4_cidr_block_association.this"
          ]
        }
      ]
    },
    {
      "module": "module.network.module.vpc",
      "mode": "managed",
      "type": "aws_subnet",
      "name": "private",
      "provider": "provider[\"registry.terraform.io/hashicorp/aws\"]",
      "instances": [
        {
          "index_key": 0,
          "schema_version": 1,
          "attributes": {
            "arn": "arn:aws:ec2:eu-north-1:245582572290:subnet/subnet-0c0e47accfeee3b64",
            "assign_ipv6_address_on_creation": false,
            "availability_zone": "eu-north-1a",
            "availability_zone_id": "eun1-az1",
            "cidr_block": "10.10.200.0/24",
            "customer_owned_ipv4_pool": "",
            "id": "subnet-0c0e47accfeee3b64",
            "ipv6_cidr_block": "",
            "ipv6_cidr_block_association_id": "",
            "map_customer_owned_ip_on_launch": false,
            "map_public_ip_on_launch": false,
            "outpost_arn": "",
            "owner_id": "245582572290",
            "tags": {
              "Environment": "development",
              "Name": "development-kubeflow-private",
              "Project": "sak",
              "Terraform": "true",
              "kubernetes.io/cluster/kubeflow": "shared"
            },
            "tags_all": {
              "ENV": "development",
              "Environment": "development",
              "Name": "development-kubeflow-private",
              "OWNER": "rgimadiev",
              "PRJ": "SAK",
              "Project": "sak",
              "Terraform": "true",
              "kubernetes.io/cluster/kubeflow": "shared"
            },
            "timeouts": null,
            "vpc_id": "vpc-0e48f18b16abfbd9b"
          },
          "sensitive_attributes": [],
          "private": "eyJlMmJmYjczMC1lY2FhLTExZTYtOGY4OC0zNDM2M2JjN2M0YzAiOnsiY3JlYXRlIjo2MDAwMDAwMDAwMDAsImRlbGV0ZSI6MTIwMDAwMDAwMDAwMH0sInNjaGVtYV92ZXJzaW9uIjoiMSJ9",
          "dependencies": [
            "module.network.data.aws_availability_zones.available",
            "module.network.data.template_file.private",
            "module.network.module.vpc.aws_vpc.this",
            "module.network.module.vpc.aws_vpc_ipv4_cidr_block_association.this"
          ],
          "create_before_destroy": true
        },
        {
          "index_key": 1,
          "schema_version": 1,
          "attributes": {
            "arn": "arn:aws:ec2:eu-north-1:245582572290:subnet/subnet-00a09def3ac09c75e",
            "assign_ipv6_address_on_creation": false,
            "availability_zone": "eu-north-1b",
            "availability_zone_id": "eun1-az2",
            "cidr_block": "10.10.201.0/24",
            "customer_owned_ipv4_pool": "",
            "id": "subnet-00a09def3ac09c75e",
            "ipv6_cidr_block": "",
            "ipv6_cidr_block_association_id": "",
            "map_customer_owned_ip_on_launch": false,
            "map_public_ip_on_launch": false,
            "outpost_arn": "",
            "owner_id": "245582572290",
            "tags": {
              "Environment": "development",
              "Name": "development-kubeflow-private",
              "Project": "sak",
              "Terraform": "true",
              "kubernetes.io/cluster/kubeflow": "shared"
            },
            "tags_all": {
              "ENV": "development",
              "Environment": "development",
              "Name": "development-kubeflow-private",
              "OWNER": "rgimadiev",
              "PRJ": "SAK",
              "Project": "sak",
              "Terraform": "true",
              "kubernetes.io/cluster/kubeflow": "shared"
            },
            "timeouts": null,
            "vpc_id": "vpc-0e48f18b16abfbd9b"
          },
          "sensitive_attributes": [],
          "private": "eyJlMmJmYjczMC1lY2FhLTExZTYtOGY4OC0zNDM2M2JjN2M0YzAiOnsiY3JlYXRlIjo2MDAwMDAwMDAwMDAsImRlbGV0ZSI6MTIwMDAwMDAwMDAwMH0sInNjaGVtYV92ZXJzaW9uIjoiMSJ9",
          "dependencies": [
            "module.network.data.aws_availability_zones.available",
            "module.network.data.template_file.private",
            "module.network.module.vpc.aws_vpc.this",
            "module.network.module.vpc.aws_vpc_ipv4_cidr_block_association.this"
          ],
          "create_before_destroy": true
        }
      ]
    },
    {
      "module": "module.network.module.vpc",
      "mode": "managed",
      "type": "aws_subnet",
      "name": "public",
      "provider": "provider[\"registry.terraform.io/hashicorp/aws\"]",
      "instances": [
        {
          "index_key": 0,
          "schema_version": 1,
          "attributes": {
            "arn": "arn:aws:ec2:eu-north-1:245582572290:subnet/subnet-07428f4d78fbedf87",
            "assign_ipv6_address_on_creation": false,
            "availability_zone": "eu-north-1a",
            "availability_zone_id": "eun1-az1",
            "cidr_block": "10.10.0.0/24",
            "customer_owned_ipv4_pool": "",
            "id": "subnet-07428f4d78fbedf87",
            "ipv6_cidr_block": "",
            "ipv6_cidr_block_association_id": "",
            "map_customer_owned_ip_on_launch": false,
            "map_public_ip_on_launch": true,
            "outpost_arn": "",
            "owner_id": "245582572290",
            "tags": {
              "Environment": "development",
              "KubernetesCluster": "kubeflow",
              "Name": "development-kubeflow-public",
              "Project": "sak",
              "Terraform": "true",
              "kubernetes.io/cluster/kubeflow": "shared",
              "kubernetes.io/role/elb": ""
            },
            "tags_all": {
              "ENV": "development",
              "Environment": "development",
              "KubernetesCluster": "kubeflow",
              "Name": "development-kubeflow-public",
              "OWNER": "rgimadiev",
              "PRJ": "SAK",
              "Project": "sak",
              "Terraform": "true",
              "kubernetes.io/cluster/kubeflow": "shared",
              "kubernetes.io/role/elb": ""
            },
            "timeouts": null,
            "vpc_id": "vpc-0e48f18b16abfbd9b"
          },
          "sensitive_attributes": [],
          "private": "eyJlMmJmYjczMC1lY2FhLTExZTYtOGY4OC0zNDM2M2JjN2M0YzAiOnsiY3JlYXRlIjo2MDAwMDAwMDAwMDAsImRlbGV0ZSI6MTIwMDAwMDAwMDAwMH0sInNjaGVtYV92ZXJzaW9uIjoiMSJ9",
          "dependencies": [
            "module.network.data.aws_availability_zones.available",
            "module.network.data.template_file.public",
            "module.network.module.vpc.aws_vpc.this",
            "module.network.module.vpc.aws_vpc_ipv4_cidr_block_association.this"
          ]
        },
        {
          "index_key": 1,
          "schema_version": 1,
          "attributes": {
            "arn": "arn:aws:ec2:eu-north-1:245582572290:subnet/subnet-0c3d8b209de473a32",
            "assign_ipv6_address_on_creation": false,
            "availability_zone": "eu-north-1b",
            "availability_zone_id": "eun1-az2",
            "cidr_block": "10.10.1.0/24",
            "customer_owned_ipv4_pool": "",
            "id": "subnet-0c3d8b209de473a32",
            "ipv6_cidr_block": "",
            "ipv6_cidr_block_association_id": "",
            "map_customer_owned_ip_on_launch": false,
            "map_public_ip_on_launch": true,
            "outpost_arn": "",
            "owner_id": "245582572290",
            "tags": {
              "Environment": "development",
              "KubernetesCluster": "kubeflow",
              "Name": "development-kubeflow-public",
              "Project": "sak",
              "Terraform": "true",
              "kubernetes.io/cluster/kubeflow": "shared",
              "kubernetes.io/role/elb": ""
            },
            "tags_all": {
              "ENV": "development",
              "Environment": "development",
              "KubernetesCluster": "kubeflow",
              "Name": "development-kubeflow-public",
              "OWNER": "rgimadiev",
              "PRJ": "SAK",
              "Project": "sak",
              "Terraform": "true",
              "kubernetes.io/cluster/kubeflow": "shared",
              "kubernetes.io/role/elb": ""
            },
            "timeouts": null,
            "vpc_id": "vpc-0e48f18b16abfbd9b"
          },
          "sensitive_attributes": [],
          "private": "eyJlMmJmYjczMC1lY2FhLTExZTYtOGY4OC0zNDM2M2JjN2M0YzAiOnsiY3JlYXRlIjo2MDAwMDAwMDAwMDAsImRlbGV0ZSI6MTIwMDAwMDAwMDAwMH0sInNjaGVtYV92ZXJzaW9uIjoiMSJ9",
          "dependencies": [
            "module.network.module.vpc.aws_vpc.this",
            "module.network.module.vpc.aws_vpc_ipv4_cidr_block_association.this",
            "module.network.data.aws_availability_zones.available",
            "module.network.data.template_file.public"
          ]
        }
      ]
    },
    {
      "module": "module.network.module.vpc",
      "mode": "managed",
      "type": "aws_vpc",
      "name": "this",
      "provider": "provider[\"registry.terraform.io/hashicorp/aws\"]",
      "instances": [
        {
          "index_key": 0,
          "schema_version": 1,
          "attributes": {
            "arn": "arn:aws:ec2:eu-north-1:245582572290:vpc/vpc-0e48f18b16abfbd9b",
            "assign_generated_ipv6_cidr_block": false,
            "cidr_block": "10.10.0.0/16",
            "default_network_acl_id": "acl-003d5a26eecd49b17",
            "default_route_table_id": "rtb-03f01f9081234218a",
            "default_security_group_id": "sg-08b7beb0f8c907888",
            "dhcp_options_id": "dopt-f91ecc90",
            "enable_classiclink": null,
            "enable_classiclink_dns_support": null,
            "enable_dns_hostnames": true,
            "enable_dns_support": true,
            "id": "vpc-0e48f18b16abfbd9b",
            "instance_tenancy": "default",
            "ipv6_association_id": "",
            "ipv6_cidr_block": "",
            "main_route_table_id": "rtb-03f01f9081234218a",
            "owner_id": "245582572290",
            "tags": {
              "Environment": "development",
              "Name": "development-kubeflow",
              "Project": "sak",
              "Terraform": "true"
            },
            "tags_all": {
              "ENV": "development",
              "Environment": "development",
              "Name": "development-kubeflow",
              "OWNER": "rgimadiev",
              "PRJ": "SAK",
              "Project": "sak",
              "Terraform": "true"
            }
          },
          "sensitive_attributes": [],
          "private": "eyJzY2hlbWFfdmVyc2lvbiI6IjEifQ==",
          "create_before_destroy": true
        }
      ]
    }
  ]
}
